
Microsoft Visual Studio Solution File, Format Version 11.00
# Visual Studio 2010
Project("{FAE04EC0-301F-11D3-BF4B-00C04F79EFBC}") = "NetSteps.Modules.Users.Common", "NetSteps.Modules.Users.Common\NetSteps.Modules.Users.Common.csproj", "{6CB334E7-410C-4BE8-942F-F6BDA299DEE5}"
EndProject
Project("{FAE04EC0-301F-11D3-BF4B-00C04F79EFBC}") = "NetSteps.Modules.Users.Tests", "NetSteps.Modules.Users.Tests\NetSteps.Modules.Users.Tests.csproj", "{D8DA0DED-6598-4AE9-9DB5-C0BBACD56533}"
EndProject
Global
	GlobalSection(SolutionConfigurationPlatforms) = preSolution
		Debug|Any CPU = Debug|Any CPU
		Release|Any CPU = Release|Any CPU
	EndGlobalSection
	GlobalSection(ProjectConfigurationPlatforms) = postSolution
		{6CB334E7-410C-4BE8-942F-F6BDA299DEE5}.Debug|Any CPU.ActiveCfg = Debug|Any CPU
		{6CB334E7-410C-4BE8-942F-F6BDA299DEE5}.Debug|Any CPU.Build.0 = Debug|Any CPU
		{6CB334E7-410C-4BE8-942F-F6BDA299DEE5}.Release|Any CPU.ActiveCfg = Release|Any CPU
		{6CB334E7-410C-4BE8-942F-F6BDA299DEE5}.Release|Any CPU.Build.0 = Release|Any CPU
		{D8DA0DED-6598-4AE9-9DB5-C0BBACD56533}.Debug|Any CPU.ActiveCfg = Debug|Any CPU
		{D8DA0DED-6598-4AE9-9DB5-C0BBACD56533}.Debug|Any CPU.Build.0 = Debug|Any CPU
		{D8DA0DED-6598-4AE9-9DB5-C0BBACD56533}.Release|Any CPU.ActiveCfg = Release|Any CPU
		{D8DA0DED-6598-4AE9-9DB5-C0BBACD56533}.Release|Any CPU.Build.0 = Release|Any CPU
	EndGlobalSection
	GlobalSection(SolutionProperties) = preSolution
		HideSolutionNode = FALSE
	EndGlobalSection
EndGlobal
