
Microsoft Visual Studio Solution File, Format Version 11.00
# Visual Studio 2010
Project("{FAE04EC0-301F-11D3-BF4B-00C04F79EFBC}") = "NonCommissionablePaymentTypeProvider.Common", "NonCommissionablePaymentTypeProvider.Common\NonCommissionablePaymentTypeProvider.Common.csproj", "{E926A705-B13F-49E8-8018-8994397E8960}"
EndProject
Global
	GlobalSection(SolutionConfigurationPlatforms) = preSolution
		Debug|Any CPU = Debug|Any CPU
		Release|Any CPU = Release|Any CPU
	EndGlobalSection
	GlobalSection(ProjectConfigurationPlatforms) = postSolution
		{E926A705-B13F-49E8-8018-8994397E8960}.Debug|Any CPU.ActiveCfg = Debug|Any CPU
		{E926A705-B13F-49E8-8018-8994397E8960}.Debug|Any CPU.Build.0 = Debug|Any CPU
		{E926A705-B13F-49E8-8018-8994397E8960}.Release|Any CPU.ActiveCfg = Release|Any CPU
		{E926A705-B13F-49E8-8018-8994397E8960}.Release|Any CPU.Build.0 = Release|Any CPU
	EndGlobalSection
	GlobalSection(SolutionProperties) = preSolution
		HideSolutionNode = FALSE
	EndGlobalSection
EndGlobal
