
Microsoft Visual Studio Solution File, Format Version 11.00
# Visual Studio 2010
Project("{FAE04EC0-301F-11D3-BF4B-00C04F79EFBC}") = "Shipping.Common", "Shipping.Common\Shipping.Common.csproj", "{C2BCBE53-95E1-4346-9028-7963ADB4B385}"
EndProject
Project("{FAE04EC0-301F-11D3-BF4B-00C04F79EFBC}") = "Shipping.Ups", "Shipping.Ups\Shipping.Ups.csproj", "{109DDB85-FE22-4E05-A3A0-9A93622C6E24}"
EndProject
Project("{FAE04EC0-301F-11D3-BF4B-00C04F79EFBC}") = "Shipping.Common.Tests", "Shipping.Common.Tests\Shipping.Common.Tests.csproj", "{5AC47536-671C-4753-88BD-18BC5689BB68}"
EndProject
Project("{2150E333-8FDC-42A3-9474-1A3956D46DE8}") = "Solution Items", "Solution Items", "{BB4FEE53-7E5E-4F08-9532-73D4768B4CEB}"
	ProjectSection(SolutionItems) = preProject
		Local.testsettings = Local.testsettings
		Shipping.vsmdi = Shipping.vsmdi
		TraceAndTestImpact.testsettings = TraceAndTestImpact.testsettings
	EndProjectSection
EndProject
Project("{FAE04EC0-301F-11D3-BF4B-00C04F79EFBC}") = "Shipping.Ups.Tests", "Shipping.Ups.Tests\Shipping.Ups.Tests.csproj", "{6F752303-B12E-407A-AE81-F98E47AF8385}"
EndProject
Global
	
	GlobalSection(TestCaseManagementSettings) = postSolution
		CategoryFile = Shipping.vsmdi
	EndGlobalSection
	GlobalSection(SolutionConfigurationPlatforms) = preSolution
		Debug|Any CPU = Debug|Any CPU
		Release|Any CPU = Release|Any CPU
	EndGlobalSection
	GlobalSection(ProjectConfigurationPlatforms) = postSolution
		{C2BCBE53-95E1-4346-9028-7963ADB4B385}.Debug|Any CPU.ActiveCfg = Debug|Any CPU
		{C2BCBE53-95E1-4346-9028-7963ADB4B385}.Debug|Any CPU.Build.0 = Debug|Any CPU
		{C2BCBE53-95E1-4346-9028-7963ADB4B385}.Release|Any CPU.ActiveCfg = Release|Any CPU
		{C2BCBE53-95E1-4346-9028-7963ADB4B385}.Release|Any CPU.Build.0 = Release|Any CPU
		{109DDB85-FE22-4E05-A3A0-9A93622C6E24}.Debug|Any CPU.ActiveCfg = Debug|Any CPU
		{109DDB85-FE22-4E05-A3A0-9A93622C6E24}.Debug|Any CPU.Build.0 = Debug|Any CPU
		{109DDB85-FE22-4E05-A3A0-9A93622C6E24}.Release|Any CPU.ActiveCfg = Release|Any CPU
		{109DDB85-FE22-4E05-A3A0-9A93622C6E24}.Release|Any CPU.Build.0 = Release|Any CPU
		{5AC47536-671C-4753-88BD-18BC5689BB68}.Debug|Any CPU.ActiveCfg = Debug|Any CPU
		{5AC47536-671C-4753-88BD-18BC5689BB68}.Debug|Any CPU.Build.0 = Debug|Any CPU
		{5AC47536-671C-4753-88BD-18BC5689BB68}.Release|Any CPU.ActiveCfg = Release|Any CPU
		{5AC47536-671C-4753-88BD-18BC5689BB68}.Release|Any CPU.Build.0 = Release|Any CPU
		{6F752303-B12E-407A-AE81-F98E47AF8385}.Debug|Any CPU.ActiveCfg = Debug|Any CPU
		{6F752303-B12E-407A-AE81-F98E47AF8385}.Debug|Any CPU.Build.0 = Debug|Any CPU
		{6F752303-B12E-407A-AE81-F98E47AF8385}.Release|Any CPU.ActiveCfg = Release|Any CPU
		{6F752303-B12E-407A-AE81-F98E47AF8385}.Release|Any CPU.Build.0 = Release|Any CPU
	EndGlobalSection
	GlobalSection(SolutionProperties) = preSolution
		HideSolutionNode = FALSE
	EndGlobalSection
EndGlobal
