
Microsoft Visual Studio Solution File, Format Version 11.00
# Visual Studio 2010
Project("{FAE04EC0-301F-11D3-BF4B-00C04F79EFBC}") = "CreateAPartyHostPromotionBasedUponQV", "CreateAPartyHostPromotionBasedUponQV\CreateAPartyHostPromotionBasedUponQV.csproj", "{A6D59A8E-B248-4CAA-991B-65FDB9A4A8A8}"
EndProject
Project("{FAE04EC0-301F-11D3-BF4B-00C04F79EFBC}") = "DependentClass", "DependentClass\DependentClass.csproj", "{4A8BC7DF-6D05-4365-879F-03B9DDE9293D}"
EndProject
Project("{2150E333-8FDC-42A3-9474-1A3956D46DE8}") = ".nuget", ".nuget", "{D2A9982E-5B45-4AFD-B4CE-8ABD05A297BC}"
	ProjectSection(SolutionItems) = preProject
		.nuget\NuGet.Config = .nuget\NuGet.Config
		.nuget\NuGet.exe = .nuget\NuGet.exe
		.nuget\NuGet.targets = .nuget\NuGet.targets
	EndProjectSection
EndProject
Global
	GlobalSection(SolutionConfigurationPlatforms) = preSolution
		Debug|Any CPU = Debug|Any CPU
		Release|Any CPU = Release|Any CPU
	EndGlobalSection
	GlobalSection(ProjectConfigurationPlatforms) = postSolution
		{A6D59A8E-B248-4CAA-991B-65FDB9A4A8A8}.Debug|Any CPU.ActiveCfg = Debug|Any CPU
		{A6D59A8E-B248-4CAA-991B-65FDB9A4A8A8}.Debug|Any CPU.Build.0 = Debug|Any CPU
		{A6D59A8E-B248-4CAA-991B-65FDB9A4A8A8}.Release|Any CPU.ActiveCfg = Release|Any CPU
		{A6D59A8E-B248-4CAA-991B-65FDB9A4A8A8}.Release|Any CPU.Build.0 = Release|Any CPU
		{4A8BC7DF-6D05-4365-879F-03B9DDE9293D}.Debug|Any CPU.ActiveCfg = Debug|Any CPU
		{4A8BC7DF-6D05-4365-879F-03B9DDE9293D}.Debug|Any CPU.Build.0 = Debug|Any CPU
		{4A8BC7DF-6D05-4365-879F-03B9DDE9293D}.Release|Any CPU.ActiveCfg = Release|Any CPU
		{4A8BC7DF-6D05-4365-879F-03B9DDE9293D}.Release|Any CPU.Build.0 = Release|Any CPU
	EndGlobalSection
	GlobalSection(SolutionProperties) = preSolution
		HideSolutionNode = FALSE
	EndGlobalSection
EndGlobal
