
Microsoft Visual Studio Solution File, Format Version 11.00
# Visual Studio 2010
Project("{FAE04EC0-301F-11D3-BF4B-00C04F79EFBC}") = "NetSteps.EventProcessing.Service", "EventProcessing.Service\NetSteps.EventProcessing.Service.csproj", "{6F7921CD-550C-498E-8E6A-41B67CE1F89F}"
EndProject
Project("{FAE04EC0-301F-11D3-BF4B-00C04F79EFBC}") = "NetSteps.EventProcessing.Service.Tests", "EventProcessing.Service\EventProcessing.Service.Tests\NetSteps.EventProcessing.Service.Tests.csproj", "{678D714C-21CE-429A-85A1-5B7864A03705}"
EndProject
Global
	GlobalSection(SolutionConfigurationPlatforms) = preSolution
		Debug|Any CPU = Debug|Any CPU
		Release|Any CPU = Release|Any CPU
	EndGlobalSection
	GlobalSection(ProjectConfigurationPlatforms) = postSolution
		{6F7921CD-550C-498E-8E6A-41B67CE1F89F}.Debug|Any CPU.ActiveCfg = Debug|Any CPU
		{6F7921CD-550C-498E-8E6A-41B67CE1F89F}.Debug|Any CPU.Build.0 = Debug|Any CPU
		{6F7921CD-550C-498E-8E6A-41B67CE1F89F}.Release|Any CPU.ActiveCfg = Release|Any CPU
		{6F7921CD-550C-498E-8E6A-41B67CE1F89F}.Release|Any CPU.Build.0 = Release|Any CPU
		{678D714C-21CE-429A-85A1-5B7864A03705}.Debug|Any CPU.ActiveCfg = Debug|Any CPU
		{678D714C-21CE-429A-85A1-5B7864A03705}.Debug|Any CPU.Build.0 = Debug|Any CPU
		{678D714C-21CE-429A-85A1-5B7864A03705}.Release|Any CPU.ActiveCfg = Release|Any CPU
		{678D714C-21CE-429A-85A1-5B7864A03705}.Release|Any CPU.Build.0 = Release|Any CPU
	EndGlobalSection
	GlobalSection(SolutionProperties) = preSolution
		HideSolutionNode = FALSE
	EndGlobalSection
EndGlobal
