
Microsoft Visual Studio Solution File, Format Version 11.00
# Visual Studio 2010
Project("{2150E333-8FDC-42A3-9474-1A3956D46DE8}") = "Solution Items", "Solution Items", "{4B4DE7F9-D963-49EE-AACB-A6736B636FAE}"
EndProject
Project("{FAE04EC0-301F-11D3-BF4B-00C04F79EFBC}") = "NetSteps.Web", "Source\NetSteps.Web.csproj", "{978725CE-1E22-40CF-A5CB-8BFF60A02DF7}"
EndProject
Project("{FAE04EC0-301F-11D3-BF4B-00C04F79EFBC}") = "NetSteps.Web.Tests", "Source\Tests\NetSteps.Web.Tests.csproj", "{780DD6B8-4078-493B-A003-B1BDE82D8A0C}"
EndProject
Global
	GlobalSection(SolutionConfigurationPlatforms) = preSolution
		Debug|Any CPU = Debug|Any CPU
		Release|Any CPU = Release|Any CPU
		Staging|Any CPU = Staging|Any CPU
		Testing|Any CPU = Testing|Any CPU
	EndGlobalSection
	GlobalSection(ProjectConfigurationPlatforms) = postSolution
		{978725CE-1E22-40CF-A5CB-8BFF60A02DF7}.Debug|Any CPU.ActiveCfg = Debug|Any CPU
		{978725CE-1E22-40CF-A5CB-8BFF60A02DF7}.Debug|Any CPU.Build.0 = Debug|Any CPU
		{978725CE-1E22-40CF-A5CB-8BFF60A02DF7}.Release|Any CPU.ActiveCfg = Release|Any CPU
		{978725CE-1E22-40CF-A5CB-8BFF60A02DF7}.Release|Any CPU.Build.0 = Release|Any CPU
		{978725CE-1E22-40CF-A5CB-8BFF60A02DF7}.Staging|Any CPU.ActiveCfg = Staging|Any CPU
		{978725CE-1E22-40CF-A5CB-8BFF60A02DF7}.Staging|Any CPU.Build.0 = Staging|Any CPU
		{978725CE-1E22-40CF-A5CB-8BFF60A02DF7}.Testing|Any CPU.ActiveCfg = Testing|Any CPU
		{978725CE-1E22-40CF-A5CB-8BFF60A02DF7}.Testing|Any CPU.Build.0 = Testing|Any CPU
		{780DD6B8-4078-493B-A003-B1BDE82D8A0C}.Debug|Any CPU.ActiveCfg = Debug|Any CPU
		{780DD6B8-4078-493B-A003-B1BDE82D8A0C}.Debug|Any CPU.Build.0 = Debug|Any CPU
		{780DD6B8-4078-493B-A003-B1BDE82D8A0C}.Release|Any CPU.ActiveCfg = Release|Any CPU
		{780DD6B8-4078-493B-A003-B1BDE82D8A0C}.Release|Any CPU.Build.0 = Release|Any CPU
		{780DD6B8-4078-493B-A003-B1BDE82D8A0C}.Staging|Any CPU.ActiveCfg = Staging|Any CPU
		{780DD6B8-4078-493B-A003-B1BDE82D8A0C}.Staging|Any CPU.Build.0 = Staging|Any CPU
		{780DD6B8-4078-493B-A003-B1BDE82D8A0C}.Testing|Any CPU.ActiveCfg = Testing|Any CPU
		{780DD6B8-4078-493B-A003-B1BDE82D8A0C}.Testing|Any CPU.Build.0 = Testing|Any CPU
	EndGlobalSection
	GlobalSection(SolutionProperties) = preSolution
		HideSolutionNode = FALSE
	EndGlobalSection
EndGlobal
