
Microsoft Visual Studio Solution File, Format Version 11.00
# Visual Studio 2010
Project("{FAE04EC0-301F-11D3-BF4B-00C04F79EFBC}") = "NetSteps.Agreements.Common", "Common\NetSteps.Agreements.Common\NetSteps.Agreements.Common.csproj", "{1A2701FC-10E1-4055-9A8B-1AF6901200B3}"
EndProject
Project("{FAE04EC0-301F-11D3-BF4B-00C04F79EFBC}") = "NetSteps.Agreements.Services", "Service\NetSteps.Agreements.Services\NetSteps.Agreements.Services.csproj", "{7ED53693-5EB5-4646-AD5A-E13D4138886B}"
EndProject
Project("{2150E333-8FDC-42A3-9474-1A3956D46DE8}") = "Solution Items", "Solution Items", "{FC0FFDF9-C3E9-4459-9FF2-DBAE4CDE28E2}"
	ProjectSection(SolutionItems) = preProject
		Local.testsettings = Local.testsettings
		NetSteps.Agreements.vsmdi = NetSteps.Agreements.vsmdi
		TraceAndTestImpact.testsettings = TraceAndTestImpact.testsettings
	EndProjectSection
EndProject
Project("{FAE04EC0-301F-11D3-BF4B-00C04F79EFBC}") = "NetSteps.Agreements.Services.Tests", "Service\NetSteps.Agreements.Services\Tests\NetSteps.Agreements.Services.Tests.csproj", "{1D28D299-D07F-4067-9FAF-E7ADF9EE5ADB}"
EndProject
Global
	GlobalSection(TestCaseManagementSettings) = postSolution
		CategoryFile = NetSteps.Agreements.vsmdi
	EndGlobalSection
	GlobalSection(SolutionConfigurationPlatforms) = preSolution
		Debug|Any CPU = Debug|Any CPU
		Release|Any CPU = Release|Any CPU
	EndGlobalSection
	GlobalSection(ProjectConfigurationPlatforms) = postSolution
		{1A2701FC-10E1-4055-9A8B-1AF6901200B3}.Debug|Any CPU.ActiveCfg = Debug|Any CPU
		{1A2701FC-10E1-4055-9A8B-1AF6901200B3}.Debug|Any CPU.Build.0 = Debug|Any CPU
		{1A2701FC-10E1-4055-9A8B-1AF6901200B3}.Release|Any CPU.ActiveCfg = Release|Any CPU
		{1A2701FC-10E1-4055-9A8B-1AF6901200B3}.Release|Any CPU.Build.0 = Release|Any CPU
		{7ED53693-5EB5-4646-AD5A-E13D4138886B}.Debug|Any CPU.ActiveCfg = Debug|Any CPU
		{7ED53693-5EB5-4646-AD5A-E13D4138886B}.Debug|Any CPU.Build.0 = Debug|Any CPU
		{7ED53693-5EB5-4646-AD5A-E13D4138886B}.Release|Any CPU.ActiveCfg = Release|Any CPU
		{7ED53693-5EB5-4646-AD5A-E13D4138886B}.Release|Any CPU.Build.0 = Release|Any CPU
		{1D28D299-D07F-4067-9FAF-E7ADF9EE5ADB}.Debug|Any CPU.ActiveCfg = Debug|Any CPU
		{1D28D299-D07F-4067-9FAF-E7ADF9EE5ADB}.Debug|Any CPU.Build.0 = Debug|Any CPU
		{1D28D299-D07F-4067-9FAF-E7ADF9EE5ADB}.Release|Any CPU.ActiveCfg = Release|Any CPU
		{1D28D299-D07F-4067-9FAF-E7ADF9EE5ADB}.Release|Any CPU.Build.0 = Release|Any CPU
	EndGlobalSection
	GlobalSection(SolutionProperties) = preSolution
		HideSolutionNode = FALSE
	EndGlobalSection
EndGlobal
