
Microsoft Visual Studio Solution File, Format Version 12.00
# Visual Studio 2012
Project("{2150E333-8FDC-42A3-9474-1A3956D46DE8}") = "Plugins", "Plugins", "{92A86234-D687-4974-8ECB-08055440D83B}"
EndProject
Project("{2150E333-8FDC-42A3-9474-1A3956D46DE8}") = "Solution Items", "Solution Items", "{CDBE183C-BB1C-4023-AA53-38D4FFA65131}"
	ProjectSection(SolutionItems) = preProject
		Local.testsettings = Local.testsettings
		Promotions.vsmdi = Promotions.vsmdi
		TraceAndTestImpact.testsettings = TraceAndTestImpact.testsettings
	EndProjectSection
EndProject
Project("{FAE04EC0-301F-11D3-BF4B-00C04F79EFBC}") = "Promotions.Common", "Common\Promotions.Common.csproj", "{F65C4A39-82EF-4DD6-B8E3-63C308EA92EF}"
EndProject
Project("{FAE04EC0-301F-11D3-BF4B-00C04F79EFBC}") = "Promotions.Common.Tests", "Common\Tests\Promotions.Common.Tests.csproj", "{2BECAD40-6B5E-4EA4-B851-4F70AF1A642C}"
EndProject
Project("{FAE04EC0-301F-11D3-BF4B-00C04F79EFBC}") = "Promotions.Service", "Service\Promotions.Service.csproj", "{8BC0B665-BBF8-41F0-BF2E-D7B3AE760AC5}"
EndProject
Project("{FAE04EC0-301F-11D3-BF4B-00C04F79EFBC}") = "Promotions.Service.Tests", "Service\Tests\Promotions.Service.Tests.csproj", "{38530B9E-E749-4EC7-8625-E1DF316D07A4}"
EndProject
Project("{FAE04EC0-301F-11D3-BF4B-00C04F79EFBC}") = "Promotions.Plugins", "Plugins\Promotions.Plugins.csproj", "{8E97667E-1A9A-4DE6-BFAC-03F2E04AF27A}"
EndProject
Project("{FAE04EC0-301F-11D3-BF4B-00C04F79EFBC}") = "Promotions.Plugins.Tests", "Plugins\Tests\Promotions.Plugins.Tests.csproj", "{095FC3D3-46E3-403E-9EEE-B36FE14DFC03}"
EndProject
Project("{FAE04EC0-301F-11D3-BF4B-00C04F79EFBC}") = "Promotions.Plugins.Base", "Plugins.Base\Promotions.Plugins.Base.csproj", "{0C00198A-2403-44A6-A64B-37D0FE8F1580}"
EndProject
Project("{FAE04EC0-301F-11D3-BF4B-00C04F79EFBC}") = "Promotions.Plugins.Base.Tests", "Plugins.Base\Tests\Promotions.Plugins.Base.Tests.csproj", "{2F198820-9EBE-4B16-A502-BE7D401B58F6}"
EndProject
Project("{FAE04EC0-301F-11D3-BF4B-00C04F79EFBC}") = "Promotions.Plugins.Common", "Plugins.Common\Promotions.Plugins.Common.csproj", "{EE25361E-0D18-4789-8203-25B7ABC01533}"
EndProject
Project("{FAE04EC0-301F-11D3-BF4B-00C04F79EFBC}") = "Promotions.BasePluginTests", "Promotions.BasePluginTests\Promotions.BasePluginTests.csproj", "{46613B8F-A500-4380-B4A0-8BEDC1A52B6C}"
EndProject
Project("{2150E333-8FDC-42A3-9474-1A3956D46DE8}") = "Caching", "Caching", "{ABFCF855-5441-4F85-A6C9-18050DBC1804}"
EndProject
Project("{FAE04EC0-301F-11D3-BF4B-00C04F79EFBC}") = "Promotions.Caching", "Caching\Promotions.Caching.csproj", "{211DEAF2-0FCC-4527-8295-634A9026BE2E}"
EndProject
Project("{FAE04EC0-301F-11D3-BF4B-00C04F79EFBC}") = "Promotions.Caching.Test", "Caching\Promotions.Caching.Test\Promotions.Caching.Test.csproj", "{B47736D6-2262-4257-87DB-11A4D1A6538D}"
EndProject
Project("{FAE04EC0-301F-11D3-BF4B-00C04F79EFBC}") = "NetSteps.Promotions.WireupTest", "NetSteps.Promotions.WireupTest\NetSteps.Promotions.WireupTest.csproj", "{A0C87AF8-F11B-44B0-BA5A-111382B2FEBB}"
EndProject
Project("{2150E333-8FDC-42A3-9474-1A3956D46DE8}") = "WireupTests", "WireupTests", "{26FAFA73-1045-4324-8843-5CE1850753A9}"
EndProject
Project("{FAE04EC0-301F-11D3-BF4B-00C04F79EFBC}") = "NetSteps.Promotions.WireupTest.MockDependencies", "NetSteps.Promotions.WireupTest.MockDependencies\NetSteps.Promotions.WireupTest.MockDependencies.csproj", "{09E86C86-7661-4124-ACC2-67D5C2F945D7}"
EndProject
Global
	GlobalSection(TestCaseManagementSettings) = postSolution
		CategoryFile = Promotions.vsmdi
	EndGlobalSection
	GlobalSection(SolutionConfigurationPlatforms) = preSolution
		Debug|Any CPU = Debug|Any CPU
		Release|Any CPU = Release|Any CPU
	EndGlobalSection
	GlobalSection(ProjectConfigurationPlatforms) = postSolution
		{F65C4A39-82EF-4DD6-B8E3-63C308EA92EF}.Debug|Any CPU.ActiveCfg = Debug|Any CPU
		{F65C4A39-82EF-4DD6-B8E3-63C308EA92EF}.Debug|Any CPU.Build.0 = Debug|Any CPU
		{F65C4A39-82EF-4DD6-B8E3-63C308EA92EF}.Release|Any CPU.ActiveCfg = Release|Any CPU
		{F65C4A39-82EF-4DD6-B8E3-63C308EA92EF}.Release|Any CPU.Build.0 = Release|Any CPU
		{2BECAD40-6B5E-4EA4-B851-4F70AF1A642C}.Debug|Any CPU.ActiveCfg = Debug|Any CPU
		{2BECAD40-6B5E-4EA4-B851-4F70AF1A642C}.Debug|Any CPU.Build.0 = Debug|Any CPU
		{2BECAD40-6B5E-4EA4-B851-4F70AF1A642C}.Release|Any CPU.ActiveCfg = Release|Any CPU
		{2BECAD40-6B5E-4EA4-B851-4F70AF1A642C}.Release|Any CPU.Build.0 = Release|Any CPU
		{8BC0B665-BBF8-41F0-BF2E-D7B3AE760AC5}.Debug|Any CPU.ActiveCfg = Debug|Any CPU
		{8BC0B665-BBF8-41F0-BF2E-D7B3AE760AC5}.Debug|Any CPU.Build.0 = Debug|Any CPU
		{8BC0B665-BBF8-41F0-BF2E-D7B3AE760AC5}.Release|Any CPU.ActiveCfg = Release|Any CPU
		{8BC0B665-BBF8-41F0-BF2E-D7B3AE760AC5}.Release|Any CPU.Build.0 = Release|Any CPU
		{38530B9E-E749-4EC7-8625-E1DF316D07A4}.Debug|Any CPU.ActiveCfg = Debug|Any CPU
		{38530B9E-E749-4EC7-8625-E1DF316D07A4}.Debug|Any CPU.Build.0 = Debug|Any CPU
		{38530B9E-E749-4EC7-8625-E1DF316D07A4}.Release|Any CPU.ActiveCfg = Release|Any CPU
		{38530B9E-E749-4EC7-8625-E1DF316D07A4}.Release|Any CPU.Build.0 = Release|Any CPU
		{8E97667E-1A9A-4DE6-BFAC-03F2E04AF27A}.Debug|Any CPU.ActiveCfg = Debug|Any CPU
		{8E97667E-1A9A-4DE6-BFAC-03F2E04AF27A}.Debug|Any CPU.Build.0 = Debug|Any CPU
		{8E97667E-1A9A-4DE6-BFAC-03F2E04AF27A}.Release|Any CPU.ActiveCfg = Release|Any CPU
		{8E97667E-1A9A-4DE6-BFAC-03F2E04AF27A}.Release|Any CPU.Build.0 = Release|Any CPU
		{095FC3D3-46E3-403E-9EEE-B36FE14DFC03}.Debug|Any CPU.ActiveCfg = Debug|Any CPU
		{095FC3D3-46E3-403E-9EEE-B36FE14DFC03}.Debug|Any CPU.Build.0 = Debug|Any CPU
		{095FC3D3-46E3-403E-9EEE-B36FE14DFC03}.Release|Any CPU.ActiveCfg = Release|Any CPU
		{095FC3D3-46E3-403E-9EEE-B36FE14DFC03}.Release|Any CPU.Build.0 = Release|Any CPU
		{0C00198A-2403-44A6-A64B-37D0FE8F1580}.Debug|Any CPU.ActiveCfg = Debug|Any CPU
		{0C00198A-2403-44A6-A64B-37D0FE8F1580}.Debug|Any CPU.Build.0 = Debug|Any CPU
		{0C00198A-2403-44A6-A64B-37D0FE8F1580}.Release|Any CPU.ActiveCfg = Release|Any CPU
		{0C00198A-2403-44A6-A64B-37D0FE8F1580}.Release|Any CPU.Build.0 = Release|Any CPU
		{2F198820-9EBE-4B16-A502-BE7D401B58F6}.Debug|Any CPU.ActiveCfg = Debug|Any CPU
		{2F198820-9EBE-4B16-A502-BE7D401B58F6}.Debug|Any CPU.Build.0 = Debug|Any CPU
		{2F198820-9EBE-4B16-A502-BE7D401B58F6}.Release|Any CPU.ActiveCfg = Release|Any CPU
		{2F198820-9EBE-4B16-A502-BE7D401B58F6}.Release|Any CPU.Build.0 = Release|Any CPU
		{EE25361E-0D18-4789-8203-25B7ABC01533}.Debug|Any CPU.ActiveCfg = Debug|Any CPU
		{EE25361E-0D18-4789-8203-25B7ABC01533}.Debug|Any CPU.Build.0 = Debug|Any CPU
		{EE25361E-0D18-4789-8203-25B7ABC01533}.Release|Any CPU.ActiveCfg = Release|Any CPU
		{EE25361E-0D18-4789-8203-25B7ABC01533}.Release|Any CPU.Build.0 = Release|Any CPU
		{46613B8F-A500-4380-B4A0-8BEDC1A52B6C}.Debug|Any CPU.ActiveCfg = Debug|Any CPU
		{46613B8F-A500-4380-B4A0-8BEDC1A52B6C}.Debug|Any CPU.Build.0 = Debug|Any CPU
		{46613B8F-A500-4380-B4A0-8BEDC1A52B6C}.Release|Any CPU.ActiveCfg = Release|Any CPU
		{46613B8F-A500-4380-B4A0-8BEDC1A52B6C}.Release|Any CPU.Build.0 = Release|Any CPU
		{211DEAF2-0FCC-4527-8295-634A9026BE2E}.Debug|Any CPU.ActiveCfg = Debug|Any CPU
		{211DEAF2-0FCC-4527-8295-634A9026BE2E}.Debug|Any CPU.Build.0 = Debug|Any CPU
		{211DEAF2-0FCC-4527-8295-634A9026BE2E}.Release|Any CPU.ActiveCfg = Release|Any CPU
		{211DEAF2-0FCC-4527-8295-634A9026BE2E}.Release|Any CPU.Build.0 = Release|Any CPU
		{B47736D6-2262-4257-87DB-11A4D1A6538D}.Debug|Any CPU.ActiveCfg = Debug|Any CPU
		{B47736D6-2262-4257-87DB-11A4D1A6538D}.Debug|Any CPU.Build.0 = Debug|Any CPU
		{B47736D6-2262-4257-87DB-11A4D1A6538D}.Release|Any CPU.ActiveCfg = Release|Any CPU
		{B47736D6-2262-4257-87DB-11A4D1A6538D}.Release|Any CPU.Build.0 = Release|Any CPU
		{A0C87AF8-F11B-44B0-BA5A-111382B2FEBB}.Debug|Any CPU.ActiveCfg = Debug|Any CPU
		{A0C87AF8-F11B-44B0-BA5A-111382B2FEBB}.Debug|Any CPU.Build.0 = Debug|Any CPU
		{A0C87AF8-F11B-44B0-BA5A-111382B2FEBB}.Release|Any CPU.ActiveCfg = Release|Any CPU
		{A0C87AF8-F11B-44B0-BA5A-111382B2FEBB}.Release|Any CPU.Build.0 = Release|Any CPU
		{09E86C86-7661-4124-ACC2-67D5C2F945D7}.Debug|Any CPU.ActiveCfg = Debug|Any CPU
		{09E86C86-7661-4124-ACC2-67D5C2F945D7}.Debug|Any CPU.Build.0 = Debug|Any CPU
		{09E86C86-7661-4124-ACC2-67D5C2F945D7}.Release|Any CPU.ActiveCfg = Release|Any CPU
		{09E86C86-7661-4124-ACC2-67D5C2F945D7}.Release|Any CPU.Build.0 = Release|Any CPU
	EndGlobalSection
	GlobalSection(SolutionProperties) = preSolution
		HideSolutionNode = FALSE
	EndGlobalSection
	GlobalSection(NestedProjects) = preSolution
		{8E97667E-1A9A-4DE6-BFAC-03F2E04AF27A} = {92A86234-D687-4974-8ECB-08055440D83B}
		{095FC3D3-46E3-403E-9EEE-B36FE14DFC03} = {92A86234-D687-4974-8ECB-08055440D83B}
		{0C00198A-2403-44A6-A64B-37D0FE8F1580} = {92A86234-D687-4974-8ECB-08055440D83B}
		{2F198820-9EBE-4B16-A502-BE7D401B58F6} = {92A86234-D687-4974-8ECB-08055440D83B}
		{EE25361E-0D18-4789-8203-25B7ABC01533} = {92A86234-D687-4974-8ECB-08055440D83B}
		{46613B8F-A500-4380-B4A0-8BEDC1A52B6C} = {92A86234-D687-4974-8ECB-08055440D83B}
		{211DEAF2-0FCC-4527-8295-634A9026BE2E} = {ABFCF855-5441-4F85-A6C9-18050DBC1804}
		{B47736D6-2262-4257-87DB-11A4D1A6538D} = {ABFCF855-5441-4F85-A6C9-18050DBC1804}
		{A0C87AF8-F11B-44B0-BA5A-111382B2FEBB} = {26FAFA73-1045-4324-8843-5CE1850753A9}
		{09E86C86-7661-4124-ACC2-67D5C2F945D7} = {26FAFA73-1045-4324-8843-5CE1850753A9}
	EndGlobalSection
EndGlobal
