
Microsoft Visual Studio Solution File, Format Version 12.00
# Visual Studio 2012
Project("{FAE04EC0-301F-11D3-BF4B-00C04F79EFBC}") = "NetSteps.Configuration.Core", "NetSteps.Configuration.Core\NetSteps.Configuration.Core.csproj", "{A8AE1572-498E-43C7-B5A6-D5A102E1D9FD}"
EndProject
Project("{FAE04EC0-301F-11D3-BF4B-00C04F79EFBC}") = "NetSteps.Configuration.Core.Tests", "NetSteps.Configuration.Core.Tests\NetSteps.Configuration.Core.Tests.csproj", "{57876D00-5853-4D1C-823A-8AFDF29B098B}"
EndProject
Global
	GlobalSection(SolutionConfigurationPlatforms) = preSolution
		Debug|Any CPU = Debug|Any CPU
		Release|Any CPU = Release|Any CPU
	EndGlobalSection
	GlobalSection(ProjectConfigurationPlatforms) = postSolution
		{A8AE1572-498E-43C7-B5A6-D5A102E1D9FD}.Debug|Any CPU.ActiveCfg = Debug|Any CPU
		{A8AE1572-498E-43C7-B5A6-D5A102E1D9FD}.Debug|Any CPU.Build.0 = Debug|Any CPU
		{A8AE1572-498E-43C7-B5A6-D5A102E1D9FD}.Release|Any CPU.ActiveCfg = Release|Any CPU
		{A8AE1572-498E-43C7-B5A6-D5A102E1D9FD}.Release|Any CPU.Build.0 = Release|Any CPU
		{57876D00-5853-4D1C-823A-8AFDF29B098B}.Debug|Any CPU.ActiveCfg = Debug|Any CPU
		{57876D00-5853-4D1C-823A-8AFDF29B098B}.Debug|Any CPU.Build.0 = Debug|Any CPU
		{57876D00-5853-4D1C-823A-8AFDF29B098B}.Release|Any CPU.ActiveCfg = Release|Any CPU
		{57876D00-5853-4D1C-823A-8AFDF29B098B}.Release|Any CPU.Build.0 = Release|Any CPU
	EndGlobalSection
	GlobalSection(SolutionProperties) = preSolution
		HideSolutionNode = FALSE
	EndGlobalSection
EndGlobal
