
Microsoft Visual Studio Solution File, Format Version 11.00
# Visual Studio 2010
Project("{FAE04EC0-301F-11D3-BF4B-00C04F79EFBC}") = "NetSteps.DisbursementHold.Service", "NetSteps.DisbursementHold.Service\NetSteps.DisbursementHold.Service.csproj", "{486D8C39-A037-4A0F-ABCE-61CA9EE5408C}"
EndProject
Project("{FAE04EC0-301F-11D3-BF4B-00C04F79EFBC}") = "NetSteps.DisbursementHold.Tests", "NetSteps.DisbursementHold.Tests\NetSteps.DisbursementHold.Tests.csproj", "{17330A65-DAEB-4DEB-8DDB-BEDA74AE8B1E}"
EndProject
Project("{2150E333-8FDC-42A3-9474-1A3956D46DE8}") = "Solution Items", "Solution Items", "{5A8B8C7B-99DA-40A1-8EAC-2EB5BD9ECF62}"
	ProjectSection(SolutionItems) = preProject
		DisbursementHold.vsmdi = DisbursementHold.vsmdi
		Local.testsettings = Local.testsettings
		TraceAndTestImpact.testsettings = TraceAndTestImpact.testsettings
	EndProjectSection
EndProject
Global
	GlobalSection(TestCaseManagementSettings) = postSolution
		CategoryFile = DisbursementHold.vsmdi
	EndGlobalSection
	GlobalSection(SolutionConfigurationPlatforms) = preSolution
		Debug|Any CPU = Debug|Any CPU
		Release|Any CPU = Release|Any CPU
	EndGlobalSection
	GlobalSection(ProjectConfigurationPlatforms) = postSolution
		{486D8C39-A037-4A0F-ABCE-61CA9EE5408C}.Debug|Any CPU.ActiveCfg = Debug|Any CPU
		{486D8C39-A037-4A0F-ABCE-61CA9EE5408C}.Debug|Any CPU.Build.0 = Debug|Any CPU
		{486D8C39-A037-4A0F-ABCE-61CA9EE5408C}.Release|Any CPU.ActiveCfg = Release|Any CPU
		{486D8C39-A037-4A0F-ABCE-61CA9EE5408C}.Release|Any CPU.Build.0 = Release|Any CPU
		{17330A65-DAEB-4DEB-8DDB-BEDA74AE8B1E}.Debug|Any CPU.ActiveCfg = Debug|Any CPU
		{17330A65-DAEB-4DEB-8DDB-BEDA74AE8B1E}.Debug|Any CPU.Build.0 = Debug|Any CPU
		{17330A65-DAEB-4DEB-8DDB-BEDA74AE8B1E}.Release|Any CPU.ActiveCfg = Release|Any CPU
		{17330A65-DAEB-4DEB-8DDB-BEDA74AE8B1E}.Release|Any CPU.Build.0 = Release|Any CPU
	EndGlobalSection
	GlobalSection(SolutionProperties) = preSolution
		HideSolutionNode = FALSE
	EndGlobalSection
EndGlobal
