
Microsoft Visual Studio Solution File, Format Version 11.00
# Visual Studio 2010
Project("{2150E333-8FDC-42A3-9474-1A3956D46DE8}") = "Solution Items", "Solution Items", "{4B4DE7F9-D963-49EE-AACB-A6736B636FAE}"
	ProjectSection(SolutionItems) = preProject
		Solution Items\AssemblyInfo.corporate.cs = Solution Items\AssemblyInfo.corporate.cs
	EndProjectSection
EndProject
Project("{FAE04EC0-301F-11D3-BF4B-00C04F79EFBC}") = "NetSteps.Hurricane.Plugin", "Source\NetSteps.Hurricane.Plugin.csproj", "{38E0E1C6-26CC-469A-A0C7-5C96C4ABAB6F}"
EndProject
Project("{FAE04EC0-301F-11D3-BF4B-00C04F79EFBC}") = "NetSteps.Hurricane.Plugin.Tests", "Source\Tests\NetSteps.Hurricane.Plugin.Tests.csproj", "{12887CB3-2363-4530-BB46-B86D28CCB17A}"
EndProject
Global
	GlobalSection(SolutionConfigurationPlatforms) = preSolution
		Debug|Any CPU = Debug|Any CPU
		Release|Any CPU = Release|Any CPU
		Staging|Any CPU = Staging|Any CPU
		Testing|Any CPU = Testing|Any CPU
	EndGlobalSection
	GlobalSection(ProjectConfigurationPlatforms) = postSolution
		{38E0E1C6-26CC-469A-A0C7-5C96C4ABAB6F}.Debug|Any CPU.ActiveCfg = Debug|Any CPU
		{38E0E1C6-26CC-469A-A0C7-5C96C4ABAB6F}.Debug|Any CPU.Build.0 = Debug|Any CPU
		{38E0E1C6-26CC-469A-A0C7-5C96C4ABAB6F}.Release|Any CPU.ActiveCfg = Release|Any CPU
		{38E0E1C6-26CC-469A-A0C7-5C96C4ABAB6F}.Release|Any CPU.Build.0 = Release|Any CPU
		{38E0E1C6-26CC-469A-A0C7-5C96C4ABAB6F}.Staging|Any CPU.ActiveCfg = Staging|Any CPU
		{38E0E1C6-26CC-469A-A0C7-5C96C4ABAB6F}.Staging|Any CPU.Build.0 = Staging|Any CPU
		{38E0E1C6-26CC-469A-A0C7-5C96C4ABAB6F}.Testing|Any CPU.ActiveCfg = Testing|Any CPU
		{38E0E1C6-26CC-469A-A0C7-5C96C4ABAB6F}.Testing|Any CPU.Build.0 = Testing|Any CPU
		{12887CB3-2363-4530-BB46-B86D28CCB17A}.Debug|Any CPU.ActiveCfg = Debug|Any CPU
		{12887CB3-2363-4530-BB46-B86D28CCB17A}.Debug|Any CPU.Build.0 = Debug|Any CPU
		{12887CB3-2363-4530-BB46-B86D28CCB17A}.Release|Any CPU.ActiveCfg = Release|Any CPU
		{12887CB3-2363-4530-BB46-B86D28CCB17A}.Release|Any CPU.Build.0 = Release|Any CPU
		{12887CB3-2363-4530-BB46-B86D28CCB17A}.Staging|Any CPU.ActiveCfg = Staging|Any CPU
		{12887CB3-2363-4530-BB46-B86D28CCB17A}.Staging|Any CPU.Build.0 = Staging|Any CPU
		{12887CB3-2363-4530-BB46-B86D28CCB17A}.Testing|Any CPU.ActiveCfg = Testing|Any CPU
		{12887CB3-2363-4530-BB46-B86D28CCB17A}.Testing|Any CPU.Build.0 = Testing|Any CPU
	EndGlobalSection
	GlobalSection(SolutionProperties) = preSolution
		HideSolutionNode = FALSE
	EndGlobalSection
EndGlobal
