
Microsoft Visual Studio Solution File, Format Version 11.00
# Visual Studio 2010
Project("{FAE04EC0-301F-11D3-BF4B-00C04F79EFBC}") = "ReadyShipperIntegration", "ReadyShipperIntegration.csproj", "{DFBB2B22-B026-4B61-AB16-D021ED88FC81}"
EndProject
Project("{FAE04EC0-301F-11D3-BF4B-00C04F79EFBC}") = "ReadyShipperIntegrationService", "..\ReadyShipperIntegrationService\ReadyShipperIntegrationService.csproj", "{0A2ACBB5-E20A-4382-8096-2B3B2544957A}"
EndProject
Project("{FAE04EC0-301F-11D3-BF4B-00C04F79EFBC}") = "ConsoleApplication1", "ConsoleApplication1\ConsoleApplication1.csproj", "{FA64AE36-442A-435F-9766-2C92DBBEAB3B}"
EndProject
Project("{FAE04EC0-301F-11D3-BF4B-00C04F79EFBC}") = "QAServiceTestClient", "..\QAServiceTestClient\QAServiceTestClient.csproj", "{7DC56994-C180-468D-B193-81DBA2503B16}"
EndProject
Project("{FAE04EC0-301F-11D3-BF4B-00C04F79EFBC}") = "ParcelPortIntegrationService", "ParcelPortIntegrationService\ParcelPortIntegrationService.csproj", "{023DB819-A306-4CAA-ADB7-0DB382513332}"
EndProject
Project("{FAE04EC0-301F-11D3-BF4B-00C04F79EFBC}") = "ParcelPortIntegration", "ParcelPortIntegration\ParcelPortIntegration.csproj", "{C0585033-A226-4047-BB53-E24307449C15}"
EndProject
Project("{FAE04EC0-301F-11D3-BF4B-00C04F79EFBC}") = "ParcelPortIntegrationTest", "ParcelPortIntegrationTest\ParcelPortIntegrationTest.csproj", "{CC3470D7-2F39-42A2-96D2-D4DC38D93C07}"
EndProject
Project("{2150E333-8FDC-42A3-9474-1A3956D46DE8}") = "Solution Items", "Solution Items", "{AED58BB8-050A-4FF6-BDD7-219BB710C073}"
	ProjectSection(SolutionItems) = preProject
		Local.testsettings = Local.testsettings
		ReadyShipperIntegration.vsmdi = ReadyShipperIntegration.vsmdi
		TraceAndTestImpact.testsettings = TraceAndTestImpact.testsettings
	EndProjectSection
EndProject
Project("{FAE04EC0-301F-11D3-BF4B-00C04F79EFBC}") = "ParcelPortRunner", "ParcelPortRunner\ParcelPortRunner.csproj", "{62EE18E0-E4CB-4FF0-BA89-6496327FA0E4}"
EndProject
Global
	GlobalSection(TeamFoundationVersionControl) = preSolution
		SccNumberOfProjects = 9
		SccEnterpriseProvider = {4CA58AB2-18FA-4F8D-95D4-32DDF27D184C}
		SccTeamFoundationServer = http://192.168.2.29:8080/tfs/framework
		SccLocalPath0 = .
		SccProjectUniqueName1 = ReadyShipperIntegration.csproj
		SccLocalPath1 = .
		SccProjectUniqueName2 = ..\\ReadyShipperIntegrationService\\ReadyShipperIntegrationService.csproj
		SccProjectName2 = ../ReadyShipperIntegrationService
		SccLocalPath2 = ..\\ReadyShipperIntegrationService
		SccProjectUniqueName3 = ConsoleApplication1\\ConsoleApplication1.csproj
		SccProjectName3 = ConsoleApplication1
		SccLocalPath3 = ConsoleApplication1
		SccProjectUniqueName4 = ..\\QAServiceTestClient\\QAServiceTestClient.csproj
		SccProjectName4 = ../QAServiceTestClient
		SccLocalPath4 = ..\\QAServiceTestClient
		SccProjectUniqueName5 = ParcelPortIntegrationService\\ParcelPortIntegrationService.csproj
		SccProjectName5 = ParcelPortIntegrationService
		SccLocalPath5 = ParcelPortIntegrationService
		SccProjectUniqueName6 = ParcelPortIntegration\\ParcelPortIntegration.csproj
		SccProjectName6 = ParcelPortIntegration
		SccLocalPath6 = ParcelPortIntegration
		SccProjectUniqueName7 = ParcelPortIntegrationTest\\ParcelPortIntegrationTest.csproj
		SccProjectName7 = ParcelPortIntegrationTest
		SccLocalPath7 = ParcelPortIntegrationTest
		SccProjectUniqueName8 = ParcelPortRunner\\ParcelPortRunner.csproj
		SccProjectName8 = ParcelPortRunner
		SccLocalPath8 = ParcelPortRunner
	EndGlobalSection
	GlobalSection(TestCaseManagementSettings) = postSolution
		CategoryFile = ReadyShipperIntegration.vsmdi
	EndGlobalSection
	GlobalSection(SolutionConfigurationPlatforms) = preSolution
		Debug|Any CPU = Debug|Any CPU
		Debug|Mixed Platforms = Debug|Mixed Platforms
		Debug|x86 = Debug|x86
		Dev|Any CPU = Dev|Any CPU
		Dev|Mixed Platforms = Dev|Mixed Platforms
		Dev|x86 = Dev|x86
		Release|Any CPU = Release|Any CPU
		Release|Mixed Platforms = Release|Mixed Platforms
		Release|x86 = Release|x86
		Testing|Any CPU = Testing|Any CPU
		Testing|Mixed Platforms = Testing|Mixed Platforms
		Testing|x86 = Testing|x86
	EndGlobalSection
	GlobalSection(ProjectConfigurationPlatforms) = postSolution
		{DFBB2B22-B026-4B61-AB16-D021ED88FC81}.Debug|Any CPU.ActiveCfg = Debug|Any CPU
		{DFBB2B22-B026-4B61-AB16-D021ED88FC81}.Debug|Any CPU.Build.0 = Debug|Any CPU
		{DFBB2B22-B026-4B61-AB16-D021ED88FC81}.Debug|Mixed Platforms.ActiveCfg = Debug|Any CPU
		{DFBB2B22-B026-4B61-AB16-D021ED88FC81}.Debug|Mixed Platforms.Build.0 = Debug|Any CPU
		{DFBB2B22-B026-4B61-AB16-D021ED88FC81}.Debug|x86.ActiveCfg = Debug|Any CPU
		{DFBB2B22-B026-4B61-AB16-D021ED88FC81}.Dev|Any CPU.ActiveCfg = Dev|Any CPU
		{DFBB2B22-B026-4B61-AB16-D021ED88FC81}.Dev|Any CPU.Build.0 = Dev|Any CPU
		{DFBB2B22-B026-4B61-AB16-D021ED88FC81}.Dev|Mixed Platforms.ActiveCfg = Dev|Any CPU
		{DFBB2B22-B026-4B61-AB16-D021ED88FC81}.Dev|Mixed Platforms.Build.0 = Dev|Any CPU
		{DFBB2B22-B026-4B61-AB16-D021ED88FC81}.Dev|x86.ActiveCfg = Dev|Any CPU
		{DFBB2B22-B026-4B61-AB16-D021ED88FC81}.Release|Any CPU.ActiveCfg = Release|Any CPU
		{DFBB2B22-B026-4B61-AB16-D021ED88FC81}.Release|Any CPU.Build.0 = Release|Any CPU
		{DFBB2B22-B026-4B61-AB16-D021ED88FC81}.Release|Mixed Platforms.ActiveCfg = Release|Any CPU
		{DFBB2B22-B026-4B61-AB16-D021ED88FC81}.Release|Mixed Platforms.Build.0 = Release|Any CPU
		{DFBB2B22-B026-4B61-AB16-D021ED88FC81}.Release|x86.ActiveCfg = Release|Any CPU
		{DFBB2B22-B026-4B61-AB16-D021ED88FC81}.Testing|Any CPU.ActiveCfg = Testing|Any CPU
		{DFBB2B22-B026-4B61-AB16-D021ED88FC81}.Testing|Any CPU.Build.0 = Testing|Any CPU
		{DFBB2B22-B026-4B61-AB16-D021ED88FC81}.Testing|Mixed Platforms.ActiveCfg = Testing|Any CPU
		{DFBB2B22-B026-4B61-AB16-D021ED88FC81}.Testing|Mixed Platforms.Build.0 = Testing|Any CPU
		{DFBB2B22-B026-4B61-AB16-D021ED88FC81}.Testing|x86.ActiveCfg = Testing|Any CPU
		{0A2ACBB5-E20A-4382-8096-2B3B2544957A}.Debug|Any CPU.ActiveCfg = Debug|Any CPU
		{0A2ACBB5-E20A-4382-8096-2B3B2544957A}.Debug|Any CPU.Build.0 = Debug|Any CPU
		{0A2ACBB5-E20A-4382-8096-2B3B2544957A}.Debug|Mixed Platforms.ActiveCfg = Debug|Any CPU
		{0A2ACBB5-E20A-4382-8096-2B3B2544957A}.Debug|Mixed Platforms.Build.0 = Debug|Any CPU
		{0A2ACBB5-E20A-4382-8096-2B3B2544957A}.Debug|x86.ActiveCfg = Debug|Any CPU
		{0A2ACBB5-E20A-4382-8096-2B3B2544957A}.Dev|Any CPU.ActiveCfg = Dev|Any CPU
		{0A2ACBB5-E20A-4382-8096-2B3B2544957A}.Dev|Any CPU.Build.0 = Dev|Any CPU
		{0A2ACBB5-E20A-4382-8096-2B3B2544957A}.Dev|Mixed Platforms.ActiveCfg = Dev|Any CPU
		{0A2ACBB5-E20A-4382-8096-2B3B2544957A}.Dev|Mixed Platforms.Build.0 = Dev|Any CPU
		{0A2ACBB5-E20A-4382-8096-2B3B2544957A}.Dev|x86.ActiveCfg = Dev|Any CPU
		{0A2ACBB5-E20A-4382-8096-2B3B2544957A}.Release|Any CPU.ActiveCfg = Release|Any CPU
		{0A2ACBB5-E20A-4382-8096-2B3B2544957A}.Release|Any CPU.Build.0 = Release|Any CPU
		{0A2ACBB5-E20A-4382-8096-2B3B2544957A}.Release|Mixed Platforms.ActiveCfg = Release|Any CPU
		{0A2ACBB5-E20A-4382-8096-2B3B2544957A}.Release|Mixed Platforms.Build.0 = Release|Any CPU
		{0A2ACBB5-E20A-4382-8096-2B3B2544957A}.Release|x86.ActiveCfg = Release|Any CPU
		{0A2ACBB5-E20A-4382-8096-2B3B2544957A}.Testing|Any CPU.ActiveCfg = Testing|Any CPU
		{0A2ACBB5-E20A-4382-8096-2B3B2544957A}.Testing|Any CPU.Build.0 = Testing|Any CPU
		{0A2ACBB5-E20A-4382-8096-2B3B2544957A}.Testing|Mixed Platforms.ActiveCfg = Testing|Any CPU
		{0A2ACBB5-E20A-4382-8096-2B3B2544957A}.Testing|Mixed Platforms.Build.0 = Testing|Any CPU
		{0A2ACBB5-E20A-4382-8096-2B3B2544957A}.Testing|x86.ActiveCfg = Testing|Any CPU
		{FA64AE36-442A-435F-9766-2C92DBBEAB3B}.Debug|Any CPU.ActiveCfg = Debug|x86
		{FA64AE36-442A-435F-9766-2C92DBBEAB3B}.Debug|Mixed Platforms.ActiveCfg = Debug|x86
		{FA64AE36-442A-435F-9766-2C92DBBEAB3B}.Debug|Mixed Platforms.Build.0 = Debug|x86
		{FA64AE36-442A-435F-9766-2C92DBBEAB3B}.Debug|x86.ActiveCfg = Debug|x86
		{FA64AE36-442A-435F-9766-2C92DBBEAB3B}.Debug|x86.Build.0 = Debug|x86
		{FA64AE36-442A-435F-9766-2C92DBBEAB3B}.Dev|Any CPU.ActiveCfg = Dev|x86
		{FA64AE36-442A-435F-9766-2C92DBBEAB3B}.Dev|Mixed Platforms.ActiveCfg = Dev|x86
		{FA64AE36-442A-435F-9766-2C92DBBEAB3B}.Dev|Mixed Platforms.Build.0 = Dev|x86
		{FA64AE36-442A-435F-9766-2C92DBBEAB3B}.Dev|x86.ActiveCfg = Dev|x86
		{FA64AE36-442A-435F-9766-2C92DBBEAB3B}.Dev|x86.Build.0 = Dev|x86
		{FA64AE36-442A-435F-9766-2C92DBBEAB3B}.Release|Any CPU.ActiveCfg = Release|x86
		{FA64AE36-442A-435F-9766-2C92DBBEAB3B}.Release|Mixed Platforms.ActiveCfg = Release|x86
		{FA64AE36-442A-435F-9766-2C92DBBEAB3B}.Release|Mixed Platforms.Build.0 = Release|x86
		{FA64AE36-442A-435F-9766-2C92DBBEAB3B}.Release|x86.ActiveCfg = Release|x86
		{FA64AE36-442A-435F-9766-2C92DBBEAB3B}.Release|x86.Build.0 = Release|x86
		{FA64AE36-442A-435F-9766-2C92DBBEAB3B}.Testing|Any CPU.ActiveCfg = Testing|x86
		{FA64AE36-442A-435F-9766-2C92DBBEAB3B}.Testing|Mixed Platforms.ActiveCfg = Testing|x86
		{FA64AE36-442A-435F-9766-2C92DBBEAB3B}.Testing|Mixed Platforms.Build.0 = Testing|x86
		{FA64AE36-442A-435F-9766-2C92DBBEAB3B}.Testing|x86.ActiveCfg = Testing|x86
		{FA64AE36-442A-435F-9766-2C92DBBEAB3B}.Testing|x86.Build.0 = Testing|x86
		{7DC56994-C180-468D-B193-81DBA2503B16}.Debug|Any CPU.ActiveCfg = Debug|x86
		{7DC56994-C180-468D-B193-81DBA2503B16}.Debug|Mixed Platforms.ActiveCfg = Debug|x86
		{7DC56994-C180-468D-B193-81DBA2503B16}.Debug|Mixed Platforms.Build.0 = Debug|x86
		{7DC56994-C180-468D-B193-81DBA2503B16}.Debug|x86.ActiveCfg = Debug|x86
		{7DC56994-C180-468D-B193-81DBA2503B16}.Debug|x86.Build.0 = Debug|x86
		{7DC56994-C180-468D-B193-81DBA2503B16}.Dev|Any CPU.ActiveCfg = Dev|x86
		{7DC56994-C180-468D-B193-81DBA2503B16}.Dev|Mixed Platforms.ActiveCfg = Dev|x86
		{7DC56994-C180-468D-B193-81DBA2503B16}.Dev|Mixed Platforms.Build.0 = Dev|x86
		{7DC56994-C180-468D-B193-81DBA2503B16}.Dev|x86.ActiveCfg = Dev|x86
		{7DC56994-C180-468D-B193-81DBA2503B16}.Dev|x86.Build.0 = Dev|x86
		{7DC56994-C180-468D-B193-81DBA2503B16}.Release|Any CPU.ActiveCfg = Release|x86
		{7DC56994-C180-468D-B193-81DBA2503B16}.Release|Mixed Platforms.ActiveCfg = Release|x86
		{7DC56994-C180-468D-B193-81DBA2503B16}.Release|Mixed Platforms.Build.0 = Release|x86
		{7DC56994-C180-468D-B193-81DBA2503B16}.Release|x86.ActiveCfg = Release|x86
		{7DC56994-C180-468D-B193-81DBA2503B16}.Release|x86.Build.0 = Release|x86
		{7DC56994-C180-468D-B193-81DBA2503B16}.Testing|Any CPU.ActiveCfg = Testing|x86
		{7DC56994-C180-468D-B193-81DBA2503B16}.Testing|Mixed Platforms.ActiveCfg = Testing|x86
		{7DC56994-C180-468D-B193-81DBA2503B16}.Testing|Mixed Platforms.Build.0 = Testing|x86
		{7DC56994-C180-468D-B193-81DBA2503B16}.Testing|x86.ActiveCfg = Testing|x86
		{7DC56994-C180-468D-B193-81DBA2503B16}.Testing|x86.Build.0 = Testing|x86
		{023DB819-A306-4CAA-ADB7-0DB382513332}.Debug|Any CPU.ActiveCfg = Debug|Any CPU
		{023DB819-A306-4CAA-ADB7-0DB382513332}.Debug|Any CPU.Build.0 = Debug|Any CPU
		{023DB819-A306-4CAA-ADB7-0DB382513332}.Debug|Mixed Platforms.ActiveCfg = Debug|Any CPU
		{023DB819-A306-4CAA-ADB7-0DB382513332}.Debug|Mixed Platforms.Build.0 = Debug|Any CPU
		{023DB819-A306-4CAA-ADB7-0DB382513332}.Debug|x86.ActiveCfg = Debug|Any CPU
		{023DB819-A306-4CAA-ADB7-0DB382513332}.Dev|Any CPU.ActiveCfg = Dev|Any CPU
		{023DB819-A306-4CAA-ADB7-0DB382513332}.Dev|Any CPU.Build.0 = Dev|Any CPU
		{023DB819-A306-4CAA-ADB7-0DB382513332}.Dev|Mixed Platforms.ActiveCfg = Dev|Any CPU
		{023DB819-A306-4CAA-ADB7-0DB382513332}.Dev|Mixed Platforms.Build.0 = Dev|Any CPU
		{023DB819-A306-4CAA-ADB7-0DB382513332}.Dev|x86.ActiveCfg = Dev|Any CPU
		{023DB819-A306-4CAA-ADB7-0DB382513332}.Release|Any CPU.ActiveCfg = Release|Any CPU
		{023DB819-A306-4CAA-ADB7-0DB382513332}.Release|Any CPU.Build.0 = Release|Any CPU
		{023DB819-A306-4CAA-ADB7-0DB382513332}.Release|Mixed Platforms.ActiveCfg = Release|Any CPU
		{023DB819-A306-4CAA-ADB7-0DB382513332}.Release|Mixed Platforms.Build.0 = Release|Any CPU
		{023DB819-A306-4CAA-ADB7-0DB382513332}.Release|x86.ActiveCfg = Release|Any CPU
		{023DB819-A306-4CAA-ADB7-0DB382513332}.Testing|Any CPU.ActiveCfg = Testing|Any CPU
		{023DB819-A306-4CAA-ADB7-0DB382513332}.Testing|Any CPU.Build.0 = Testing|Any CPU
		{023DB819-A306-4CAA-ADB7-0DB382513332}.Testing|Mixed Platforms.ActiveCfg = Testing|Any CPU
		{023DB819-A306-4CAA-ADB7-0DB382513332}.Testing|Mixed Platforms.Build.0 = Testing|Any CPU
		{023DB819-A306-4CAA-ADB7-0DB382513332}.Testing|x86.ActiveCfg = Testing|Any CPU
		{C0585033-A226-4047-BB53-E24307449C15}.Debug|Any CPU.ActiveCfg = Debug|Any CPU
		{C0585033-A226-4047-BB53-E24307449C15}.Debug|Any CPU.Build.0 = Debug|Any CPU
		{C0585033-A226-4047-BB53-E24307449C15}.Debug|Mixed Platforms.ActiveCfg = Debug|Any CPU
		{C0585033-A226-4047-BB53-E24307449C15}.Debug|Mixed Platforms.Build.0 = Debug|Any CPU
		{C0585033-A226-4047-BB53-E24307449C15}.Debug|x86.ActiveCfg = Debug|Any CPU
		{C0585033-A226-4047-BB53-E24307449C15}.Dev|Any CPU.ActiveCfg = Dev|Any CPU
		{C0585033-A226-4047-BB53-E24307449C15}.Dev|Any CPU.Build.0 = Dev|Any CPU
		{C0585033-A226-4047-BB53-E24307449C15}.Dev|Mixed Platforms.ActiveCfg = Dev|Any CPU
		{C0585033-A226-4047-BB53-E24307449C15}.Dev|Mixed Platforms.Build.0 = Dev|Any CPU
		{C0585033-A226-4047-BB53-E24307449C15}.Dev|x86.ActiveCfg = Dev|Any CPU
		{C0585033-A226-4047-BB53-E24307449C15}.Release|Any CPU.ActiveCfg = Release|Any CPU
		{C0585033-A226-4047-BB53-E24307449C15}.Release|Any CPU.Build.0 = Release|Any CPU
		{C0585033-A226-4047-BB53-E24307449C15}.Release|Mixed Platforms.ActiveCfg = Release|Any CPU
		{C0585033-A226-4047-BB53-E24307449C15}.Release|Mixed Platforms.Build.0 = Release|Any CPU
		{C0585033-A226-4047-BB53-E24307449C15}.Release|x86.ActiveCfg = Release|Any CPU
		{C0585033-A226-4047-BB53-E24307449C15}.Testing|Any CPU.ActiveCfg = Testing|Any CPU
		{C0585033-A226-4047-BB53-E24307449C15}.Testing|Any CPU.Build.0 = Testing|Any CPU
		{C0585033-A226-4047-BB53-E24307449C15}.Testing|Mixed Platforms.ActiveCfg = Testing|Any CPU
		{C0585033-A226-4047-BB53-E24307449C15}.Testing|Mixed Platforms.Build.0 = Testing|Any CPU
		{C0585033-A226-4047-BB53-E24307449C15}.Testing|x86.ActiveCfg = Testing|Any CPU
		{CC3470D7-2F39-42A2-96D2-D4DC38D93C07}.Debug|Any CPU.ActiveCfg = Debug|Any CPU
		{CC3470D7-2F39-42A2-96D2-D4DC38D93C07}.Debug|Any CPU.Build.0 = Debug|Any CPU
		{CC3470D7-2F39-42A2-96D2-D4DC38D93C07}.Debug|Mixed Platforms.ActiveCfg = Debug|Any CPU
		{CC3470D7-2F39-42A2-96D2-D4DC38D93C07}.Debug|Mixed Platforms.Build.0 = Debug|Any CPU
		{CC3470D7-2F39-42A2-96D2-D4DC38D93C07}.Debug|x86.ActiveCfg = Debug|Any CPU
		{CC3470D7-2F39-42A2-96D2-D4DC38D93C07}.Dev|Any CPU.ActiveCfg = Dev|Any CPU
		{CC3470D7-2F39-42A2-96D2-D4DC38D93C07}.Dev|Any CPU.Build.0 = Dev|Any CPU
		{CC3470D7-2F39-42A2-96D2-D4DC38D93C07}.Dev|Mixed Platforms.ActiveCfg = Dev|Any CPU
		{CC3470D7-2F39-42A2-96D2-D4DC38D93C07}.Dev|Mixed Platforms.Build.0 = Dev|Any CPU
		{CC3470D7-2F39-42A2-96D2-D4DC38D93C07}.Dev|x86.ActiveCfg = Dev|Any CPU
		{CC3470D7-2F39-42A2-96D2-D4DC38D93C07}.Release|Any CPU.ActiveCfg = Release|Any CPU
		{CC3470D7-2F39-42A2-96D2-D4DC38D93C07}.Release|Any CPU.Build.0 = Release|Any CPU
		{CC3470D7-2F39-42A2-96D2-D4DC38D93C07}.Release|Mixed Platforms.ActiveCfg = Release|Any CPU
		{CC3470D7-2F39-42A2-96D2-D4DC38D93C07}.Release|Mixed Platforms.Build.0 = Release|Any CPU
		{CC3470D7-2F39-42A2-96D2-D4DC38D93C07}.Release|x86.ActiveCfg = Release|Any CPU
		{CC3470D7-2F39-42A2-96D2-D4DC38D93C07}.Testing|Any CPU.ActiveCfg = Testing|Any CPU
		{CC3470D7-2F39-42A2-96D2-D4DC38D93C07}.Testing|Any CPU.Build.0 = Testing|Any CPU
		{CC3470D7-2F39-42A2-96D2-D4DC38D93C07}.Testing|Mixed Platforms.ActiveCfg = Testing|Any CPU
		{CC3470D7-2F39-42A2-96D2-D4DC38D93C07}.Testing|Mixed Platforms.Build.0 = Testing|Any CPU
		{CC3470D7-2F39-42A2-96D2-D4DC38D93C07}.Testing|x86.ActiveCfg = Testing|Any CPU
		{62EE18E0-E4CB-4FF0-BA89-6496327FA0E4}.Debug|Any CPU.ActiveCfg = Debug|x86
		{62EE18E0-E4CB-4FF0-BA89-6496327FA0E4}.Debug|Mixed Platforms.ActiveCfg = Debug|x86
		{62EE18E0-E4CB-4FF0-BA89-6496327FA0E4}.Debug|Mixed Platforms.Build.0 = Debug|x86
		{62EE18E0-E4CB-4FF0-BA89-6496327FA0E4}.Debug|x86.ActiveCfg = Debug|x86
		{62EE18E0-E4CB-4FF0-BA89-6496327FA0E4}.Debug|x86.Build.0 = Debug|x86
		{62EE18E0-E4CB-4FF0-BA89-6496327FA0E4}.Dev|Any CPU.ActiveCfg = Debug|x86
		{62EE18E0-E4CB-4FF0-BA89-6496327FA0E4}.Dev|Mixed Platforms.ActiveCfg = Debug|x86
		{62EE18E0-E4CB-4FF0-BA89-6496327FA0E4}.Dev|Mixed Platforms.Build.0 = Debug|x86
		{62EE18E0-E4CB-4FF0-BA89-6496327FA0E4}.Dev|x86.ActiveCfg = Debug|x86
		{62EE18E0-E4CB-4FF0-BA89-6496327FA0E4}.Dev|x86.Build.0 = Debug|x86
		{62EE18E0-E4CB-4FF0-BA89-6496327FA0E4}.Release|Any CPU.ActiveCfg = Release|x86
		{62EE18E0-E4CB-4FF0-BA89-6496327FA0E4}.Release|Mixed Platforms.ActiveCfg = Release|x86
		{62EE18E0-E4CB-4FF0-BA89-6496327FA0E4}.Release|Mixed Platforms.Build.0 = Release|x86
		{62EE18E0-E4CB-4FF0-BA89-6496327FA0E4}.Release|x86.ActiveCfg = Release|x86
		{62EE18E0-E4CB-4FF0-BA89-6496327FA0E4}.Release|x86.Build.0 = Release|x86
		{62EE18E0-E4CB-4FF0-BA89-6496327FA0E4}.Testing|Any CPU.ActiveCfg = Release|x86
		{62EE18E0-E4CB-4FF0-BA89-6496327FA0E4}.Testing|Mixed Platforms.ActiveCfg = Release|x86
		{62EE18E0-E4CB-4FF0-BA89-6496327FA0E4}.Testing|Mixed Platforms.Build.0 = Release|x86
		{62EE18E0-E4CB-4FF0-BA89-6496327FA0E4}.Testing|x86.ActiveCfg = Release|x86
		{62EE18E0-E4CB-4FF0-BA89-6496327FA0E4}.Testing|x86.Build.0 = Release|x86
	EndGlobalSection
	GlobalSection(SolutionProperties) = preSolution
		HideSolutionNode = FALSE
	EndGlobalSection
EndGlobal
