
Microsoft Visual Studio Solution File, Format Version 11.00
# Visual Studio 2010
Project("{2150E333-8FDC-42A3-9474-1A3956D46DE8}") = "Solution Items", "Solution Items", "{ACC7EB2C-6512-4F9E-93FC-047490C6C70C}"
	ProjectSection(SolutionItems) = preProject
		Solution Items\AssemblyInfo.corporate.cs = Solution Items\AssemblyInfo.corporate.cs
		CheckInBuild.testsettings = CheckInBuild.testsettings
		CodeCoverage.testsettings = CodeCoverage.testsettings
		CreateWebSitePackage.ps1 = CreateWebSitePackage.ps1
		Framework6.vsmdi = Framework6.vsmdi
	EndProjectSection
EndProject
Project("{FAE04EC0-301F-11D3-BF4B-00C04F79EFBC}") = "NetSteps.Data.Entities", "Libraries\Netsteps.Data.Entities\NetSteps.Data.Entities.csproj", "{FA88FE0C-9AF1-4527-9DA5-5A572A04ECEB}"
EndProject
Project("{FAE04EC0-301F-11D3-BF4B-00C04F79EFBC}") = "NetSteps.Web.Mvc", "Libraries\NetSteps.Web.Mvc\NetSteps.Web.Mvc.csproj", "{358F4C6F-4A37-4604-9C58-8031C55080D9}"
EndProject
Project("{2150E333-8FDC-42A3-9474-1A3956D46DE8}") = "Libraries", "Libraries", "{082B22B4-F29D-4CD6-B321-313A73037FB3}"
EndProject
Project("{2150E333-8FDC-42A3-9474-1A3956D46DE8}") = "Websites", "Websites", "{2C0D4E01-A8F4-43B1-BFFB-D0ED1F21DFA4}"
EndProject
Project("{2150E333-8FDC-42A3-9474-1A3956D46DE8}") = "Client", "Client", "{CF826B59-8F9A-4C6A-872F-6D3C2EF3E5F1}"
EndProject
Project("{FAE04EC0-301F-11D3-BF4B-00C04F79EFBC}") = "nsCore", "Websites\nsCore\nsCore.csproj", "{A6E761BD-19F1-492B-89E9-634B16077AC7}"
	ProjectSection(ProjectDependencies) = postProject
		{1AC33494-63E1-4F53-8877-AE0B51E53BAE} = {1AC33494-63E1-4F53-8877-AE0B51E53BAE}
	EndProjectSection
EndProject
Project("{FAE04EC0-301F-11D3-BF4B-00C04F79EFBC}") = "NetSteps.Web.Mvc.Business", "Libraries\NetSteps.Web.Mvc.Business\NetSteps.Web.Mvc.Business.csproj", "{98E8542D-3574-4205-BD81-65747E03C032}"
EndProject
Project("{2150E333-8FDC-42A3-9474-1A3956D46DE8}") = "Console Applications", "Console Applications", "{13D3CF39-0AE3-48D1-B619-F985C6F9BCA7}"
EndProject
Project("{FAE04EC0-301F-11D3-BF4B-00C04F79EFBC}") = "NetSteps.Web.Mvc.Controls", "Libraries\NetSteps.Web.Mvc.Controls\NetSteps.Web.Mvc.Controls.csproj", "{4DC5F439-122A-44CB-932A-910C7ECD8F0E}"
EndProject
Project("{FAE04EC0-301F-11D3-BF4B-00C04F79EFBC}") = "DistributorBackOffice", "Websites\DistributorBackOffice\DistributorBackOffice.csproj", "{B396796E-CCFD-4310-AB09-C0D02580A3BD}"
	ProjectSection(ProjectDependencies) = postProject
		{1AC33494-63E1-4F53-8877-AE0B51E53BAE} = {1AC33494-63E1-4F53-8877-AE0B51E53BAE}
	EndProjectSection
EndProject
Project("{FAE04EC0-301F-11D3-BF4B-00C04F79EFBC}") = "nsDistributor", "Websites\nsDistributor\nsDistributor.csproj", "{087C1BAC-EE40-4713-A559-599C6307DC1A}"
	ProjectSection(ProjectDependencies) = postProject
		{1AC33494-63E1-4F53-8877-AE0B51E53BAE} = {1AC33494-63E1-4F53-8877-AE0B51E53BAE}
	EndProjectSection
EndProject
Project("{2150E333-8FDC-42A3-9474-1A3956D46DE8}") = "Web Services", "Web Services", "{C224C7A4-9AE2-42CE-BE3C-4D3D44A56074}"
EndProject
Project("{FAE04EC0-301F-11D3-BF4B-00C04F79EFBC}") = "Framework.ClientSettingsPreBuild", "Framework.ClientSettingsPreBuild\Framework.ClientSettingsPreBuild.csproj", "{1AC33494-63E1-4F53-8877-AE0B51E53BAE}"
EndProject
Project("{FAE04EC0-301F-11D3-BF4B-00C04F79EFBC}") = "AutoshipProcessor", "ConsoleApplications\AutoshipProcessor\AutoshipProcessor.csproj", "{5065D161-D2F2-4C26-9967-0CB02C24003D}"
EndProject
Project("{FAE04EC0-301F-11D3-BF4B-00C04F79EFBC}") = "nsCore.Tests", "Tests\nsCore.Test\nsCore.Tests.csproj", "{C5ED5777-EC7B-4975-8E87-8D51C5F8D25F}"
EndProject
Project("{FAE04EC0-301F-11D3-BF4B-00C04F79EFBC}") = "nsDistributor.Tests", "Tests\nsDistributor.Tests\nsDistributor.Tests.csproj", "{F80FD36E-6FAA-4579-B076-B1796809C840}"
EndProject
Project("{FAE04EC0-301F-11D3-BF4B-00C04F79EFBC}") = "NetSteps.Data.Entities.Tests", "Libraries\NetSteps.Data.Entities.Tests\NetSteps.Data.Entities.Tests.csproj", "{98F83B1E-19D1-4B86-85EF-8E1FA3B1D8A3}"
EndProject
Project("{FAE04EC0-301F-11D3-BF4B-00C04F79EFBC}") = "DistributorBackOffice.Tests", "Tests\DistributorBackOffice.Tests\DistributorBackOffice.Tests.csproj", "{F07BD81D-EE29-47FA-88ED-FAD49C1EDF76}"
EndProject
Project("{FAE04EC0-301F-11D3-BF4B-00C04F79EFBC}") = "DistributorBackOfficeMobile", "Websites\DistributorBackOfficeMobile\DistributorBackOfficeMobile.csproj", "{D36B49AF-9022-464E-BA5D-49F61E2210FF}"
	ProjectSection(ProjectDependencies) = postProject
		{1AC33494-63E1-4F53-8877-AE0B51E53BAE} = {1AC33494-63E1-4F53-8877-AE0B51E53BAE}
	EndProjectSection
EndProject
Project("{FAE04EC0-301F-11D3-BF4B-00C04F79EFBC}") = "AutoshipProcessor.Tests", "ConsoleApplications\AutoshipProcessor\AutoshipProcessor.Tests\AutoshipProcessor.Tests.csproj", "{091B3C2E-0ACE-4343-8F21-FD84ADA06660}"
EndProject
Project("{FAE04EC0-301F-11D3-BF4B-00C04F79EFBC}") = "NetSteps.Web.Mvc.Tests", "Libraries\NetSteps.Web.Mvc\NetSteps.Web.Mvc.Tests\NetSteps.Web.Mvc.Tests.csproj", "{B0726062-4B25-4C26-87E2-9C2A1B4DDEFC}"
EndProject
Project("{FAE04EC0-301F-11D3-BF4B-00C04F79EFBC}") = "NetSteps.Web.Mvc.Business.Tests", "Libraries\NetSteps.Web.Mvc.Business\NetSteps.Web.Mvc.Business.Tests\NetSteps.Web.Mvc.Business.Tests.csproj", "{6EBFA563-F40C-48C1-805A-A2C8D68D6882}"
EndProject
Project("{FAE04EC0-301F-11D3-BF4B-00C04F79EFBC}") = "NetSteps.Web.Mvc.Controls.Tests", "Libraries\NetSteps.Web.Mvc.Controls\NetSteps.Web.Mvc.Controls.Tests\NetSteps.Web.Mvc.Controls.Tests.csproj", "{F101E82F-7651-4209-8413-AF5ADA1673F3}"
EndProject
Project("{FAE04EC0-301F-11D3-BF4B-00C04F79EFBC}") = "WebService.Mobile", "Web Services\WebService.Mobile\WebService.Mobile.csproj", "{4F9D974E-A189-4C8E-8783-7FC4E8F16D9E}"
	ProjectSection(ProjectDependencies) = postProject
		{1AC33494-63E1-4F53-8877-AE0B51E53BAE} = {1AC33494-63E1-4F53-8877-AE0B51E53BAE}
	EndProjectSection
EndProject
Project("{FAE04EC0-301F-11D3-BF4B-00C04F79EFBC}") = "WebService.Mobile.Tests", "Web Services\WebService.Mobile\WebService.Mobile.Tests\WebService.Mobile.Tests.csproj", "{899CF6BA-504F-4683-A75E-D70CF27C5E54}"
EndProject
Project("{2150E333-8FDC-42A3-9474-1A3956D46DE8}") = "Windows Services", "Windows Services", "{6E384A7E-5F4A-4B7C-8FE7-B68F9F484A0E}"
EndProject
Project("{2150E333-8FDC-42A3-9474-1A3956D46DE8}") = "QueueProcessing", "QueueProcessing", "{77C40B57-58A2-4A19-8D8F-02DAD07A09A3}"
EndProject
Project("{2150E333-8FDC-42A3-9474-1A3956D46DE8}") = "Modules", "Modules", "{0B20E793-967B-4F7E-87A1-BEE026344EF4}"
EndProject
Project("{FAE04EC0-301F-11D3-BF4B-00C04F79EFBC}") = "NetSteps.QueueProcessing.Host", "Windows Services\QueueProcessing\NetSteps.QueueProcessing.Host\NetSteps.QueueProcessing.Host.csproj", "{B4B67A17-B449-4052-8180-51838E5894DC}"
	ProjectSection(ProjectDependencies) = postProject
		{1AC33494-63E1-4F53-8877-AE0B51E53BAE} = {1AC33494-63E1-4F53-8877-AE0B51E53BAE}
	EndProjectSection
EndProject
Project("{FAE04EC0-301F-11D3-BF4B-00C04F79EFBC}") = "NetSteps.QueueProcessing.Host.Tests", "Windows Services\QueueProcessing\NetSteps.QueueProcessing.Host\NetSteps.QueueProcessing.Host.Tests\NetSteps.QueueProcessing.Host.Tests.csproj", "{7D3F5CA1-09FE-4C9B-831F-F93966BD1359}"
EndProject
Project("{FAE04EC0-301F-11D3-BF4B-00C04F79EFBC}") = "NetSteps.QueueProcessing.Modules.AutoshipReminder", "Windows Services\QueueProcessing\Modules\AutoshipReminder\NetSteps.QueueProcessing.Modules.AutoshipReminder.csproj", "{8C3C3002-A84F-4DC6-AAFC-6566AA3637B9}"
EndProject
Project("{FAE04EC0-301F-11D3-BF4B-00C04F79EFBC}") = "NetSteps.QueueProcessing.Modules.CampaignAction", "Windows Services\QueueProcessing\Modules\CampaignAction\NetSteps.QueueProcessing.Modules.CampaignAction.csproj", "{94E6C71C-6AB2-42B6-8893-A2964F889FBC}"
EndProject
Project("{FAE04EC0-301F-11D3-BF4B-00C04F79EFBC}") = "NetSteps.QueueProcessing.Modules.CampaignActionQueueItem", "Windows Services\QueueProcessing\Modules\CampaignActionQueueItem\NetSteps.QueueProcessing.Modules.CampaignActionQueueItem.csproj", "{0980A28D-CE41-4300-86DD-1B1725DB9202}"
EndProject
Project("{FAE04EC0-301F-11D3-BF4B-00C04F79EFBC}") = "NetSteps.QueueProcessing.Modules.CampaignAlert", "Windows Services\QueueProcessing\Modules\CampaignAlert\NetSteps.QueueProcessing.Modules.CampaignAlert.csproj", "{B167AF5D-18A4-4C4B-B356-B1DE2657BB0C}"
EndProject
Project("{FAE04EC0-301F-11D3-BF4B-00C04F79EFBC}") = "NetSteps.QueueProcessing.Modules.CampaignEmail", "Windows Services\QueueProcessing\Modules\CampaignEmail\NetSteps.QueueProcessing.Modules.CampaignEmail.csproj", "{67962E29-D280-4E40-AAC3-1C19841A95C1}"
EndProject
Project("{FAE04EC0-301F-11D3-BF4B-00C04F79EFBC}") = "NetSteps.QueueProcessing.Modules.DeviceNotification", "Windows Services\QueueProcessing\Modules\DeviceNotification\NetSteps.QueueProcessing.Modules.DeviceNotification.csproj", "{61E8C884-D3DF-4C62-ACD4-8CC930A7160C}"
EndProject
Project("{FAE04EC0-301F-11D3-BF4B-00C04F79EFBC}") = "NetSteps.QueueProcessing.Modules.DomainEvent", "Windows Services\QueueProcessing\Modules\DomainEvent\NetSteps.QueueProcessing.Modules.DomainEvent.csproj", "{B8B95041-EFF5-4E61-8E87-479296A04DB7}"
EndProject
Project("{FAE04EC0-301F-11D3-BF4B-00C04F79EFBC}") = "NetSteps.QueueProcessing.Modules.ModuleBase", "Windows Services\QueueProcessing\Modules\ModuleBase\NetSteps.QueueProcessing.Modules.ModuleBase.csproj", "{18B91E9E-6755-474B-A55F-FCFFCFFA4C84}"
EndProject
Project("{FAE04EC0-301F-11D3-BF4B-00C04F79EFBC}") = "NetSteps.QueueProcessing.Modules.PartyGuestReminder", "Windows Services\QueueProcessing\Modules\PartyGuestReminder\NetSteps.QueueProcessing.Modules.PartyGuestReminder.csproj", "{5F0390C2-0BBB-43B7-A233-E5909089A248}"
EndProject
Project("{FAE04EC0-301F-11D3-BF4B-00C04F79EFBC}") = "NetSteps.QueueProcessing.Modules.SendMail", "Windows Services\QueueProcessing\Modules\SendMail\NetSteps.QueueProcessing.Modules.SendMail.csproj", "{BC4F04E8-9F50-4478-B007-228DE3A9EBED}"
EndProject
Project("{FAE04EC0-301F-11D3-BF4B-00C04F79EFBC}") = "Encore.ApiSite.Tests", "Websites\Encore.ApiSite.Tests\Encore.ApiSite.Tests.csproj", "{C7E11616-EECF-44EF-810C-A8FC4B10F718}"
EndProject
Project("{FAE04EC0-301F-11D3-BF4B-00C04F79EFBC}") = "EFTQuery.Service", "EFTQuery\EFTQuery.Service\EFTQuery.Service.csproj", "{EC0EFB7E-9047-4A0F-93B3-828BD1668788}"
EndProject
Project("{2150E333-8FDC-42A3-9474-1A3956D46DE8}") = "EFTQuery", "EFTQuery", "{C3461D1C-6025-4ECA-B1AA-98498F6C6107}"
EndProject
Project("{FAE04EC0-301F-11D3-BF4B-00C04F79EFBC}") = "Encore.ApiSite", "Websites\Encore.ApiSite\Encore.ApiSite.csproj", "{1100A980-7AD5-4C47-B6A6-76B942287762}"
EndProject
Project("{FAE04EC0-301F-11D3-BF4B-00C04F79EFBC}") = "NetSteps.QueueProcessing.Modules.ExpiringPromotionReminder", "Windows Services\QueueProcessing\Modules\ExpiringPromotionReminder\NetSteps.QueueProcessing.Modules.ExpiringPromotionReminder.csproj", "{0656B1B3-C400-4AEE-8EA3-253A0CEAB978}"
EndProject
Project("{FAE04EC0-301F-11D3-BF4B-00C04F79EFBC}") = "NetSteps.Orders.UI", "Libraries\NetSteps.Orders.UI\NetSteps.Orders.UI.csproj", "{9C0D3C73-EDCF-40CB-8F33-3F739425E27F}"
EndProject
Project("{FAE04EC0-301F-11D3-BF4B-00C04F79EFBC}") = "NetSteps.Orders.UI.Common", "Libraries\NetSteps.Orders.UI.Common\NetSteps.Orders.UI.Common.csproj", "{97A00BAB-5BC0-48BF-A9EE-99E836B1E968}"
EndProject
Project("{FAE04EC0-301F-11D3-BF4B-00C04F79EFBC}") = "NetSteps.Orders.UI.Tests", "Libraries\NetSteps.Orders.UI.Tests\NetSteps.Orders.UI.Tests.csproj", "{0B276416-F824-462E-9AB0-804F357E402D}"
EndProject
Project("{FAE04EC0-301F-11D3-BF4B-00C04F79EFBC}") = "NetSteps.Addresses.UI.Common", "Libraries\NetSteps.Addresses.UI.Common\NetSteps.Addresses.UI.Common.csproj", "{2AC8EEE3-932E-40E9-9C79-8874C2474FBC}"
EndProject
Project("{FAE04EC0-301F-11D3-BF4B-00C04F79EFBC}") = "NetSteps.Addresses.UI", "Libraries\NetSteps.Addresses.UI\NetSteps.Addresses.UI.csproj", "{FF653297-E091-48F9-8EE0-60116749CCE9}"
EndProject
Project("{FAE04EC0-301F-11D3-BF4B-00C04F79EFBC}") = "NetSteps.Addresses.UI.Tests", "Libraries\NetSteps.Addresses.UI.Tests\NetSteps.Addresses.UI.Tests.csproj", "{BB061D8A-7F36-4AFC-A5BA-425CAB636047}"
EndProject
Project("{FAE04EC0-301F-11D3-BF4B-00C04F79EFBC}") = "NetSteps.Addresses.UI.Mvc", "Libraries\NetSteps.Addresses.UI.Mvc\NetSteps.Addresses.UI.Mvc.csproj", "{899D2084-5D46-4515-B0A3-A60F5C7654DD}"
EndProject
Project("{FAE04EC0-301F-11D3-BF4B-00C04F79EFBC}") = "NetSteps.Addresses.UI.Mvc.Common", "Libraries\NetSteps.Addresses.UI.Mvc.Common\NetSteps.Addresses.UI.Mvc.Common.csproj", "{FF1C8D12-7244-4CAF-B693-9C16596FB0CB}"
EndProject
Project("{FAE04EC0-301F-11D3-BF4B-00C04F79EFBC}") = "NetSteps.Addresses.UI.Common.Tests", "Libraries\NetSteps.Addresses.UI.Common\NetSteps.Addresses.UI.Common.Tests\NetSteps.Addresses.UI.Common.Tests.csproj", "{49C2D80D-BEF4-4D51-A4FF-CC0EB63623C8}"
EndProject
Project("{FAE04EC0-301F-11D3-BF4B-00C04F79EFBC}") = "NetSteps.Payments", "Libraries\NetSteps.Payments\NetSteps.Payments.csproj", "{A6A00264-6AF5-4596-A2C2-1EF1036BEFC1}"
EndProject
Project("{FAE04EC0-301F-11D3-BF4B-00C04F79EFBC}") = "EFTQuery.NachaGenerator.Core", "EFTQuery\EFTQuery.NachaGenerator.Core\EFTQuery.NachaGenerator.Core.csproj", "{3C4676E3-EF84-4F4F-B0FD-F30491AD7303}"
EndProject
Project("{FAE04EC0-301F-11D3-BF4B-00C04F79EFBC}") = "EFTQuery.Service.Tests", "EFTQuery\EFTQuery.Service\EFTQuery.Service.Tests\EFTQuery.Service.Tests.csproj", "{FCA8B843-5FAA-4B56-A9A1-BEACDEFC7973}"
EndProject
Project("{FAE04EC0-301F-11D3-BF4B-00C04F79EFBC}") = "NetSteps.Bundles.Repository", "Libraries\NetSteps.Bundles.Repository\NetSteps.Bundles.Repository.csproj", "{F70BF0C4-6939-4DFA-9422-767F6394BF06}"
EndProject
Project("{FAE04EC0-301F-11D3-BF4B-00C04F79EFBC}") = "NetSteps.Addresses.PickupPoints", "Libraries\NetSteps.Addresses.PickupPoints\NetSteps.Addresses.PickupPoints.csproj", "{6DF415B3-780B-4E3D-A094-BBAF50834747}"
EndProject
Project("{FAE04EC0-301F-11D3-BF4B-00C04F79EFBC}") = "NetSteps.Addresses.PickupPoints.Common", "Libraries\NetSteps.Addresses.PickupPoints.Common\NetSteps.Addresses.PickupPoints.Common.csproj", "{5BF4A9D9-A562-4198-ABB6-368544FD2C9C}"
EndProject
Project("{2150E333-8FDC-42A3-9474-1A3956D46DE8}") = "UPSQuery", "UPSQuery", "{F3F34EDA-ED3D-4B54-ACB4-3F4F12A94CA5}"
EndProject
Project("{FAE04EC0-301F-11D3-BF4B-00C04F79EFBC}") = "UPSQuery.Common", "UPSQuery\UPSQuery.Common\UPSQuery.Common.csproj", "{9BEB1E1B-7DE3-4E22-B0BA-9E74BAF38CE6}"
EndProject
Project("{FAE04EC0-301F-11D3-BF4B-00C04F79EFBC}") = "UPSQuery.Service", "UPSQuery\UPSQuery.Service\UPSQuery.Service.csproj", "{48124594-F695-40E1-B6AA-AEDC14A418D1}"
EndProject
Project("{FAE04EC0-301F-11D3-BF4B-00C04F79EFBC}") = "UPSQuery.Service.Tests", "UPSQuery\UPSQuery.Service.Tests\UPSQuery.Service.Tests.csproj", "{903F6A46-BA1B-4A37-93F9-859FCB3F7699}"
EndProject
Project("{FAE04EC0-301F-11D3-BF4B-00C04F79EFBC}") = "NetSteps.Bundles.Common", "Libraries\NetSteps.Bundles.Common\NetSteps.Bundles.Common.csproj", "{78368EF5-AB5F-454D-ABFB-543F877735B8}"
EndProject
Project("{FAE04EC0-301F-11D3-BF4B-00C04F79EFBC}") = "NetSteps.Bundles.Component", "Libraries\NetSteps.Bundles.Component\NetSteps.Bundles.Component.csproj", "{DCFD94DF-CB0D-46E7-8956-80DCE4A35282}"
EndProject
Project("{FAE04EC0-301F-11D3-BF4B-00C04F79EFBC}") = "NetSteps.Bundles.Component.Tests", "Libraries\NetSteps.Bundles.Component\NetSteps.Bundles.Component.Tests\NetSteps.Bundles.Component.Tests.csproj", "{EB6073A2-8360-4546-A631-27AF383EEA1C}"
EndProject
Project("{FAE04EC0-301F-11D3-BF4B-00C04F79EFBC}") = "NetSteps.TaxCalculator.Vertex", "Libraries\NetSteps.TaxCalculator.Vertex\NetSteps.TaxCalculator.Vertex.csproj", "{D37E6D86-FD39-4FF0-B4B3-8E6F844A8BB0}"
EndProject
Project("{FAE04EC0-301F-11D3-BF4B-00C04F79EFBC}") = "NetSteps.TaxCalculator.Vertex.Tests", "Libraries\NetSteps.TaxCalculator.Vertex\NetSteps.TaxCalculator.Vertex.Tests\NetSteps.TaxCalculator.Vertex.Tests.csproj", "{A8F74EC0-E993-4B38-BC69-6CC4E1167A16}"
EndProject
Project("{FAE04EC0-301F-11D3-BF4B-00C04F79EFBC}") = "NetSteps.GiftCards.Common", "Libraries\NetSteps.GiftCards.Common\NetSteps.GiftCards.Common.csproj", "{39F0A85A-D627-4F90-B979-984F8D0C144D}"
EndProject
Project("{FAE04EC0-301F-11D3-BF4B-00C04F79EFBC}") = "NetSteps.GiftCards.Service", "Libraries\NetSteps.GiftCards.Service\NetSteps.GiftCards.Service.csproj", "{99A62821-19ED-4B74-9C00-0B81ACF058F0}"
EndProject
Project("{FAE04EC0-301F-11D3-BF4B-00C04F79EFBC}") = "NetSteps.Taxes.Common.Tests", "Libraries\NetSteps.Taxes.Common.Tests\NetSteps.Taxes.Common.Tests.csproj", "{E8EA2739-7F30-46AA-8AC4-130006B4280D}"
EndProject
Project("{FAE04EC0-301F-11D3-BF4B-00C04F79EFBC}") = "NetSteps.Addresses.PickupPoints.Tests", "Libraries\NetSteps.Addresses.PickupPoints\NetSteps.Addresses.PickupPoints.Tests\NetSteps.Addresses.PickupPoints.Tests.csproj", "{3F0C2A81-AE93-456B-857C-2AE817352519}"
EndProject
Project("{FAE04EC0-301F-11D3-BF4B-00C04F79EFBC}") = "NetSteps.Auth.UI.Common", "Libraries\NetSteps.Auth.UI.Common\NetSteps.Auth.UI.Common.csproj", "{D723CC1A-5F8B-441D-90C9-196DA3C76F23}"
EndProject
Project("{FAE04EC0-301F-11D3-BF4B-00C04F79EFBC}") = "NetSteps.Auth.UI.Service", "Libraries\NetSteps.Auth.UI.Service\NetSteps.Auth.UI.Service.csproj", "{7B5D4D42-182A-44A1-869C-CCD8AD47A619}"
EndProject
Project("{FAE04EC0-301F-11D3-BF4B-00C04F79EFBC}") = "NetSteps.Auth.UI.Service.Tests", "Libraries\NetSteps.Auth.UI.Service.Tests\NetSteps.Auth.UI.Service.Tests.csproj", "{3ED58CAD-7904-4CDC-BFD9-93E81BC32FD3}"
EndProject
Project("{FAE04EC0-301F-11D3-BF4B-00C04F79EFBC}") = "NetSteps.Accounts.Downline.UI.Common", "Libraries\NetSteps.Accounts.Downline.UI.Common\NetSteps.Accounts.Downline.UI.Common.csproj", "{1135C473-04BB-4D44-9483-9F4E746A936B}"
EndProject
Project("{FAE04EC0-301F-11D3-BF4B-00C04F79EFBC}") = "NetSteps.Accounts.Downline.UI.Service", "Libraries\NetSteps.Accounts.Downline.UI.Service\NetSteps.Accounts.Downline.UI.Service.csproj", "{7A4BA7E4-FC47-4EBC-9892-E8344B9BB778}"
EndProject
Project("{FAE04EC0-301F-11D3-BF4B-00C04F79EFBC}") = "NonCommissionablePaymentTypeProvider.Service", "Libraries\NonCommissionablePaymentTypeProvider.Service\NonCommissionablePaymentTypeProvider.Service.csproj", "{90B6D004-F0FE-44B5-88DF-606703DA85AA}"
EndProject
Project("{FAE04EC0-301F-11D3-BF4B-00C04F79EFBC}") = "NetSteps.Shipping.Service.Tests", "Libraries\NetSteps.Shipping.Service\NetSteps.Shipping.Service.Tests\NetSteps.Shipping.Service.Tests.csproj", "{F888BA6C-AD3B-4EA6-8BB6-9B5FA3D0D846}"
EndProject
Project("{FAE04EC0-301F-11D3-BF4B-00C04F79EFBC}") = "NetSteps.Shipping.Service", "Libraries\NetSteps.Shipping.Service\NetSteps.Shipping.Service.csproj", "{2A6F8882-17D3-4DB2-9067-CD69C9F3AEB6}"
EndProject
Project("{FAE04EC0-301F-11D3-BF4B-00C04F79EFBC}") = "NetSteps.AccountLeadService", "Libraries\NetSteps.AccountLeadService\NetSteps.AccountLeadService.csproj", "{F66A0AF9-AAA6-49A7-BF57-A0F303CF7B1A}"
EndProject
Project("{FAE04EC0-301F-11D3-BF4B-00C04F79EFBC}") = "NetSteps.AccountLeadService.Common", "Libraries\NetSteps.AccountLeadService.Common\NetSteps.AccountLeadService.Common.csproj", "{9B280636-B426-47E5-9176-9EAF432B184E}"
EndProject
Project("{FAE04EC0-301F-11D3-BF4B-00C04F79EFBC}") = "NetSteps.AccountLeadService.Tests", "Libraries\NetSteps.AccountLeadService.Tests\NetSteps.AccountLeadService.Tests.csproj", "{10391539-2C30-4B6C-BC74-E60CBC86835D}"
EndProject
Project("{2150E333-8FDC-42A3-9474-1A3956D46DE8}") = "TO NUGET", "TO NUGET", "{B5E1E83D-DB4B-4E14-A7D9-E4A1FB96CCBF}"
EndProject
Project("{FAE04EC0-301F-11D3-BF4B-00C04F79EFBC}") = "NetSteps.AccountLocatorService", "Libraries\NetSteps.AccountLocatorService\NetSteps.AccountLocatorService.csproj", "{BB50D889-69C0-413E-A89E-1009523FAAB9}"
EndProject
Project("{FAE04EC0-301F-11D3-BF4B-00C04F79EFBC}") = "NetSteps.AccountLocatorService.Common", "Libraries\NetSteps.AccountLocatorService.Common\NetSteps.AccountLocatorService.Common.csproj", "{8D832027-DF58-4109-BFB2-17618161C5A3}"
EndProject
Project("{FAE04EC0-301F-11D3-BF4B-00C04F79EFBC}") = "UPSQuery.TrackingNumberRetriever", "UPSQuery\UPSQuery.TrackingNumberRetriever\UPSQuery.TrackingNumberRetriever.csproj", "{C923363F-0824-4C12-AE93-3A5DA31E3A1E}"
EndProject
Global
	GlobalSection(TestCaseManagementSettings) = postSolution
		CategoryFile = Framework6.vsmdi
	EndGlobalSection
	GlobalSection(SolutionConfigurationPlatforms) = preSolution
		Debug|Any CPU = Debug|Any CPU
		Release|Any CPU = Release|Any CPU
		Staging|Any CPU = Staging|Any CPU
		Testing|Any CPU = Testing|Any CPU
	EndGlobalSection
	GlobalSection(ProjectConfigurationPlatforms) = postSolution
		{FA88FE0C-9AF1-4527-9DA5-5A572A04ECEB}.Debug|Any CPU.ActiveCfg = Debug|Any CPU
		{FA88FE0C-9AF1-4527-9DA5-5A572A04ECEB}.Debug|Any CPU.Build.0 = Debug|Any CPU
		{FA88FE0C-9AF1-4527-9DA5-5A572A04ECEB}.Release|Any CPU.ActiveCfg = Release|Any CPU
		{FA88FE0C-9AF1-4527-9DA5-5A572A04ECEB}.Release|Any CPU.Build.0 = Release|Any CPU
		{FA88FE0C-9AF1-4527-9DA5-5A572A04ECEB}.Staging|Any CPU.ActiveCfg = Staging|Any CPU
		{FA88FE0C-9AF1-4527-9DA5-5A572A04ECEB}.Staging|Any CPU.Build.0 = Staging|Any CPU
		{FA88FE0C-9AF1-4527-9DA5-5A572A04ECEB}.Testing|Any CPU.ActiveCfg = Testing|Any CPU
		{FA88FE0C-9AF1-4527-9DA5-5A572A04ECEB}.Testing|Any CPU.Build.0 = Testing|Any CPU
		{358F4C6F-4A37-4604-9C58-8031C55080D9}.Debug|Any CPU.ActiveCfg = Debug|Any CPU
		{358F4C6F-4A37-4604-9C58-8031C55080D9}.Debug|Any CPU.Build.0 = Debug|Any CPU
		{358F4C6F-4A37-4604-9C58-8031C55080D9}.Release|Any CPU.ActiveCfg = Release|Any CPU
		{358F4C6F-4A37-4604-9C58-8031C55080D9}.Release|Any CPU.Build.0 = Release|Any CPU
		{358F4C6F-4A37-4604-9C58-8031C55080D9}.Staging|Any CPU.ActiveCfg = Staging|Any CPU
		{358F4C6F-4A37-4604-9C58-8031C55080D9}.Staging|Any CPU.Build.0 = Staging|Any CPU
		{358F4C6F-4A37-4604-9C58-8031C55080D9}.Testing|Any CPU.ActiveCfg = Testing|Any CPU
		{358F4C6F-4A37-4604-9C58-8031C55080D9}.Testing|Any CPU.Build.0 = Testing|Any CPU
		{A6E761BD-19F1-492B-89E9-634B16077AC7}.Debug|Any CPU.ActiveCfg = Debug|Any CPU
		{A6E761BD-19F1-492B-89E9-634B16077AC7}.Debug|Any CPU.Build.0 = Debug|Any CPU
		{A6E761BD-19F1-492B-89E9-634B16077AC7}.Release|Any CPU.ActiveCfg = Release|Any CPU
		{A6E761BD-19F1-492B-89E9-634B16077AC7}.Release|Any CPU.Build.0 = Release|Any CPU
		{A6E761BD-19F1-492B-89E9-634B16077AC7}.Staging|Any CPU.ActiveCfg = Staging|Any CPU
		{A6E761BD-19F1-492B-89E9-634B16077AC7}.Staging|Any CPU.Build.0 = Staging|Any CPU
		{A6E761BD-19F1-492B-89E9-634B16077AC7}.Testing|Any CPU.ActiveCfg = Testing|Any CPU
		{A6E761BD-19F1-492B-89E9-634B16077AC7}.Testing|Any CPU.Build.0 = Testing|Any CPU
		{98E8542D-3574-4205-BD81-65747E03C032}.Debug|Any CPU.ActiveCfg = Debug|Any CPU
		{98E8542D-3574-4205-BD81-65747E03C032}.Debug|Any CPU.Build.0 = Debug|Any CPU
		{98E8542D-3574-4205-BD81-65747E03C032}.Release|Any CPU.ActiveCfg = Release|Any CPU
		{98E8542D-3574-4205-BD81-65747E03C032}.Release|Any CPU.Build.0 = Release|Any CPU
		{98E8542D-3574-4205-BD81-65747E03C032}.Staging|Any CPU.ActiveCfg = Staging|Any CPU
		{98E8542D-3574-4205-BD81-65747E03C032}.Staging|Any CPU.Build.0 = Staging|Any CPU
		{98E8542D-3574-4205-BD81-65747E03C032}.Testing|Any CPU.ActiveCfg = Testing|Any CPU
		{98E8542D-3574-4205-BD81-65747E03C032}.Testing|Any CPU.Build.0 = Testing|Any CPU
		{4DC5F439-122A-44CB-932A-910C7ECD8F0E}.Debug|Any CPU.ActiveCfg = Debug|Any CPU
		{4DC5F439-122A-44CB-932A-910C7ECD8F0E}.Debug|Any CPU.Build.0 = Debug|Any CPU
		{4DC5F439-122A-44CB-932A-910C7ECD8F0E}.Release|Any CPU.ActiveCfg = Release|Any CPU
		{4DC5F439-122A-44CB-932A-910C7ECD8F0E}.Release|Any CPU.Build.0 = Release|Any CPU
		{4DC5F439-122A-44CB-932A-910C7ECD8F0E}.Staging|Any CPU.ActiveCfg = Staging|Any CPU
		{4DC5F439-122A-44CB-932A-910C7ECD8F0E}.Staging|Any CPU.Build.0 = Staging|Any CPU
		{4DC5F439-122A-44CB-932A-910C7ECD8F0E}.Testing|Any CPU.ActiveCfg = Testing|Any CPU
		{4DC5F439-122A-44CB-932A-910C7ECD8F0E}.Testing|Any CPU.Build.0 = Testing|Any CPU
		{B396796E-CCFD-4310-AB09-C0D02580A3BD}.Debug|Any CPU.ActiveCfg = Debug|Any CPU
		{B396796E-CCFD-4310-AB09-C0D02580A3BD}.Debug|Any CPU.Build.0 = Debug|Any CPU
		{B396796E-CCFD-4310-AB09-C0D02580A3BD}.Release|Any CPU.ActiveCfg = Release|Any CPU
		{B396796E-CCFD-4310-AB09-C0D02580A3BD}.Release|Any CPU.Build.0 = Release|Any CPU
		{B396796E-CCFD-4310-AB09-C0D02580A3BD}.Staging|Any CPU.ActiveCfg = Staging|Any CPU
		{B396796E-CCFD-4310-AB09-C0D02580A3BD}.Staging|Any CPU.Build.0 = Staging|Any CPU
		{B396796E-CCFD-4310-AB09-C0D02580A3BD}.Testing|Any CPU.ActiveCfg = Testing|Any CPU
		{B396796E-CCFD-4310-AB09-C0D02580A3BD}.Testing|Any CPU.Build.0 = Testing|Any CPU
		{087C1BAC-EE40-4713-A559-599C6307DC1A}.Debug|Any CPU.ActiveCfg = Debug|Any CPU
		{087C1BAC-EE40-4713-A559-599C6307DC1A}.Debug|Any CPU.Build.0 = Debug|Any CPU
		{087C1BAC-EE40-4713-A559-599C6307DC1A}.Release|Any CPU.ActiveCfg = Release|Any CPU
		{087C1BAC-EE40-4713-A559-599C6307DC1A}.Release|Any CPU.Build.0 = Release|Any CPU
		{087C1BAC-EE40-4713-A559-599C6307DC1A}.Staging|Any CPU.ActiveCfg = Staging|Any CPU
		{087C1BAC-EE40-4713-A559-599C6307DC1A}.Staging|Any CPU.Build.0 = Staging|Any CPU
		{087C1BAC-EE40-4713-A559-599C6307DC1A}.Testing|Any CPU.ActiveCfg = Testing|Any CPU
		{087C1BAC-EE40-4713-A559-599C6307DC1A}.Testing|Any CPU.Build.0 = Testing|Any CPU
		{1AC33494-63E1-4F53-8877-AE0B51E53BAE}.Debug|Any CPU.ActiveCfg = Debug|Any CPU
		{1AC33494-63E1-4F53-8877-AE0B51E53BAE}.Debug|Any CPU.Build.0 = Debug|Any CPU
		{1AC33494-63E1-4F53-8877-AE0B51E53BAE}.Release|Any CPU.ActiveCfg = Release|Any CPU
		{1AC33494-63E1-4F53-8877-AE0B51E53BAE}.Release|Any CPU.Build.0 = Release|Any CPU
		{1AC33494-63E1-4F53-8877-AE0B51E53BAE}.Staging|Any CPU.ActiveCfg = Staging|Any CPU
		{1AC33494-63E1-4F53-8877-AE0B51E53BAE}.Staging|Any CPU.Build.0 = Staging|Any CPU
		{1AC33494-63E1-4F53-8877-AE0B51E53BAE}.Testing|Any CPU.ActiveCfg = Testing|Any CPU
		{1AC33494-63E1-4F53-8877-AE0B51E53BAE}.Testing|Any CPU.Build.0 = Testing|Any CPU
		{5065D161-D2F2-4C26-9967-0CB02C24003D}.Debug|Any CPU.ActiveCfg = Debug|Any CPU
		{5065D161-D2F2-4C26-9967-0CB02C24003D}.Debug|Any CPU.Build.0 = Debug|Any CPU
		{5065D161-D2F2-4C26-9967-0CB02C24003D}.Release|Any CPU.ActiveCfg = Release|Any CPU
		{5065D161-D2F2-4C26-9967-0CB02C24003D}.Release|Any CPU.Build.0 = Release|Any CPU
		{5065D161-D2F2-4C26-9967-0CB02C24003D}.Staging|Any CPU.ActiveCfg = Staging|Any CPU
		{5065D161-D2F2-4C26-9967-0CB02C24003D}.Staging|Any CPU.Build.0 = Staging|Any CPU
		{5065D161-D2F2-4C26-9967-0CB02C24003D}.Testing|Any CPU.ActiveCfg = Testing|Any CPU
		{5065D161-D2F2-4C26-9967-0CB02C24003D}.Testing|Any CPU.Build.0 = Testing|Any CPU
		{C5ED5777-EC7B-4975-8E87-8D51C5F8D25F}.Debug|Any CPU.ActiveCfg = Debug|Any CPU
		{C5ED5777-EC7B-4975-8E87-8D51C5F8D25F}.Debug|Any CPU.Build.0 = Debug|Any CPU
		{C5ED5777-EC7B-4975-8E87-8D51C5F8D25F}.Release|Any CPU.ActiveCfg = Release|Any CPU
		{C5ED5777-EC7B-4975-8E87-8D51C5F8D25F}.Release|Any CPU.Build.0 = Release|Any CPU
		{C5ED5777-EC7B-4975-8E87-8D51C5F8D25F}.Staging|Any CPU.ActiveCfg = Staging|Any CPU
		{C5ED5777-EC7B-4975-8E87-8D51C5F8D25F}.Staging|Any CPU.Build.0 = Staging|Any CPU
		{C5ED5777-EC7B-4975-8E87-8D51C5F8D25F}.Testing|Any CPU.ActiveCfg = Testing|Any CPU
		{C5ED5777-EC7B-4975-8E87-8D51C5F8D25F}.Testing|Any CPU.Build.0 = Testing|Any CPU
		{F80FD36E-6FAA-4579-B076-B1796809C840}.Debug|Any CPU.ActiveCfg = Debug|Any CPU
		{F80FD36E-6FAA-4579-B076-B1796809C840}.Debug|Any CPU.Build.0 = Debug|Any CPU
		{F80FD36E-6FAA-4579-B076-B1796809C840}.Release|Any CPU.ActiveCfg = Release|Any CPU
		{F80FD36E-6FAA-4579-B076-B1796809C840}.Release|Any CPU.Build.0 = Release|Any CPU
		{F80FD36E-6FAA-4579-B076-B1796809C840}.Staging|Any CPU.ActiveCfg = Staging|Any CPU
		{F80FD36E-6FAA-4579-B076-B1796809C840}.Staging|Any CPU.Build.0 = Staging|Any CPU
		{F80FD36E-6FAA-4579-B076-B1796809C840}.Testing|Any CPU.ActiveCfg = Testing|Any CPU
		{F80FD36E-6FAA-4579-B076-B1796809C840}.Testing|Any CPU.Build.0 = Testing|Any CPU
		{98F83B1E-19D1-4B86-85EF-8E1FA3B1D8A3}.Debug|Any CPU.ActiveCfg = Debug|Any CPU
		{98F83B1E-19D1-4B86-85EF-8E1FA3B1D8A3}.Debug|Any CPU.Build.0 = Debug|Any CPU
		{98F83B1E-19D1-4B86-85EF-8E1FA3B1D8A3}.Release|Any CPU.ActiveCfg = Release|Any CPU
		{98F83B1E-19D1-4B86-85EF-8E1FA3B1D8A3}.Release|Any CPU.Build.0 = Release|Any CPU
		{98F83B1E-19D1-4B86-85EF-8E1FA3B1D8A3}.Staging|Any CPU.ActiveCfg = Staging|Any CPU
		{98F83B1E-19D1-4B86-85EF-8E1FA3B1D8A3}.Staging|Any CPU.Build.0 = Staging|Any CPU
		{98F83B1E-19D1-4B86-85EF-8E1FA3B1D8A3}.Testing|Any CPU.ActiveCfg = Testing|Any CPU
		{98F83B1E-19D1-4B86-85EF-8E1FA3B1D8A3}.Testing|Any CPU.Build.0 = Testing|Any CPU
		{F07BD81D-EE29-47FA-88ED-FAD49C1EDF76}.Debug|Any CPU.ActiveCfg = Debug|Any CPU
		{F07BD81D-EE29-47FA-88ED-FAD49C1EDF76}.Debug|Any CPU.Build.0 = Debug|Any CPU
		{F07BD81D-EE29-47FA-88ED-FAD49C1EDF76}.Release|Any CPU.ActiveCfg = Release|Any CPU
		{F07BD81D-EE29-47FA-88ED-FAD49C1EDF76}.Release|Any CPU.Build.0 = Release|Any CPU
		{F07BD81D-EE29-47FA-88ED-FAD49C1EDF76}.Staging|Any CPU.ActiveCfg = Staging|Any CPU
		{F07BD81D-EE29-47FA-88ED-FAD49C1EDF76}.Staging|Any CPU.Build.0 = Staging|Any CPU
		{F07BD81D-EE29-47FA-88ED-FAD49C1EDF76}.Testing|Any CPU.ActiveCfg = Testing|Any CPU
		{F07BD81D-EE29-47FA-88ED-FAD49C1EDF76}.Testing|Any CPU.Build.0 = Testing|Any CPU
		{D36B49AF-9022-464E-BA5D-49F61E2210FF}.Debug|Any CPU.ActiveCfg = Debug|Any CPU
		{D36B49AF-9022-464E-BA5D-49F61E2210FF}.Debug|Any CPU.Build.0 = Debug|Any CPU
		{D36B49AF-9022-464E-BA5D-49F61E2210FF}.Release|Any CPU.ActiveCfg = Release|Any CPU
		{D36B49AF-9022-464E-BA5D-49F61E2210FF}.Release|Any CPU.Build.0 = Release|Any CPU
		{D36B49AF-9022-464E-BA5D-49F61E2210FF}.Staging|Any CPU.ActiveCfg = Staging|Any CPU
		{D36B49AF-9022-464E-BA5D-49F61E2210FF}.Staging|Any CPU.Build.0 = Staging|Any CPU
		{D36B49AF-9022-464E-BA5D-49F61E2210FF}.Testing|Any CPU.ActiveCfg = Testing|Any CPU
		{D36B49AF-9022-464E-BA5D-49F61E2210FF}.Testing|Any CPU.Build.0 = Testing|Any CPU
		{091B3C2E-0ACE-4343-8F21-FD84ADA06660}.Debug|Any CPU.ActiveCfg = Debug|Any CPU
		{091B3C2E-0ACE-4343-8F21-FD84ADA06660}.Debug|Any CPU.Build.0 = Debug|Any CPU
		{091B3C2E-0ACE-4343-8F21-FD84ADA06660}.Release|Any CPU.ActiveCfg = Release|Any CPU
		{091B3C2E-0ACE-4343-8F21-FD84ADA06660}.Release|Any CPU.Build.0 = Release|Any CPU
		{091B3C2E-0ACE-4343-8F21-FD84ADA06660}.Staging|Any CPU.ActiveCfg = Staging|Any CPU
		{091B3C2E-0ACE-4343-8F21-FD84ADA06660}.Staging|Any CPU.Build.0 = Staging|Any CPU
		{091B3C2E-0ACE-4343-8F21-FD84ADA06660}.Testing|Any CPU.ActiveCfg = Testing|Any CPU
		{091B3C2E-0ACE-4343-8F21-FD84ADA06660}.Testing|Any CPU.Build.0 = Testing|Any CPU
		{B0726062-4B25-4C26-87E2-9C2A1B4DDEFC}.Debug|Any CPU.ActiveCfg = Debug|Any CPU
		{B0726062-4B25-4C26-87E2-9C2A1B4DDEFC}.Debug|Any CPU.Build.0 = Debug|Any CPU
		{B0726062-4B25-4C26-87E2-9C2A1B4DDEFC}.Release|Any CPU.ActiveCfg = Release|Any CPU
		{B0726062-4B25-4C26-87E2-9C2A1B4DDEFC}.Release|Any CPU.Build.0 = Release|Any CPU
		{B0726062-4B25-4C26-87E2-9C2A1B4DDEFC}.Staging|Any CPU.ActiveCfg = Staging|Any CPU
		{B0726062-4B25-4C26-87E2-9C2A1B4DDEFC}.Staging|Any CPU.Build.0 = Staging|Any CPU
		{B0726062-4B25-4C26-87E2-9C2A1B4DDEFC}.Testing|Any CPU.ActiveCfg = Testing|Any CPU
		{B0726062-4B25-4C26-87E2-9C2A1B4DDEFC}.Testing|Any CPU.Build.0 = Testing|Any CPU
		{6EBFA563-F40C-48C1-805A-A2C8D68D6882}.Debug|Any CPU.ActiveCfg = Debug|Any CPU
		{6EBFA563-F40C-48C1-805A-A2C8D68D6882}.Debug|Any CPU.Build.0 = Debug|Any CPU
		{6EBFA563-F40C-48C1-805A-A2C8D68D6882}.Release|Any CPU.ActiveCfg = Release|Any CPU
		{6EBFA563-F40C-48C1-805A-A2C8D68D6882}.Release|Any CPU.Build.0 = Release|Any CPU
		{6EBFA563-F40C-48C1-805A-A2C8D68D6882}.Staging|Any CPU.ActiveCfg = Staging|Any CPU
		{6EBFA563-F40C-48C1-805A-A2C8D68D6882}.Staging|Any CPU.Build.0 = Staging|Any CPU
		{6EBFA563-F40C-48C1-805A-A2C8D68D6882}.Testing|Any CPU.ActiveCfg = Testing|Any CPU
		{6EBFA563-F40C-48C1-805A-A2C8D68D6882}.Testing|Any CPU.Build.0 = Testing|Any CPU
		{F101E82F-7651-4209-8413-AF5ADA1673F3}.Debug|Any CPU.ActiveCfg = Debug|Any CPU
		{F101E82F-7651-4209-8413-AF5ADA1673F3}.Debug|Any CPU.Build.0 = Debug|Any CPU
		{F101E82F-7651-4209-8413-AF5ADA1673F3}.Release|Any CPU.ActiveCfg = Release|Any CPU
		{F101E82F-7651-4209-8413-AF5ADA1673F3}.Release|Any CPU.Build.0 = Release|Any CPU
		{F101E82F-7651-4209-8413-AF5ADA1673F3}.Staging|Any CPU.ActiveCfg = Staging|Any CPU
		{F101E82F-7651-4209-8413-AF5ADA1673F3}.Staging|Any CPU.Build.0 = Staging|Any CPU
		{F101E82F-7651-4209-8413-AF5ADA1673F3}.Testing|Any CPU.ActiveCfg = Testing|Any CPU
		{F101E82F-7651-4209-8413-AF5ADA1673F3}.Testing|Any CPU.Build.0 = Testing|Any CPU
		{4F9D974E-A189-4C8E-8783-7FC4E8F16D9E}.Debug|Any CPU.ActiveCfg = Debug|Any CPU
		{4F9D974E-A189-4C8E-8783-7FC4E8F16D9E}.Debug|Any CPU.Build.0 = Debug|Any CPU
		{4F9D974E-A189-4C8E-8783-7FC4E8F16D9E}.Release|Any CPU.ActiveCfg = Release|Any CPU
		{4F9D974E-A189-4C8E-8783-7FC4E8F16D9E}.Release|Any CPU.Build.0 = Release|Any CPU
		{4F9D974E-A189-4C8E-8783-7FC4E8F16D9E}.Staging|Any CPU.ActiveCfg = Staging|Any CPU
		{4F9D974E-A189-4C8E-8783-7FC4E8F16D9E}.Staging|Any CPU.Build.0 = Staging|Any CPU
		{4F9D974E-A189-4C8E-8783-7FC4E8F16D9E}.Testing|Any CPU.ActiveCfg = Testing|Any CPU
		{4F9D974E-A189-4C8E-8783-7FC4E8F16D9E}.Testing|Any CPU.Build.0 = Testing|Any CPU
		{899CF6BA-504F-4683-A75E-D70CF27C5E54}.Debug|Any CPU.ActiveCfg = Debug|Any CPU
		{899CF6BA-504F-4683-A75E-D70CF27C5E54}.Debug|Any CPU.Build.0 = Debug|Any CPU
		{899CF6BA-504F-4683-A75E-D70CF27C5E54}.Release|Any CPU.ActiveCfg = Release|Any CPU
		{899CF6BA-504F-4683-A75E-D70CF27C5E54}.Release|Any CPU.Build.0 = Release|Any CPU
		{899CF6BA-504F-4683-A75E-D70CF27C5E54}.Staging|Any CPU.ActiveCfg = Staging|Any CPU
		{899CF6BA-504F-4683-A75E-D70CF27C5E54}.Staging|Any CPU.Build.0 = Staging|Any CPU
		{899CF6BA-504F-4683-A75E-D70CF27C5E54}.Testing|Any CPU.ActiveCfg = Testing|Any CPU
		{899CF6BA-504F-4683-A75E-D70CF27C5E54}.Testing|Any CPU.Build.0 = Testing|Any CPU
		{B4B67A17-B449-4052-8180-51838E5894DC}.Debug|Any CPU.ActiveCfg = Debug|Any CPU
		{B4B67A17-B449-4052-8180-51838E5894DC}.Debug|Any CPU.Build.0 = Debug|Any CPU
		{B4B67A17-B449-4052-8180-51838E5894DC}.Release|Any CPU.ActiveCfg = Release|Any CPU
		{B4B67A17-B449-4052-8180-51838E5894DC}.Release|Any CPU.Build.0 = Release|Any CPU
		{B4B67A17-B449-4052-8180-51838E5894DC}.Staging|Any CPU.ActiveCfg = Staging|Any CPU
		{B4B67A17-B449-4052-8180-51838E5894DC}.Staging|Any CPU.Build.0 = Staging|Any CPU
		{B4B67A17-B449-4052-8180-51838E5894DC}.Testing|Any CPU.ActiveCfg = Testing|Any CPU
		{B4B67A17-B449-4052-8180-51838E5894DC}.Testing|Any CPU.Build.0 = Testing|Any CPU
		{7D3F5CA1-09FE-4C9B-831F-F93966BD1359}.Debug|Any CPU.ActiveCfg = Debug|Any CPU
		{7D3F5CA1-09FE-4C9B-831F-F93966BD1359}.Debug|Any CPU.Build.0 = Debug|Any CPU
		{7D3F5CA1-09FE-4C9B-831F-F93966BD1359}.Release|Any CPU.ActiveCfg = Release|Any CPU
		{7D3F5CA1-09FE-4C9B-831F-F93966BD1359}.Release|Any CPU.Build.0 = Release|Any CPU
		{7D3F5CA1-09FE-4C9B-831F-F93966BD1359}.Staging|Any CPU.ActiveCfg = Staging|Any CPU
		{7D3F5CA1-09FE-4C9B-831F-F93966BD1359}.Staging|Any CPU.Build.0 = Staging|Any CPU
		{7D3F5CA1-09FE-4C9B-831F-F93966BD1359}.Testing|Any CPU.ActiveCfg = Testing|Any CPU
		{7D3F5CA1-09FE-4C9B-831F-F93966BD1359}.Testing|Any CPU.Build.0 = Testing|Any CPU
		{8C3C3002-A84F-4DC6-AAFC-6566AA3637B9}.Debug|Any CPU.ActiveCfg = Debug|Any CPU
		{8C3C3002-A84F-4DC6-AAFC-6566AA3637B9}.Debug|Any CPU.Build.0 = Debug|Any CPU
		{8C3C3002-A84F-4DC6-AAFC-6566AA3637B9}.Release|Any CPU.ActiveCfg = Release|Any CPU
		{8C3C3002-A84F-4DC6-AAFC-6566AA3637B9}.Release|Any CPU.Build.0 = Release|Any CPU
		{8C3C3002-A84F-4DC6-AAFC-6566AA3637B9}.Staging|Any CPU.ActiveCfg = Staging|Any CPU
		{8C3C3002-A84F-4DC6-AAFC-6566AA3637B9}.Staging|Any CPU.Build.0 = Staging|Any CPU
		{8C3C3002-A84F-4DC6-AAFC-6566AA3637B9}.Testing|Any CPU.ActiveCfg = Testing|Any CPU
		{8C3C3002-A84F-4DC6-AAFC-6566AA3637B9}.Testing|Any CPU.Build.0 = Testing|Any CPU
		{94E6C71C-6AB2-42B6-8893-A2964F889FBC}.Debug|Any CPU.ActiveCfg = Debug|Any CPU
		{94E6C71C-6AB2-42B6-8893-A2964F889FBC}.Debug|Any CPU.Build.0 = Debug|Any CPU
		{94E6C71C-6AB2-42B6-8893-A2964F889FBC}.Release|Any CPU.ActiveCfg = Release|Any CPU
		{94E6C71C-6AB2-42B6-8893-A2964F889FBC}.Release|Any CPU.Build.0 = Release|Any CPU
		{94E6C71C-6AB2-42B6-8893-A2964F889FBC}.Staging|Any CPU.ActiveCfg = Staging|Any CPU
		{94E6C71C-6AB2-42B6-8893-A2964F889FBC}.Staging|Any CPU.Build.0 = Staging|Any CPU
		{94E6C71C-6AB2-42B6-8893-A2964F889FBC}.Testing|Any CPU.ActiveCfg = Testing|Any CPU
		{94E6C71C-6AB2-42B6-8893-A2964F889FBC}.Testing|Any CPU.Build.0 = Testing|Any CPU
		{0980A28D-CE41-4300-86DD-1B1725DB9202}.Debug|Any CPU.ActiveCfg = Debug|Any CPU
		{0980A28D-CE41-4300-86DD-1B1725DB9202}.Debug|Any CPU.Build.0 = Debug|Any CPU
		{0980A28D-CE41-4300-86DD-1B1725DB9202}.Release|Any CPU.ActiveCfg = Release|Any CPU
		{0980A28D-CE41-4300-86DD-1B1725DB9202}.Release|Any CPU.Build.0 = Release|Any CPU
		{0980A28D-CE41-4300-86DD-1B1725DB9202}.Staging|Any CPU.ActiveCfg = Staging|Any CPU
		{0980A28D-CE41-4300-86DD-1B1725DB9202}.Staging|Any CPU.Build.0 = Staging|Any CPU
		{0980A28D-CE41-4300-86DD-1B1725DB9202}.Testing|Any CPU.ActiveCfg = Testing|Any CPU
		{0980A28D-CE41-4300-86DD-1B1725DB9202}.Testing|Any CPU.Build.0 = Testing|Any CPU
		{B167AF5D-18A4-4C4B-B356-B1DE2657BB0C}.Debug|Any CPU.ActiveCfg = Debug|Any CPU
		{B167AF5D-18A4-4C4B-B356-B1DE2657BB0C}.Debug|Any CPU.Build.0 = Debug|Any CPU
		{B167AF5D-18A4-4C4B-B356-B1DE2657BB0C}.Release|Any CPU.ActiveCfg = Release|Any CPU
		{B167AF5D-18A4-4C4B-B356-B1DE2657BB0C}.Release|Any CPU.Build.0 = Release|Any CPU
		{B167AF5D-18A4-4C4B-B356-B1DE2657BB0C}.Staging|Any CPU.ActiveCfg = Staging|Any CPU
		{B167AF5D-18A4-4C4B-B356-B1DE2657BB0C}.Staging|Any CPU.Build.0 = Staging|Any CPU
		{B167AF5D-18A4-4C4B-B356-B1DE2657BB0C}.Testing|Any CPU.ActiveCfg = Testing|Any CPU
		{B167AF5D-18A4-4C4B-B356-B1DE2657BB0C}.Testing|Any CPU.Build.0 = Testing|Any CPU
		{67962E29-D280-4E40-AAC3-1C19841A95C1}.Debug|Any CPU.ActiveCfg = Debug|Any CPU
		{67962E29-D280-4E40-AAC3-1C19841A95C1}.Debug|Any CPU.Build.0 = Debug|Any CPU
		{67962E29-D280-4E40-AAC3-1C19841A95C1}.Release|Any CPU.ActiveCfg = Release|Any CPU
		{67962E29-D280-4E40-AAC3-1C19841A95C1}.Release|Any CPU.Build.0 = Release|Any CPU
		{67962E29-D280-4E40-AAC3-1C19841A95C1}.Staging|Any CPU.ActiveCfg = Staging|Any CPU
		{67962E29-D280-4E40-AAC3-1C19841A95C1}.Staging|Any CPU.Build.0 = Staging|Any CPU
		{67962E29-D280-4E40-AAC3-1C19841A95C1}.Testing|Any CPU.ActiveCfg = Testing|Any CPU
		{67962E29-D280-4E40-AAC3-1C19841A95C1}.Testing|Any CPU.Build.0 = Testing|Any CPU
		{61E8C884-D3DF-4C62-ACD4-8CC930A7160C}.Debug|Any CPU.ActiveCfg = Debug|Any CPU
		{61E8C884-D3DF-4C62-ACD4-8CC930A7160C}.Debug|Any CPU.Build.0 = Debug|Any CPU
		{61E8C884-D3DF-4C62-ACD4-8CC930A7160C}.Release|Any CPU.ActiveCfg = Release|Any CPU
		{61E8C884-D3DF-4C62-ACD4-8CC930A7160C}.Release|Any CPU.Build.0 = Release|Any CPU
		{61E8C884-D3DF-4C62-ACD4-8CC930A7160C}.Staging|Any CPU.ActiveCfg = Staging|Any CPU
		{61E8C884-D3DF-4C62-ACD4-8CC930A7160C}.Staging|Any CPU.Build.0 = Staging|Any CPU
		{61E8C884-D3DF-4C62-ACD4-8CC930A7160C}.Testing|Any CPU.ActiveCfg = Testing|Any CPU
		{61E8C884-D3DF-4C62-ACD4-8CC930A7160C}.Testing|Any CPU.Build.0 = Testing|Any CPU
		{B8B95041-EFF5-4E61-8E87-479296A04DB7}.Debug|Any CPU.ActiveCfg = Debug|Any CPU
		{B8B95041-EFF5-4E61-8E87-479296A04DB7}.Debug|Any CPU.Build.0 = Debug|Any CPU
		{B8B95041-EFF5-4E61-8E87-479296A04DB7}.Release|Any CPU.ActiveCfg = Release|Any CPU
		{B8B95041-EFF5-4E61-8E87-479296A04DB7}.Release|Any CPU.Build.0 = Release|Any CPU
		{B8B95041-EFF5-4E61-8E87-479296A04DB7}.Staging|Any CPU.ActiveCfg = Staging|Any CPU
		{B8B95041-EFF5-4E61-8E87-479296A04DB7}.Staging|Any CPU.Build.0 = Staging|Any CPU
		{B8B95041-EFF5-4E61-8E87-479296A04DB7}.Testing|Any CPU.ActiveCfg = Testing|Any CPU
		{B8B95041-EFF5-4E61-8E87-479296A04DB7}.Testing|Any CPU.Build.0 = Testing|Any CPU
		{18B91E9E-6755-474B-A55F-FCFFCFFA4C84}.Debug|Any CPU.ActiveCfg = Debug|Any CPU
		{18B91E9E-6755-474B-A55F-FCFFCFFA4C84}.Debug|Any CPU.Build.0 = Debug|Any CPU
		{18B91E9E-6755-474B-A55F-FCFFCFFA4C84}.Release|Any CPU.ActiveCfg = Release|Any CPU
		{18B91E9E-6755-474B-A55F-FCFFCFFA4C84}.Release|Any CPU.Build.0 = Release|Any CPU
		{18B91E9E-6755-474B-A55F-FCFFCFFA4C84}.Staging|Any CPU.ActiveCfg = Staging|Any CPU
		{18B91E9E-6755-474B-A55F-FCFFCFFA4C84}.Staging|Any CPU.Build.0 = Staging|Any CPU
		{18B91E9E-6755-474B-A55F-FCFFCFFA4C84}.Testing|Any CPU.ActiveCfg = Testing|Any CPU
		{18B91E9E-6755-474B-A55F-FCFFCFFA4C84}.Testing|Any CPU.Build.0 = Testing|Any CPU
		{5F0390C2-0BBB-43B7-A233-E5909089A248}.Debug|Any CPU.ActiveCfg = Debug|Any CPU
		{5F0390C2-0BBB-43B7-A233-E5909089A248}.Debug|Any CPU.Build.0 = Debug|Any CPU
		{5F0390C2-0BBB-43B7-A233-E5909089A248}.Release|Any CPU.ActiveCfg = Release|Any CPU
		{5F0390C2-0BBB-43B7-A233-E5909089A248}.Release|Any CPU.Build.0 = Release|Any CPU
		{5F0390C2-0BBB-43B7-A233-E5909089A248}.Staging|Any CPU.ActiveCfg = Staging|Any CPU
		{5F0390C2-0BBB-43B7-A233-E5909089A248}.Staging|Any CPU.Build.0 = Staging|Any CPU
		{5F0390C2-0BBB-43B7-A233-E5909089A248}.Testing|Any CPU.ActiveCfg = Testing|Any CPU
		{5F0390C2-0BBB-43B7-A233-E5909089A248}.Testing|Any CPU.Build.0 = Testing|Any CPU
		{BC4F04E8-9F50-4478-B007-228DE3A9EBED}.Debug|Any CPU.ActiveCfg = Debug|Any CPU
		{BC4F04E8-9F50-4478-B007-228DE3A9EBED}.Debug|Any CPU.Build.0 = Debug|Any CPU
		{BC4F04E8-9F50-4478-B007-228DE3A9EBED}.Release|Any CPU.ActiveCfg = Release|Any CPU
		{BC4F04E8-9F50-4478-B007-228DE3A9EBED}.Release|Any CPU.Build.0 = Release|Any CPU
		{BC4F04E8-9F50-4478-B007-228DE3A9EBED}.Staging|Any CPU.ActiveCfg = Staging|Any CPU
		{BC4F04E8-9F50-4478-B007-228DE3A9EBED}.Staging|Any CPU.Build.0 = Staging|Any CPU
		{BC4F04E8-9F50-4478-B007-228DE3A9EBED}.Testing|Any CPU.ActiveCfg = Testing|Any CPU
		{BC4F04E8-9F50-4478-B007-228DE3A9EBED}.Testing|Any CPU.Build.0 = Testing|Any CPU
		{C7E11616-EECF-44EF-810C-A8FC4B10F718}.Debug|Any CPU.ActiveCfg = Debug|Any CPU
		{C7E11616-EECF-44EF-810C-A8FC4B10F718}.Debug|Any CPU.Build.0 = Debug|Any CPU
		{C7E11616-EECF-44EF-810C-A8FC4B10F718}.Release|Any CPU.ActiveCfg = Release|Any CPU
		{C7E11616-EECF-44EF-810C-A8FC4B10F718}.Release|Any CPU.Build.0 = Release|Any CPU
		{C7E11616-EECF-44EF-810C-A8FC4B10F718}.Staging|Any CPU.ActiveCfg = Staging|Any CPU
		{C7E11616-EECF-44EF-810C-A8FC4B10F718}.Staging|Any CPU.Build.0 = Staging|Any CPU
		{C7E11616-EECF-44EF-810C-A8FC4B10F718}.Testing|Any CPU.ActiveCfg = Testing|Any CPU
		{C7E11616-EECF-44EF-810C-A8FC4B10F718}.Testing|Any CPU.Build.0 = Testing|Any CPU
		{EC0EFB7E-9047-4A0F-93B3-828BD1668788}.Debug|Any CPU.ActiveCfg = Debug|Any CPU
		{EC0EFB7E-9047-4A0F-93B3-828BD1668788}.Debug|Any CPU.Build.0 = Debug|Any CPU
		{EC0EFB7E-9047-4A0F-93B3-828BD1668788}.Release|Any CPU.ActiveCfg = Release|Any CPU
		{EC0EFB7E-9047-4A0F-93B3-828BD1668788}.Release|Any CPU.Build.0 = Release|Any CPU
		{EC0EFB7E-9047-4A0F-93B3-828BD1668788}.Staging|Any CPU.ActiveCfg = Staging|Any CPU
		{EC0EFB7E-9047-4A0F-93B3-828BD1668788}.Staging|Any CPU.Build.0 = Staging|Any CPU
		{EC0EFB7E-9047-4A0F-93B3-828BD1668788}.Testing|Any CPU.ActiveCfg = Testing|Any CPU
		{EC0EFB7E-9047-4A0F-93B3-828BD1668788}.Testing|Any CPU.Build.0 = Testing|Any CPU
		{1100A980-7AD5-4C47-B6A6-76B942287762}.Debug|Any CPU.ActiveCfg = Debug|Any CPU
		{1100A980-7AD5-4C47-B6A6-76B942287762}.Debug|Any CPU.Build.0 = Debug|Any CPU
		{1100A980-7AD5-4C47-B6A6-76B942287762}.Release|Any CPU.ActiveCfg = Release|Any CPU
		{1100A980-7AD5-4C47-B6A6-76B942287762}.Release|Any CPU.Build.0 = Release|Any CPU
		{1100A980-7AD5-4C47-B6A6-76B942287762}.Staging|Any CPU.ActiveCfg = Staging|Any CPU
		{1100A980-7AD5-4C47-B6A6-76B942287762}.Staging|Any CPU.Build.0 = Staging|Any CPU
		{1100A980-7AD5-4C47-B6A6-76B942287762}.Testing|Any CPU.ActiveCfg = Testing|Any CPU
		{1100A980-7AD5-4C47-B6A6-76B942287762}.Testing|Any CPU.Build.0 = Testing|Any CPU
		{0656B1B3-C400-4AEE-8EA3-253A0CEAB978}.Debug|Any CPU.ActiveCfg = Debug|Any CPU
		{0656B1B3-C400-4AEE-8EA3-253A0CEAB978}.Debug|Any CPU.Build.0 = Debug|Any CPU
		{0656B1B3-C400-4AEE-8EA3-253A0CEAB978}.Release|Any CPU.ActiveCfg = Release|Any CPU
		{0656B1B3-C400-4AEE-8EA3-253A0CEAB978}.Release|Any CPU.Build.0 = Release|Any CPU
		{0656B1B3-C400-4AEE-8EA3-253A0CEAB978}.Staging|Any CPU.ActiveCfg = Staging|Any CPU
		{0656B1B3-C400-4AEE-8EA3-253A0CEAB978}.Staging|Any CPU.Build.0 = Staging|Any CPU
		{0656B1B3-C400-4AEE-8EA3-253A0CEAB978}.Testing|Any CPU.ActiveCfg = Testing|Any CPU
		{0656B1B3-C400-4AEE-8EA3-253A0CEAB978}.Testing|Any CPU.Build.0 = Testing|Any CPU
		{9C0D3C73-EDCF-40CB-8F33-3F739425E27F}.Debug|Any CPU.ActiveCfg = Debug|Any CPU
		{9C0D3C73-EDCF-40CB-8F33-3F739425E27F}.Debug|Any CPU.Build.0 = Debug|Any CPU
		{9C0D3C73-EDCF-40CB-8F33-3F739425E27F}.Release|Any CPU.ActiveCfg = Release|Any CPU
		{9C0D3C73-EDCF-40CB-8F33-3F739425E27F}.Release|Any CPU.Build.0 = Release|Any CPU
		{9C0D3C73-EDCF-40CB-8F33-3F739425E27F}.Staging|Any CPU.ActiveCfg = Staging|Any CPU
		{9C0D3C73-EDCF-40CB-8F33-3F739425E27F}.Staging|Any CPU.Build.0 = Staging|Any CPU
		{9C0D3C73-EDCF-40CB-8F33-3F739425E27F}.Testing|Any CPU.ActiveCfg = Testing|Any CPU
		{9C0D3C73-EDCF-40CB-8F33-3F739425E27F}.Testing|Any CPU.Build.0 = Testing|Any CPU
		{97A00BAB-5BC0-48BF-A9EE-99E836B1E968}.Debug|Any CPU.ActiveCfg = Debug|Any CPU
		{97A00BAB-5BC0-48BF-A9EE-99E836B1E968}.Debug|Any CPU.Build.0 = Debug|Any CPU
		{97A00BAB-5BC0-48BF-A9EE-99E836B1E968}.Release|Any CPU.ActiveCfg = Release|Any CPU
		{97A00BAB-5BC0-48BF-A9EE-99E836B1E968}.Release|Any CPU.Build.0 = Release|Any CPU
		{97A00BAB-5BC0-48BF-A9EE-99E836B1E968}.Staging|Any CPU.ActiveCfg = Staging|Any CPU
		{97A00BAB-5BC0-48BF-A9EE-99E836B1E968}.Staging|Any CPU.Build.0 = Staging|Any CPU
		{97A00BAB-5BC0-48BF-A9EE-99E836B1E968}.Testing|Any CPU.ActiveCfg = Testing|Any CPU
		{97A00BAB-5BC0-48BF-A9EE-99E836B1E968}.Testing|Any CPU.Build.0 = Testing|Any CPU
		{0B276416-F824-462E-9AB0-804F357E402D}.Debug|Any CPU.ActiveCfg = Debug|Any CPU
		{0B276416-F824-462E-9AB0-804F357E402D}.Debug|Any CPU.Build.0 = Debug|Any CPU
		{0B276416-F824-462E-9AB0-804F357E402D}.Release|Any CPU.ActiveCfg = Release|Any CPU
		{0B276416-F824-462E-9AB0-804F357E402D}.Release|Any CPU.Build.0 = Release|Any CPU
		{0B276416-F824-462E-9AB0-804F357E402D}.Staging|Any CPU.ActiveCfg = Staging|Any CPU
		{0B276416-F824-462E-9AB0-804F357E402D}.Staging|Any CPU.Build.0 = Staging|Any CPU
		{0B276416-F824-462E-9AB0-804F357E402D}.Testing|Any CPU.ActiveCfg = Testing|Any CPU
		{0B276416-F824-462E-9AB0-804F357E402D}.Testing|Any CPU.Build.0 = Testing|Any CPU
		{2AC8EEE3-932E-40E9-9C79-8874C2474FBC}.Debug|Any CPU.ActiveCfg = Debug|Any CPU
		{2AC8EEE3-932E-40E9-9C79-8874C2474FBC}.Debug|Any CPU.Build.0 = Debug|Any CPU
		{2AC8EEE3-932E-40E9-9C79-8874C2474FBC}.Release|Any CPU.ActiveCfg = Release|Any CPU
		{2AC8EEE3-932E-40E9-9C79-8874C2474FBC}.Release|Any CPU.Build.0 = Release|Any CPU
		{2AC8EEE3-932E-40E9-9C79-8874C2474FBC}.Staging|Any CPU.ActiveCfg = Staging|Any CPU
		{2AC8EEE3-932E-40E9-9C79-8874C2474FBC}.Staging|Any CPU.Build.0 = Staging|Any CPU
		{2AC8EEE3-932E-40E9-9C79-8874C2474FBC}.Testing|Any CPU.ActiveCfg = Testing|Any CPU
		{2AC8EEE3-932E-40E9-9C79-8874C2474FBC}.Testing|Any CPU.Build.0 = Testing|Any CPU
		{FF653297-E091-48F9-8EE0-60116749CCE9}.Debug|Any CPU.ActiveCfg = Debug|Any CPU
		{FF653297-E091-48F9-8EE0-60116749CCE9}.Debug|Any CPU.Build.0 = Debug|Any CPU
		{FF653297-E091-48F9-8EE0-60116749CCE9}.Release|Any CPU.ActiveCfg = Release|Any CPU
		{FF653297-E091-48F9-8EE0-60116749CCE9}.Release|Any CPU.Build.0 = Release|Any CPU
		{FF653297-E091-48F9-8EE0-60116749CCE9}.Staging|Any CPU.ActiveCfg = Staging|Any CPU
		{FF653297-E091-48F9-8EE0-60116749CCE9}.Staging|Any CPU.Build.0 = Staging|Any CPU
		{FF653297-E091-48F9-8EE0-60116749CCE9}.Testing|Any CPU.ActiveCfg = Testing|Any CPU
		{FF653297-E091-48F9-8EE0-60116749CCE9}.Testing|Any CPU.Build.0 = Testing|Any CPU
		{BB061D8A-7F36-4AFC-A5BA-425CAB636047}.Debug|Any CPU.ActiveCfg = Debug|Any CPU
		{BB061D8A-7F36-4AFC-A5BA-425CAB636047}.Debug|Any CPU.Build.0 = Debug|Any CPU
		{BB061D8A-7F36-4AFC-A5BA-425CAB636047}.Release|Any CPU.ActiveCfg = Release|Any CPU
		{BB061D8A-7F36-4AFC-A5BA-425CAB636047}.Release|Any CPU.Build.0 = Release|Any CPU
		{BB061D8A-7F36-4AFC-A5BA-425CAB636047}.Staging|Any CPU.ActiveCfg = Staging|Any CPU
		{BB061D8A-7F36-4AFC-A5BA-425CAB636047}.Staging|Any CPU.Build.0 = Staging|Any CPU
		{BB061D8A-7F36-4AFC-A5BA-425CAB636047}.Testing|Any CPU.ActiveCfg = Testing|Any CPU
		{BB061D8A-7F36-4AFC-A5BA-425CAB636047}.Testing|Any CPU.Build.0 = Testing|Any CPU
		{899D2084-5D46-4515-B0A3-A60F5C7654DD}.Debug|Any CPU.ActiveCfg = Debug|Any CPU
		{899D2084-5D46-4515-B0A3-A60F5C7654DD}.Debug|Any CPU.Build.0 = Debug|Any CPU
		{899D2084-5D46-4515-B0A3-A60F5C7654DD}.Release|Any CPU.ActiveCfg = Release|Any CPU
		{899D2084-5D46-4515-B0A3-A60F5C7654DD}.Release|Any CPU.Build.0 = Release|Any CPU
		{899D2084-5D46-4515-B0A3-A60F5C7654DD}.Staging|Any CPU.ActiveCfg = Staging|Any CPU
		{899D2084-5D46-4515-B0A3-A60F5C7654DD}.Staging|Any CPU.Build.0 = Staging|Any CPU
		{899D2084-5D46-4515-B0A3-A60F5C7654DD}.Testing|Any CPU.ActiveCfg = Testing|Any CPU
		{899D2084-5D46-4515-B0A3-A60F5C7654DD}.Testing|Any CPU.Build.0 = Testing|Any CPU
		{FF1C8D12-7244-4CAF-B693-9C16596FB0CB}.Debug|Any CPU.ActiveCfg = Debug|Any CPU
		{FF1C8D12-7244-4CAF-B693-9C16596FB0CB}.Debug|Any CPU.Build.0 = Debug|Any CPU
		{FF1C8D12-7244-4CAF-B693-9C16596FB0CB}.Release|Any CPU.ActiveCfg = Release|Any CPU
		{FF1C8D12-7244-4CAF-B693-9C16596FB0CB}.Release|Any CPU.Build.0 = Release|Any CPU
		{FF1C8D12-7244-4CAF-B693-9C16596FB0CB}.Staging|Any CPU.ActiveCfg = Staging|Any CPU
		{FF1C8D12-7244-4CAF-B693-9C16596FB0CB}.Staging|Any CPU.Build.0 = Staging|Any CPU
		{FF1C8D12-7244-4CAF-B693-9C16596FB0CB}.Testing|Any CPU.ActiveCfg = Testing|Any CPU
		{FF1C8D12-7244-4CAF-B693-9C16596FB0CB}.Testing|Any CPU.Build.0 = Testing|Any CPU
		{49C2D80D-BEF4-4D51-A4FF-CC0EB63623C8}.Debug|Any CPU.ActiveCfg = Debug|Any CPU
		{49C2D80D-BEF4-4D51-A4FF-CC0EB63623C8}.Debug|Any CPU.Build.0 = Debug|Any CPU
		{49C2D80D-BEF4-4D51-A4FF-CC0EB63623C8}.Release|Any CPU.ActiveCfg = Release|Any CPU
		{49C2D80D-BEF4-4D51-A4FF-CC0EB63623C8}.Release|Any CPU.Build.0 = Release|Any CPU
		{49C2D80D-BEF4-4D51-A4FF-CC0EB63623C8}.Staging|Any CPU.ActiveCfg = Staging|Any CPU
		{49C2D80D-BEF4-4D51-A4FF-CC0EB63623C8}.Staging|Any CPU.Build.0 = Staging|Any CPU
		{49C2D80D-BEF4-4D51-A4FF-CC0EB63623C8}.Testing|Any CPU.ActiveCfg = Testing|Any CPU
		{49C2D80D-BEF4-4D51-A4FF-CC0EB63623C8}.Testing|Any CPU.Build.0 = Testing|Any CPU
		{A6A00264-6AF5-4596-A2C2-1EF1036BEFC1}.Debug|Any CPU.ActiveCfg = Debug|Any CPU
		{A6A00264-6AF5-4596-A2C2-1EF1036BEFC1}.Debug|Any CPU.Build.0 = Debug|Any CPU
		{A6A00264-6AF5-4596-A2C2-1EF1036BEFC1}.Release|Any CPU.ActiveCfg = Release|Any CPU
		{A6A00264-6AF5-4596-A2C2-1EF1036BEFC1}.Release|Any CPU.Build.0 = Release|Any CPU
		{A6A00264-6AF5-4596-A2C2-1EF1036BEFC1}.Staging|Any CPU.ActiveCfg = Staging|Any CPU
		{A6A00264-6AF5-4596-A2C2-1EF1036BEFC1}.Staging|Any CPU.Build.0 = Staging|Any CPU
		{A6A00264-6AF5-4596-A2C2-1EF1036BEFC1}.Testing|Any CPU.ActiveCfg = Testing|Any CPU
		{A6A00264-6AF5-4596-A2C2-1EF1036BEFC1}.Testing|Any CPU.Build.0 = Testing|Any CPU
		{3C4676E3-EF84-4F4F-B0FD-F30491AD7303}.Debug|Any CPU.ActiveCfg = Debug|Any CPU
		{3C4676E3-EF84-4F4F-B0FD-F30491AD7303}.Debug|Any CPU.Build.0 = Debug|Any CPU
		{3C4676E3-EF84-4F4F-B0FD-F30491AD7303}.Release|Any CPU.ActiveCfg = Release|Any CPU
		{3C4676E3-EF84-4F4F-B0FD-F30491AD7303}.Release|Any CPU.Build.0 = Release|Any CPU
		{3C4676E3-EF84-4F4F-B0FD-F30491AD7303}.Staging|Any CPU.ActiveCfg = Staging|Any CPU
		{3C4676E3-EF84-4F4F-B0FD-F30491AD7303}.Staging|Any CPU.Build.0 = Staging|Any CPU
		{3C4676E3-EF84-4F4F-B0FD-F30491AD7303}.Testing|Any CPU.ActiveCfg = Testing|Any CPU
		{3C4676E3-EF84-4F4F-B0FD-F30491AD7303}.Testing|Any CPU.Build.0 = Testing|Any CPU
		{FCA8B843-5FAA-4B56-A9A1-BEACDEFC7973}.Debug|Any CPU.ActiveCfg = Debug|Any CPU
		{FCA8B843-5FAA-4B56-A9A1-BEACDEFC7973}.Debug|Any CPU.Build.0 = Debug|Any CPU
		{FCA8B843-5FAA-4B56-A9A1-BEACDEFC7973}.Release|Any CPU.ActiveCfg = Release|Any CPU
		{FCA8B843-5FAA-4B56-A9A1-BEACDEFC7973}.Release|Any CPU.Build.0 = Release|Any CPU
		{FCA8B843-5FAA-4B56-A9A1-BEACDEFC7973}.Staging|Any CPU.ActiveCfg = Staging|Any CPU
		{FCA8B843-5FAA-4B56-A9A1-BEACDEFC7973}.Staging|Any CPU.Build.0 = Staging|Any CPU
		{FCA8B843-5FAA-4B56-A9A1-BEACDEFC7973}.Testing|Any CPU.ActiveCfg = Testing|Any CPU
		{FCA8B843-5FAA-4B56-A9A1-BEACDEFC7973}.Testing|Any CPU.Build.0 = Testing|Any CPU
		{F70BF0C4-6939-4DFA-9422-767F6394BF06}.Debug|Any CPU.ActiveCfg = Debug|Any CPU
		{F70BF0C4-6939-4DFA-9422-767F6394BF06}.Debug|Any CPU.Build.0 = Debug|Any CPU
		{F70BF0C4-6939-4DFA-9422-767F6394BF06}.Release|Any CPU.ActiveCfg = Release|Any CPU
		{F70BF0C4-6939-4DFA-9422-767F6394BF06}.Release|Any CPU.Build.0 = Release|Any CPU
		{F70BF0C4-6939-4DFA-9422-767F6394BF06}.Staging|Any CPU.ActiveCfg = Staging|Any CPU
		{F70BF0C4-6939-4DFA-9422-767F6394BF06}.Staging|Any CPU.Build.0 = Staging|Any CPU
		{F70BF0C4-6939-4DFA-9422-767F6394BF06}.Testing|Any CPU.ActiveCfg = Testing|Any CPU
		{F70BF0C4-6939-4DFA-9422-767F6394BF06}.Testing|Any CPU.Build.0 = Testing|Any CPU
		{6DF415B3-780B-4E3D-A094-BBAF50834747}.Debug|Any CPU.ActiveCfg = Debug|Any CPU
		{6DF415B3-780B-4E3D-A094-BBAF50834747}.Debug|Any CPU.Build.0 = Debug|Any CPU
		{6DF415B3-780B-4E3D-A094-BBAF50834747}.Release|Any CPU.ActiveCfg = Release|Any CPU
		{6DF415B3-780B-4E3D-A094-BBAF50834747}.Release|Any CPU.Build.0 = Release|Any CPU
		{6DF415B3-780B-4E3D-A094-BBAF50834747}.Staging|Any CPU.ActiveCfg = Staging|Any CPU
		{6DF415B3-780B-4E3D-A094-BBAF50834747}.Staging|Any CPU.Build.0 = Staging|Any CPU
		{6DF415B3-780B-4E3D-A094-BBAF50834747}.Testing|Any CPU.ActiveCfg = Testing|Any CPU
		{6DF415B3-780B-4E3D-A094-BBAF50834747}.Testing|Any CPU.Build.0 = Testing|Any CPU
		{5BF4A9D9-A562-4198-ABB6-368544FD2C9C}.Debug|Any CPU.ActiveCfg = Debug|Any CPU
		{5BF4A9D9-A562-4198-ABB6-368544FD2C9C}.Debug|Any CPU.Build.0 = Debug|Any CPU
		{5BF4A9D9-A562-4198-ABB6-368544FD2C9C}.Release|Any CPU.ActiveCfg = Release|Any CPU
		{5BF4A9D9-A562-4198-ABB6-368544FD2C9C}.Release|Any CPU.Build.0 = Release|Any CPU
		{5BF4A9D9-A562-4198-ABB6-368544FD2C9C}.Staging|Any CPU.ActiveCfg = Staging|Any CPU
		{5BF4A9D9-A562-4198-ABB6-368544FD2C9C}.Staging|Any CPU.Build.0 = Staging|Any CPU
		{5BF4A9D9-A562-4198-ABB6-368544FD2C9C}.Testing|Any CPU.ActiveCfg = Testing|Any CPU
		{5BF4A9D9-A562-4198-ABB6-368544FD2C9C}.Testing|Any CPU.Build.0 = Testing|Any CPU
		{9BEB1E1B-7DE3-4E22-B0BA-9E74BAF38CE6}.Debug|Any CPU.ActiveCfg = Debug|Any CPU
		{9BEB1E1B-7DE3-4E22-B0BA-9E74BAF38CE6}.Debug|Any CPU.Build.0 = Debug|Any CPU
		{9BEB1E1B-7DE3-4E22-B0BA-9E74BAF38CE6}.Release|Any CPU.ActiveCfg = Release|Any CPU
		{9BEB1E1B-7DE3-4E22-B0BA-9E74BAF38CE6}.Release|Any CPU.Build.0 = Release|Any CPU
		{9BEB1E1B-7DE3-4E22-B0BA-9E74BAF38CE6}.Staging|Any CPU.ActiveCfg = Staging|Any CPU
		{9BEB1E1B-7DE3-4E22-B0BA-9E74BAF38CE6}.Staging|Any CPU.Build.0 = Staging|Any CPU
		{9BEB1E1B-7DE3-4E22-B0BA-9E74BAF38CE6}.Testing|Any CPU.ActiveCfg = Testing|Any CPU
		{9BEB1E1B-7DE3-4E22-B0BA-9E74BAF38CE6}.Testing|Any CPU.Build.0 = Testing|Any CPU
		{48124594-F695-40E1-B6AA-AEDC14A418D1}.Debug|Any CPU.ActiveCfg = Debug|Any CPU
		{48124594-F695-40E1-B6AA-AEDC14A418D1}.Debug|Any CPU.Build.0 = Debug|Any CPU
		{48124594-F695-40E1-B6AA-AEDC14A418D1}.Release|Any CPU.ActiveCfg = Release|Any CPU
		{48124594-F695-40E1-B6AA-AEDC14A418D1}.Release|Any CPU.Build.0 = Release|Any CPU
		{48124594-F695-40E1-B6AA-AEDC14A418D1}.Staging|Any CPU.ActiveCfg = Staging|Any CPU
		{48124594-F695-40E1-B6AA-AEDC14A418D1}.Staging|Any CPU.Build.0 = Staging|Any CPU
		{48124594-F695-40E1-B6AA-AEDC14A418D1}.Testing|Any CPU.ActiveCfg = Testing|Any CPU
		{48124594-F695-40E1-B6AA-AEDC14A418D1}.Testing|Any CPU.Build.0 = Testing|Any CPU
		{903F6A46-BA1B-4A37-93F9-859FCB3F7699}.Debug|Any CPU.ActiveCfg = Debug|Any CPU
		{903F6A46-BA1B-4A37-93F9-859FCB3F7699}.Debug|Any CPU.Build.0 = Debug|Any CPU
		{903F6A46-BA1B-4A37-93F9-859FCB3F7699}.Release|Any CPU.ActiveCfg = Release|Any CPU
		{903F6A46-BA1B-4A37-93F9-859FCB3F7699}.Release|Any CPU.Build.0 = Release|Any CPU
		{903F6A46-BA1B-4A37-93F9-859FCB3F7699}.Staging|Any CPU.ActiveCfg = Staging|Any CPU
		{903F6A46-BA1B-4A37-93F9-859FCB3F7699}.Staging|Any CPU.Build.0 = Staging|Any CPU
		{903F6A46-BA1B-4A37-93F9-859FCB3F7699}.Testing|Any CPU.ActiveCfg = Testing|Any CPU
		{903F6A46-BA1B-4A37-93F9-859FCB3F7699}.Testing|Any CPU.Build.0 = Testing|Any CPU
		{78368EF5-AB5F-454D-ABFB-543F877735B8}.Debug|Any CPU.ActiveCfg = Debug|Any CPU
		{78368EF5-AB5F-454D-ABFB-543F877735B8}.Debug|Any CPU.Build.0 = Debug|Any CPU
		{78368EF5-AB5F-454D-ABFB-543F877735B8}.Release|Any CPU.ActiveCfg = Release|Any CPU
		{78368EF5-AB5F-454D-ABFB-543F877735B8}.Release|Any CPU.Build.0 = Release|Any CPU
		{78368EF5-AB5F-454D-ABFB-543F877735B8}.Staging|Any CPU.ActiveCfg = Staging|Any CPU
		{78368EF5-AB5F-454D-ABFB-543F877735B8}.Staging|Any CPU.Build.0 = Staging|Any CPU
		{78368EF5-AB5F-454D-ABFB-543F877735B8}.Testing|Any CPU.ActiveCfg = Testing|Any CPU
		{78368EF5-AB5F-454D-ABFB-543F877735B8}.Testing|Any CPU.Build.0 = Testing|Any CPU
		{DCFD94DF-CB0D-46E7-8956-80DCE4A35282}.Debug|Any CPU.ActiveCfg = Debug|Any CPU
		{DCFD94DF-CB0D-46E7-8956-80DCE4A35282}.Debug|Any CPU.Build.0 = Debug|Any CPU
		{DCFD94DF-CB0D-46E7-8956-80DCE4A35282}.Release|Any CPU.ActiveCfg = Release|Any CPU
		{DCFD94DF-CB0D-46E7-8956-80DCE4A35282}.Release|Any CPU.Build.0 = Release|Any CPU
		{DCFD94DF-CB0D-46E7-8956-80DCE4A35282}.Staging|Any CPU.ActiveCfg = Staging|Any CPU
		{DCFD94DF-CB0D-46E7-8956-80DCE4A35282}.Staging|Any CPU.Build.0 = Staging|Any CPU
		{DCFD94DF-CB0D-46E7-8956-80DCE4A35282}.Testing|Any CPU.ActiveCfg = Testing|Any CPU
		{DCFD94DF-CB0D-46E7-8956-80DCE4A35282}.Testing|Any CPU.Build.0 = Testing|Any CPU
		{EB6073A2-8360-4546-A631-27AF383EEA1C}.Debug|Any CPU.ActiveCfg = Debug|Any CPU
		{EB6073A2-8360-4546-A631-27AF383EEA1C}.Debug|Any CPU.Build.0 = Debug|Any CPU
		{EB6073A2-8360-4546-A631-27AF383EEA1C}.Release|Any CPU.ActiveCfg = Release|Any CPU
		{EB6073A2-8360-4546-A631-27AF383EEA1C}.Release|Any CPU.Build.0 = Release|Any CPU
		{EB6073A2-8360-4546-A631-27AF383EEA1C}.Staging|Any CPU.ActiveCfg = Staging|Any CPU
		{EB6073A2-8360-4546-A631-27AF383EEA1C}.Staging|Any CPU.Build.0 = Staging|Any CPU
		{EB6073A2-8360-4546-A631-27AF383EEA1C}.Testing|Any CPU.ActiveCfg = Testing|Any CPU
		{EB6073A2-8360-4546-A631-27AF383EEA1C}.Testing|Any CPU.Build.0 = Testing|Any CPU
		{D37E6D86-FD39-4FF0-B4B3-8E6F844A8BB0}.Debug|Any CPU.ActiveCfg = Debug|Any CPU
		{D37E6D86-FD39-4FF0-B4B3-8E6F844A8BB0}.Debug|Any CPU.Build.0 = Debug|Any CPU
		{D37E6D86-FD39-4FF0-B4B3-8E6F844A8BB0}.Release|Any CPU.ActiveCfg = Release|Any CPU
		{D37E6D86-FD39-4FF0-B4B3-8E6F844A8BB0}.Release|Any CPU.Build.0 = Release|Any CPU
		{D37E6D86-FD39-4FF0-B4B3-8E6F844A8BB0}.Staging|Any CPU.ActiveCfg = Staging|Any CPU
		{D37E6D86-FD39-4FF0-B4B3-8E6F844A8BB0}.Staging|Any CPU.Build.0 = Staging|Any CPU
		{D37E6D86-FD39-4FF0-B4B3-8E6F844A8BB0}.Testing|Any CPU.ActiveCfg = Testing|Any CPU
		{D37E6D86-FD39-4FF0-B4B3-8E6F844A8BB0}.Testing|Any CPU.Build.0 = Testing|Any CPU
		{A8F74EC0-E993-4B38-BC69-6CC4E1167A16}.Debug|Any CPU.ActiveCfg = Debug|Any CPU
		{A8F74EC0-E993-4B38-BC69-6CC4E1167A16}.Debug|Any CPU.Build.0 = Debug|Any CPU
		{A8F74EC0-E993-4B38-BC69-6CC4E1167A16}.Release|Any CPU.ActiveCfg = Release|Any CPU
		{A8F74EC0-E993-4B38-BC69-6CC4E1167A16}.Release|Any CPU.Build.0 = Release|Any CPU
		{A8F74EC0-E993-4B38-BC69-6CC4E1167A16}.Staging|Any CPU.ActiveCfg = Staging|Any CPU
		{A8F74EC0-E993-4B38-BC69-6CC4E1167A16}.Staging|Any CPU.Build.0 = Staging|Any CPU
		{A8F74EC0-E993-4B38-BC69-6CC4E1167A16}.Testing|Any CPU.ActiveCfg = Testing|Any CPU
		{A8F74EC0-E993-4B38-BC69-6CC4E1167A16}.Testing|Any CPU.Build.0 = Testing|Any CPU
		{E8EA2739-7F30-46AA-8AC4-130006B4280D}.Debug|Any CPU.ActiveCfg = Debug|Any CPU
		{E8EA2739-7F30-46AA-8AC4-130006B4280D}.Debug|Any CPU.Build.0 = Debug|Any CPU
		{E8EA2739-7F30-46AA-8AC4-130006B4280D}.Release|Any CPU.ActiveCfg = Release|Any CPU
		{E8EA2739-7F30-46AA-8AC4-130006B4280D}.Release|Any CPU.Build.0 = Release|Any CPU
		{E8EA2739-7F30-46AA-8AC4-130006B4280D}.Staging|Any CPU.ActiveCfg = Staging|Any CPU
		{E8EA2739-7F30-46AA-8AC4-130006B4280D}.Staging|Any CPU.Build.0 = Staging|Any CPU
		{E8EA2739-7F30-46AA-8AC4-130006B4280D}.Testing|Any CPU.ActiveCfg = Testing|Any CPU
		{E8EA2739-7F30-46AA-8AC4-130006B4280D}.Testing|Any CPU.Build.0 = Testing|Any CPU
		{3F0C2A81-AE93-456B-857C-2AE817352519}.Debug|Any CPU.ActiveCfg = Debug|Any CPU
		{3F0C2A81-AE93-456B-857C-2AE817352519}.Debug|Any CPU.Build.0 = Debug|Any CPU
		{3F0C2A81-AE93-456B-857C-2AE817352519}.Release|Any CPU.ActiveCfg = Release|Any CPU
		{3F0C2A81-AE93-456B-857C-2AE817352519}.Release|Any CPU.Build.0 = Release|Any CPU
		{3F0C2A81-AE93-456B-857C-2AE817352519}.Staging|Any CPU.ActiveCfg = Staging|Any CPU
		{3F0C2A81-AE93-456B-857C-2AE817352519}.Staging|Any CPU.Build.0 = Staging|Any CPU
		{3F0C2A81-AE93-456B-857C-2AE817352519}.Testing|Any CPU.ActiveCfg = Testing|Any CPU
		{3F0C2A81-AE93-456B-857C-2AE817352519}.Testing|Any CPU.Build.0 = Testing|Any CPU
		{D723CC1A-5F8B-441D-90C9-196DA3C76F23}.Debug|Any CPU.ActiveCfg = Debug|Any CPU
		{D723CC1A-5F8B-441D-90C9-196DA3C76F23}.Debug|Any CPU.Build.0 = Debug|Any CPU
		{D723CC1A-5F8B-441D-90C9-196DA3C76F23}.Release|Any CPU.ActiveCfg = Release|Any CPU
		{D723CC1A-5F8B-441D-90C9-196DA3C76F23}.Release|Any CPU.Build.0 = Release|Any CPU
		{D723CC1A-5F8B-441D-90C9-196DA3C76F23}.Staging|Any CPU.ActiveCfg = Staging|Any CPU
		{D723CC1A-5F8B-441D-90C9-196DA3C76F23}.Staging|Any CPU.Build.0 = Staging|Any CPU
		{D723CC1A-5F8B-441D-90C9-196DA3C76F23}.Testing|Any CPU.ActiveCfg = Testing|Any CPU
		{D723CC1A-5F8B-441D-90C9-196DA3C76F23}.Testing|Any CPU.Build.0 = Testing|Any CPU
		{7B5D4D42-182A-44A1-869C-CCD8AD47A619}.Debug|Any CPU.ActiveCfg = Debug|Any CPU
		{7B5D4D42-182A-44A1-869C-CCD8AD47A619}.Debug|Any CPU.Build.0 = Debug|Any CPU
		{7B5D4D42-182A-44A1-869C-CCD8AD47A619}.Release|Any CPU.ActiveCfg = Release|Any CPU
		{7B5D4D42-182A-44A1-869C-CCD8AD47A619}.Release|Any CPU.Build.0 = Release|Any CPU
		{7B5D4D42-182A-44A1-869C-CCD8AD47A619}.Staging|Any CPU.ActiveCfg = Staging|Any CPU
		{7B5D4D42-182A-44A1-869C-CCD8AD47A619}.Staging|Any CPU.Build.0 = Staging|Any CPU
		{7B5D4D42-182A-44A1-869C-CCD8AD47A619}.Testing|Any CPU.ActiveCfg = Testing|Any CPU
		{7B5D4D42-182A-44A1-869C-CCD8AD47A619}.Testing|Any CPU.Build.0 = Testing|Any CPU
		{3ED58CAD-7904-4CDC-BFD9-93E81BC32FD3}.Debug|Any CPU.ActiveCfg = Debug|Any CPU
		{3ED58CAD-7904-4CDC-BFD9-93E81BC32FD3}.Debug|Any CPU.Build.0 = Debug|Any CPU
		{3ED58CAD-7904-4CDC-BFD9-93E81BC32FD3}.Release|Any CPU.ActiveCfg = Release|Any CPU
		{3ED58CAD-7904-4CDC-BFD9-93E81BC32FD3}.Release|Any CPU.Build.0 = Release|Any CPU
		{3ED58CAD-7904-4CDC-BFD9-93E81BC32FD3}.Staging|Any CPU.ActiveCfg = Staging|Any CPU
		{3ED58CAD-7904-4CDC-BFD9-93E81BC32FD3}.Staging|Any CPU.Build.0 = Staging|Any CPU
		{3ED58CAD-7904-4CDC-BFD9-93E81BC32FD3}.Testing|Any CPU.ActiveCfg = Testing|Any CPU
		{3ED58CAD-7904-4CDC-BFD9-93E81BC32FD3}.Testing|Any CPU.Build.0 = Testing|Any CPU
		{1135C473-04BB-4D44-9483-9F4E746A936B}.Debug|Any CPU.ActiveCfg = Debug|Any CPU
		{1135C473-04BB-4D44-9483-9F4E746A936B}.Debug|Any CPU.Build.0 = Debug|Any CPU
		{1135C473-04BB-4D44-9483-9F4E746A936B}.Release|Any CPU.ActiveCfg = Release|Any CPU
		{1135C473-04BB-4D44-9483-9F4E746A936B}.Release|Any CPU.Build.0 = Release|Any CPU
		{1135C473-04BB-4D44-9483-9F4E746A936B}.Staging|Any CPU.ActiveCfg = Staging|Any CPU
		{1135C473-04BB-4D44-9483-9F4E746A936B}.Staging|Any CPU.Build.0 = Staging|Any CPU
		{1135C473-04BB-4D44-9483-9F4E746A936B}.Testing|Any CPU.ActiveCfg = Testing|Any CPU
		{1135C473-04BB-4D44-9483-9F4E746A936B}.Testing|Any CPU.Build.0 = Testing|Any CPU
		{7A4BA7E4-FC47-4EBC-9892-E8344B9BB778}.Debug|Any CPU.ActiveCfg = Debug|Any CPU
		{7A4BA7E4-FC47-4EBC-9892-E8344B9BB778}.Debug|Any CPU.Build.0 = Debug|Any CPU
		{7A4BA7E4-FC47-4EBC-9892-E8344B9BB778}.Release|Any CPU.ActiveCfg = Release|Any CPU
		{7A4BA7E4-FC47-4EBC-9892-E8344B9BB778}.Release|Any CPU.Build.0 = Release|Any CPU
		{7A4BA7E4-FC47-4EBC-9892-E8344B9BB778}.Staging|Any CPU.ActiveCfg = Release|Any CPU
		{7A4BA7E4-FC47-4EBC-9892-E8344B9BB778}.Staging|Any CPU.Build.0 = Release|Any CPU
		{7A4BA7E4-FC47-4EBC-9892-E8344B9BB778}.Testing|Any CPU.ActiveCfg = Release|Any CPU
		{7A4BA7E4-FC47-4EBC-9892-E8344B9BB778}.Testing|Any CPU.Build.0 = Release|Any CPU
		{90B6D004-F0FE-44B5-88DF-606703DA85AA}.Debug|Any CPU.ActiveCfg = Debug|Any CPU
		{90B6D004-F0FE-44B5-88DF-606703DA85AA}.Debug|Any CPU.Build.0 = Debug|Any CPU
		{90B6D004-F0FE-44B5-88DF-606703DA85AA}.Release|Any CPU.ActiveCfg = Release|Any CPU
		{90B6D004-F0FE-44B5-88DF-606703DA85AA}.Release|Any CPU.Build.0 = Release|Any CPU
		{90B6D004-F0FE-44B5-88DF-606703DA85AA}.Staging|Any CPU.ActiveCfg = Release|Any CPU
		{90B6D004-F0FE-44B5-88DF-606703DA85AA}.Staging|Any CPU.Build.0 = Release|Any CPU
		{90B6D004-F0FE-44B5-88DF-606703DA85AA}.Testing|Any CPU.ActiveCfg = Release|Any CPU
		{90B6D004-F0FE-44B5-88DF-606703DA85AA}.Testing|Any CPU.Build.0 = Release|Any CPU
		{F888BA6C-AD3B-4EA6-8BB6-9B5FA3D0D846}.Debug|Any CPU.ActiveCfg = Debug|Any CPU
		{F888BA6C-AD3B-4EA6-8BB6-9B5FA3D0D846}.Debug|Any CPU.Build.0 = Debug|Any CPU
		{F888BA6C-AD3B-4EA6-8BB6-9B5FA3D0D846}.Release|Any CPU.ActiveCfg = Release|Any CPU
		{F888BA6C-AD3B-4EA6-8BB6-9B5FA3D0D846}.Release|Any CPU.Build.0 = Release|Any CPU
		{F888BA6C-AD3B-4EA6-8BB6-9B5FA3D0D846}.Staging|Any CPU.ActiveCfg = Debug|Any CPU
		{F888BA6C-AD3B-4EA6-8BB6-9B5FA3D0D846}.Staging|Any CPU.Build.0 = Debug|Any CPU
		{F888BA6C-AD3B-4EA6-8BB6-9B5FA3D0D846}.Testing|Any CPU.ActiveCfg = Debug|Any CPU
		{F888BA6C-AD3B-4EA6-8BB6-9B5FA3D0D846}.Testing|Any CPU.Build.0 = Debug|Any CPU
		{2A6F8882-17D3-4DB2-9067-CD69C9F3AEB6}.Debug|Any CPU.ActiveCfg = Debug|Any CPU
		{2A6F8882-17D3-4DB2-9067-CD69C9F3AEB6}.Debug|Any CPU.Build.0 = Debug|Any CPU
		{2A6F8882-17D3-4DB2-9067-CD69C9F3AEB6}.Release|Any CPU.ActiveCfg = Release|Any CPU
		{2A6F8882-17D3-4DB2-9067-CD69C9F3AEB6}.Release|Any CPU.Build.0 = Release|Any CPU
		{2A6F8882-17D3-4DB2-9067-CD69C9F3AEB6}.Staging|Any CPU.ActiveCfg = Debug|Any CPU
		{2A6F8882-17D3-4DB2-9067-CD69C9F3AEB6}.Staging|Any CPU.Build.0 = Debug|Any CPU
		{2A6F8882-17D3-4DB2-9067-CD69C9F3AEB6}.Testing|Any CPU.ActiveCfg = Debug|Any CPU
		{2A6F8882-17D3-4DB2-9067-CD69C9F3AEB6}.Testing|Any CPU.Build.0 = Debug|Any CPU
		{F66A0AF9-AAA6-49A7-BF57-A0F303CF7B1A}.Debug|Any CPU.ActiveCfg = Debug|Any CPU
		{F66A0AF9-AAA6-49A7-BF57-A0F303CF7B1A}.Debug|Any CPU.Build.0 = Debug|Any CPU
		{F66A0AF9-AAA6-49A7-BF57-A0F303CF7B1A}.Release|Any CPU.ActiveCfg = Release|Any CPU
		{F66A0AF9-AAA6-49A7-BF57-A0F303CF7B1A}.Release|Any CPU.Build.0 = Release|Any CPU
		{F66A0AF9-AAA6-49A7-BF57-A0F303CF7B1A}.Staging|Any CPU.ActiveCfg = Staging|Any CPU
		{F66A0AF9-AAA6-49A7-BF57-A0F303CF7B1A}.Staging|Any CPU.Build.0 = Staging|Any CPU
		{F66A0AF9-AAA6-49A7-BF57-A0F303CF7B1A}.Testing|Any CPU.ActiveCfg = Testing|Any CPU
		{F66A0AF9-AAA6-49A7-BF57-A0F303CF7B1A}.Testing|Any CPU.Build.0 = Testing|Any CPU
		{9B280636-B426-47E5-9176-9EAF432B184E}.Debug|Any CPU.ActiveCfg = Debug|Any CPU
		{9B280636-B426-47E5-9176-9EAF432B184E}.Debug|Any CPU.Build.0 = Debug|Any CPU
		{9B280636-B426-47E5-9176-9EAF432B184E}.Release|Any CPU.ActiveCfg = Release|Any CPU
		{9B280636-B426-47E5-9176-9EAF432B184E}.Release|Any CPU.Build.0 = Release|Any CPU
		{9B280636-B426-47E5-9176-9EAF432B184E}.Staging|Any CPU.ActiveCfg = Staging|Any CPU
		{9B280636-B426-47E5-9176-9EAF432B184E}.Staging|Any CPU.Build.0 = Staging|Any CPU
		{9B280636-B426-47E5-9176-9EAF432B184E}.Testing|Any CPU.ActiveCfg = Testing|Any CPU
		{9B280636-B426-47E5-9176-9EAF432B184E}.Testing|Any CPU.Build.0 = Testing|Any CPU
		{10391539-2C30-4B6C-BC74-E60CBC86835D}.Debug|Any CPU.ActiveCfg = Debug|Any CPU
		{10391539-2C30-4B6C-BC74-E60CBC86835D}.Debug|Any CPU.Build.0 = Debug|Any CPU
		{10391539-2C30-4B6C-BC74-E60CBC86835D}.Release|Any CPU.ActiveCfg = Release|Any CPU
		{10391539-2C30-4B6C-BC74-E60CBC86835D}.Release|Any CPU.Build.0 = Release|Any CPU
		{10391539-2C30-4B6C-BC74-E60CBC86835D}.Staging|Any CPU.ActiveCfg = Staging|Any CPU
		{10391539-2C30-4B6C-BC74-E60CBC86835D}.Staging|Any CPU.Build.0 = Staging|Any CPU
		{10391539-2C30-4B6C-BC74-E60CBC86835D}.Testing|Any CPU.ActiveCfg = Testing|Any CPU
		{10391539-2C30-4B6C-BC74-E60CBC86835D}.Testing|Any CPU.Build.0 = Testing|Any CPU
		{BB50D889-69C0-413E-A89E-1009523FAAB9}.Debug|Any CPU.ActiveCfg = Debug|Any CPU
		{BB50D889-69C0-413E-A89E-1009523FAAB9}.Debug|Any CPU.Build.0 = Debug|Any CPU
		{BB50D889-69C0-413E-A89E-1009523FAAB9}.Release|Any CPU.ActiveCfg = Release|Any CPU
		{BB50D889-69C0-413E-A89E-1009523FAAB9}.Release|Any CPU.Build.0 = Release|Any CPU
		{BB50D889-69C0-413E-A89E-1009523FAAB9}.Staging|Any CPU.ActiveCfg = Staging|Any CPU
		{BB50D889-69C0-413E-A89E-1009523FAAB9}.Staging|Any CPU.Build.0 = Staging|Any CPU
		{BB50D889-69C0-413E-A89E-1009523FAAB9}.Testing|Any CPU.ActiveCfg = Testing|Any CPU
		{BB50D889-69C0-413E-A89E-1009523FAAB9}.Testing|Any CPU.Build.0 = Testing|Any CPU
		{8D832027-DF58-4109-BFB2-17618161C5A3}.Debug|Any CPU.ActiveCfg = Debug|Any CPU
		{8D832027-DF58-4109-BFB2-17618161C5A3}.Debug|Any CPU.Build.0 = Debug|Any CPU
		{8D832027-DF58-4109-BFB2-17618161C5A3}.Release|Any CPU.ActiveCfg = Release|Any CPU
		{8D832027-DF58-4109-BFB2-17618161C5A3}.Release|Any CPU.Build.0 = Release|Any CPU
		{8D832027-DF58-4109-BFB2-17618161C5A3}.Staging|Any CPU.ActiveCfg = Staging|Any CPU
		{8D832027-DF58-4109-BFB2-17618161C5A3}.Staging|Any CPU.Build.0 = Staging|Any CPU
		{8D832027-DF58-4109-BFB2-17618161C5A3}.Testing|Any CPU.ActiveCfg = Testing|Any CPU
		{8D832027-DF58-4109-BFB2-17618161C5A3}.Testing|Any CPU.Build.0 = Testing|Any CPU
		{C923363F-0824-4C12-AE93-3A5DA31E3A1E}.Debug|Any CPU.ActiveCfg = Debug|Any CPU
		{C923363F-0824-4C12-AE93-3A5DA31E3A1E}.Debug|Any CPU.Build.0 = Debug|Any CPU
		{C923363F-0824-4C12-AE93-3A5DA31E3A1E}.Release|Any CPU.ActiveCfg = Release|Any CPU
		{C923363F-0824-4C12-AE93-3A5DA31E3A1E}.Release|Any CPU.Build.0 = Release|Any CPU
		{C923363F-0824-4C12-AE93-3A5DA31E3A1E}.Staging|Any CPU.ActiveCfg = Staging|Any CPU
		{C923363F-0824-4C12-AE93-3A5DA31E3A1E}.Staging|Any CPU.Build.0 = Staging|Any CPU
		{C923363F-0824-4C12-AE93-3A5DA31E3A1E}.Testing|Any CPU.ActiveCfg = Testing|Any CPU
		{C923363F-0824-4C12-AE93-3A5DA31E3A1E}.Testing|Any CPU.Build.0 = Testing|Any CPU
		{39F0A85A-D627-4F90-B979-984F8D0C144D}.Debug|Any CPU.ActiveCfg = Debug|Any CPU
		{39F0A85A-D627-4F90-B979-984F8D0C144D}.Debug|Any CPU.Build.0 = Debug|Any CPU
		{39F0A85A-D627-4F90-B979-984F8D0C144D}.Release|Any CPU.ActiveCfg = Release|Any CPU
		{39F0A85A-D627-4F90-B979-984F8D0C144D}.Release|Any CPU.Build.0 = Release|Any CPU
		{39F0A85A-D627-4F90-B979-984F8D0C144D}.Staging|Any CPU.ActiveCfg = Release|Any CPU
		{39F0A85A-D627-4F90-B979-984F8D0C144D}.Staging|Any CPU.Build.0 = Release|Any CPU
		{39F0A85A-D627-4F90-B979-984F8D0C144D}.Testing|Any CPU.ActiveCfg = Release|Any CPU
		{39F0A85A-D627-4F90-B979-984F8D0C144D}.Testing|Any CPU.Build.0 = Release|Any CPU
		{99A62821-19ED-4B74-9C00-0B81ACF058F0}.Debug|Any CPU.ActiveCfg = Debug|Any CPU
		{99A62821-19ED-4B74-9C00-0B81ACF058F0}.Debug|Any CPU.Build.0 = Debug|Any CPU
		{99A62821-19ED-4B74-9C00-0B81ACF058F0}.Release|Any CPU.ActiveCfg = Release|Any CPU
		{99A62821-19ED-4B74-9C00-0B81ACF058F0}.Release|Any CPU.Build.0 = Release|Any CPU
		{99A62821-19ED-4B74-9C00-0B81ACF058F0}.Staging|Any CPU.ActiveCfg = Release|Any CPU
		{99A62821-19ED-4B74-9C00-0B81ACF058F0}.Staging|Any CPU.Build.0 = Release|Any CPU
		{99A62821-19ED-4B74-9C00-0B81ACF058F0}.Testing|Any CPU.ActiveCfg = Release|Any CPU
		{99A62821-19ED-4B74-9C00-0B81ACF058F0}.Testing|Any CPU.Build.0 = Release|Any CPU
	EndGlobalSection
	GlobalSection(SolutionProperties) = preSolution
		HideSolutionNode = FALSE
	EndGlobalSection
	GlobalSection(NestedProjects) = preSolution
		{358F4C6F-4A37-4604-9C58-8031C55080D9} = {082B22B4-F29D-4CD6-B321-313A73037FB3}
		{FA88FE0C-9AF1-4527-9DA5-5A572A04ECEB} = {082B22B4-F29D-4CD6-B321-313A73037FB3}
		{98E8542D-3574-4205-BD81-65747E03C032} = {082B22B4-F29D-4CD6-B321-313A73037FB3}
		{4DC5F439-122A-44CB-932A-910C7ECD8F0E} = {082B22B4-F29D-4CD6-B321-313A73037FB3}
		{98F83B1E-19D1-4B86-85EF-8E1FA3B1D8A3} = {082B22B4-F29D-4CD6-B321-313A73037FB3}
		{B0726062-4B25-4C26-87E2-9C2A1B4DDEFC} = {082B22B4-F29D-4CD6-B321-313A73037FB3}
		{6EBFA563-F40C-48C1-805A-A2C8D68D6882} = {082B22B4-F29D-4CD6-B321-313A73037FB3}
		{F101E82F-7651-4209-8413-AF5ADA1673F3} = {082B22B4-F29D-4CD6-B321-313A73037FB3}
		{9C0D3C73-EDCF-40CB-8F33-3F739425E27F} = {082B22B4-F29D-4CD6-B321-313A73037FB3}
		{97A00BAB-5BC0-48BF-A9EE-99E836B1E968} = {082B22B4-F29D-4CD6-B321-313A73037FB3}
		{0B276416-F824-462E-9AB0-804F357E402D} = {082B22B4-F29D-4CD6-B321-313A73037FB3}
		{2AC8EEE3-932E-40E9-9C79-8874C2474FBC} = {082B22B4-F29D-4CD6-B321-313A73037FB3}
		{FF653297-E091-48F9-8EE0-60116749CCE9} = {082B22B4-F29D-4CD6-B321-313A73037FB3}
		{BB061D8A-7F36-4AFC-A5BA-425CAB636047} = {082B22B4-F29D-4CD6-B321-313A73037FB3}
		{899D2084-5D46-4515-B0A3-A60F5C7654DD} = {082B22B4-F29D-4CD6-B321-313A73037FB3}
		{FF1C8D12-7244-4CAF-B693-9C16596FB0CB} = {082B22B4-F29D-4CD6-B321-313A73037FB3}
		{49C2D80D-BEF4-4D51-A4FF-CC0EB63623C8} = {082B22B4-F29D-4CD6-B321-313A73037FB3}
		{A6A00264-6AF5-4596-A2C2-1EF1036BEFC1} = {082B22B4-F29D-4CD6-B321-313A73037FB3}
		{F70BF0C4-6939-4DFA-9422-767F6394BF06} = {082B22B4-F29D-4CD6-B321-313A73037FB3}
		{6DF415B3-780B-4E3D-A094-BBAF50834747} = {082B22B4-F29D-4CD6-B321-313A73037FB3}
		{5BF4A9D9-A562-4198-ABB6-368544FD2C9C} = {082B22B4-F29D-4CD6-B321-313A73037FB3}
		{78368EF5-AB5F-454D-ABFB-543F877735B8} = {082B22B4-F29D-4CD6-B321-313A73037FB3}
		{DCFD94DF-CB0D-46E7-8956-80DCE4A35282} = {082B22B4-F29D-4CD6-B321-313A73037FB3}
		{EB6073A2-8360-4546-A631-27AF383EEA1C} = {082B22B4-F29D-4CD6-B321-313A73037FB3}
		{D37E6D86-FD39-4FF0-B4B3-8E6F844A8BB0} = {082B22B4-F29D-4CD6-B321-313A73037FB3}
		{A8F74EC0-E993-4B38-BC69-6CC4E1167A16} = {082B22B4-F29D-4CD6-B321-313A73037FB3}
		{E8EA2739-7F30-46AA-8AC4-130006B4280D} = {082B22B4-F29D-4CD6-B321-313A73037FB3}
		{3F0C2A81-AE93-456B-857C-2AE817352519} = {082B22B4-F29D-4CD6-B321-313A73037FB3}
		{D723CC1A-5F8B-441D-90C9-196DA3C76F23} = {082B22B4-F29D-4CD6-B321-313A73037FB3}
		{7B5D4D42-182A-44A1-869C-CCD8AD47A619} = {082B22B4-F29D-4CD6-B321-313A73037FB3}
		{3ED58CAD-7904-4CDC-BFD9-93E81BC32FD3} = {082B22B4-F29D-4CD6-B321-313A73037FB3}
		{1135C473-04BB-4D44-9483-9F4E746A936B} = {082B22B4-F29D-4CD6-B321-313A73037FB3}
		{7A4BA7E4-FC47-4EBC-9892-E8344B9BB778} = {082B22B4-F29D-4CD6-B321-313A73037FB3}
		{90B6D004-F0FE-44B5-88DF-606703DA85AA} = {082B22B4-F29D-4CD6-B321-313A73037FB3}
		{F888BA6C-AD3B-4EA6-8BB6-9B5FA3D0D846} = {082B22B4-F29D-4CD6-B321-313A73037FB3}
		{2A6F8882-17D3-4DB2-9067-CD69C9F3AEB6} = {082B22B4-F29D-4CD6-B321-313A73037FB3}
		{39F0A85A-D627-4F90-B979-984F8D0C144D} = {082B22B4-F29D-4CD6-B321-313A73037FB3}
		{99A62821-19ED-4B74-9C00-0B81ACF058F0} = {082B22B4-F29D-4CD6-B321-313A73037FB3}
		{A6E761BD-19F1-492B-89E9-634B16077AC7} = {2C0D4E01-A8F4-43B1-BFFB-D0ED1F21DFA4}
		{B396796E-CCFD-4310-AB09-C0D02580A3BD} = {2C0D4E01-A8F4-43B1-BFFB-D0ED1F21DFA4}
		{087C1BAC-EE40-4713-A559-599C6307DC1A} = {2C0D4E01-A8F4-43B1-BFFB-D0ED1F21DFA4}
		{C5ED5777-EC7B-4975-8E87-8D51C5F8D25F} = {2C0D4E01-A8F4-43B1-BFFB-D0ED1F21DFA4}
		{F80FD36E-6FAA-4579-B076-B1796809C840} = {2C0D4E01-A8F4-43B1-BFFB-D0ED1F21DFA4}
		{F07BD81D-EE29-47FA-88ED-FAD49C1EDF76} = {2C0D4E01-A8F4-43B1-BFFB-D0ED1F21DFA4}
		{D36B49AF-9022-464E-BA5D-49F61E2210FF} = {2C0D4E01-A8F4-43B1-BFFB-D0ED1F21DFA4}
		{C7E11616-EECF-44EF-810C-A8FC4B10F718} = {2C0D4E01-A8F4-43B1-BFFB-D0ED1F21DFA4}
		{1100A980-7AD5-4C47-B6A6-76B942287762} = {2C0D4E01-A8F4-43B1-BFFB-D0ED1F21DFA4}
		{1AC33494-63E1-4F53-8877-AE0B51E53BAE} = {CF826B59-8F9A-4C6A-872F-6D3C2EF3E5F1}
		{5065D161-D2F2-4C26-9967-0CB02C24003D} = {13D3CF39-0AE3-48D1-B619-F985C6F9BCA7}
		{091B3C2E-0ACE-4343-8F21-FD84ADA06660} = {13D3CF39-0AE3-48D1-B619-F985C6F9BCA7}
		{4F9D974E-A189-4C8E-8783-7FC4E8F16D9E} = {C224C7A4-9AE2-42CE-BE3C-4D3D44A56074}
		{899CF6BA-504F-4683-A75E-D70CF27C5E54} = {C224C7A4-9AE2-42CE-BE3C-4D3D44A56074}
		{77C40B57-58A2-4A19-8D8F-02DAD07A09A3} = {6E384A7E-5F4A-4B7C-8FE7-B68F9F484A0E}
		{0B20E793-967B-4F7E-87A1-BEE026344EF4} = {77C40B57-58A2-4A19-8D8F-02DAD07A09A3}
		{B4B67A17-B449-4052-8180-51838E5894DC} = {77C40B57-58A2-4A19-8D8F-02DAD07A09A3}
		{7D3F5CA1-09FE-4C9B-831F-F93966BD1359} = {77C40B57-58A2-4A19-8D8F-02DAD07A09A3}
		{8C3C3002-A84F-4DC6-AAFC-6566AA3637B9} = {0B20E793-967B-4F7E-87A1-BEE026344EF4}
		{94E6C71C-6AB2-42B6-8893-A2964F889FBC} = {0B20E793-967B-4F7E-87A1-BEE026344EF4}
		{0980A28D-CE41-4300-86DD-1B1725DB9202} = {0B20E793-967B-4F7E-87A1-BEE026344EF4}
		{B167AF5D-18A4-4C4B-B356-B1DE2657BB0C} = {0B20E793-967B-4F7E-87A1-BEE026344EF4}
		{67962E29-D280-4E40-AAC3-1C19841A95C1} = {0B20E793-967B-4F7E-87A1-BEE026344EF4}
		{61E8C884-D3DF-4C62-ACD4-8CC930A7160C} = {0B20E793-967B-4F7E-87A1-BEE026344EF4}
		{B8B95041-EFF5-4E61-8E87-479296A04DB7} = {0B20E793-967B-4F7E-87A1-BEE026344EF4}
		{18B91E9E-6755-474B-A55F-FCFFCFFA4C84} = {0B20E793-967B-4F7E-87A1-BEE026344EF4}
		{5F0390C2-0BBB-43B7-A233-E5909089A248} = {0B20E793-967B-4F7E-87A1-BEE026344EF4}
		{BC4F04E8-9F50-4478-B007-228DE3A9EBED} = {0B20E793-967B-4F7E-87A1-BEE026344EF4}
		{0656B1B3-C400-4AEE-8EA3-253A0CEAB978} = {0B20E793-967B-4F7E-87A1-BEE026344EF4}
		{EC0EFB7E-9047-4A0F-93B3-828BD1668788} = {C3461D1C-6025-4ECA-B1AA-98498F6C6107}
		{3C4676E3-EF84-4F4F-B0FD-F30491AD7303} = {C3461D1C-6025-4ECA-B1AA-98498F6C6107}
		{FCA8B843-5FAA-4B56-A9A1-BEACDEFC7973} = {C3461D1C-6025-4ECA-B1AA-98498F6C6107}
		{9BEB1E1B-7DE3-4E22-B0BA-9E74BAF38CE6} = {F3F34EDA-ED3D-4B54-ACB4-3F4F12A94CA5}
		{48124594-F695-40E1-B6AA-AEDC14A418D1} = {F3F34EDA-ED3D-4B54-ACB4-3F4F12A94CA5}
		{903F6A46-BA1B-4A37-93F9-859FCB3F7699} = {F3F34EDA-ED3D-4B54-ACB4-3F4F12A94CA5}
		{C923363F-0824-4C12-AE93-3A5DA31E3A1E} = {F3F34EDA-ED3D-4B54-ACB4-3F4F12A94CA5}
		{9B280636-B426-47E5-9176-9EAF432B184E} = {B5E1E83D-DB4B-4E14-A7D9-E4A1FB96CCBF}
		{10391539-2C30-4B6C-BC74-E60CBC86835D} = {B5E1E83D-DB4B-4E14-A7D9-E4A1FB96CCBF}
		{F66A0AF9-AAA6-49A7-BF57-A0F303CF7B1A} = {B5E1E83D-DB4B-4E14-A7D9-E4A1FB96CCBF}
		{BB50D889-69C0-413E-A89E-1009523FAAB9} = {B5E1E83D-DB4B-4E14-A7D9-E4A1FB96CCBF}
		{8D832027-DF58-4109-BFB2-17618161C5A3} = {B5E1E83D-DB4B-4E14-A7D9-E4A1FB96CCBF}
	EndGlobalSection
	GlobalSection(ExtensibilityGlobals) = postSolution
		EnterpriseLibraryConfigurationToolBinariesPath = packages\Unity.2.1.505.2\lib\NET35;packages\Unity.Interception.2.1.505.2\lib\NET35;packages\EnterpriseLibrary.Common.5.0.505.0\lib\NET35;packages\EnterpriseLibrary.Logging.5.0.505.1\lib\NET35
	EndGlobalSection
EndGlobal
