
Microsoft Visual Studio Solution File, Format Version 11.00
# Visual Studio 2010
Project("{FAE04EC0-301F-11D3-BF4B-00C04F79EFBC}") = "Cart.Common", "Cart.Common\Cart.Common.csproj", "{0103685C-0682-4DCB-B130-72DBF34930EB}"
EndProject
Project("{2150E333-8FDC-42A3-9474-1A3956D46DE8}") = "Solution Items", "Solution Items", "{9B81F61C-E06F-4F10-AB9A-42A8E5CF85BE}"
	ProjectSection(SolutionItems) = preProject
		Cart.Common.vsmdi = Cart.Common.vsmdi
		Local.testsettings = Local.testsettings
		TraceAndTestImpact.testsettings = TraceAndTestImpact.testsettings
	EndProjectSection
EndProject
Project("{FAE04EC0-301F-11D3-BF4B-00C04F79EFBC}") = "Cart.Common.Tests", "Cart.Common\Cart.Common.Tests\Cart.Common.Tests.csproj", "{3C236E05-5C4D-4336-8A66-A0C940B2FAD8}"
EndProject
Project("{FAE04EC0-301F-11D3-BF4B-00C04F79EFBC}") = "Cart.DemoWebsite", "Cart.DemoWebsite\Cart.DemoWebsite.csproj", "{87D5CE6E-ACA9-4D18-B4E0-742F72A61F0F}"
EndProject
Project("{FAE04EC0-301F-11D3-BF4B-00C04F79EFBC}") = "Cart.DemoWebsite.Tests", "Cart.DemoWebsite\Cart.DemoWebsite.Tests\Cart.DemoWebsite.Tests.csproj", "{14033B37-1089-453A-9A4D-98101F0FDC90}"
EndProject
Global
	GlobalSection(TestCaseManagementSettings) = postSolution
		CategoryFile = Cart.Common.vsmdi
	EndGlobalSection
	GlobalSection(SolutionConfigurationPlatforms) = preSolution
		Debug|Any CPU = Debug|Any CPU
		Release|Any CPU = Release|Any CPU
		Staging|Any CPU = Staging|Any CPU
		Testing|Any CPU = Testing|Any CPU
	EndGlobalSection
	GlobalSection(ProjectConfigurationPlatforms) = postSolution
		{0103685C-0682-4DCB-B130-72DBF34930EB}.Debug|Any CPU.ActiveCfg = Debug|Any CPU
		{0103685C-0682-4DCB-B130-72DBF34930EB}.Debug|Any CPU.Build.0 = Debug|Any CPU
		{0103685C-0682-4DCB-B130-72DBF34930EB}.Release|Any CPU.ActiveCfg = Release|Any CPU
		{0103685C-0682-4DCB-B130-72DBF34930EB}.Release|Any CPU.Build.0 = Release|Any CPU
		{0103685C-0682-4DCB-B130-72DBF34930EB}.Staging|Any CPU.ActiveCfg = Staging|Any CPU
		{0103685C-0682-4DCB-B130-72DBF34930EB}.Staging|Any CPU.Build.0 = Staging|Any CPU
		{0103685C-0682-4DCB-B130-72DBF34930EB}.Testing|Any CPU.ActiveCfg = Testing|Any CPU
		{0103685C-0682-4DCB-B130-72DBF34930EB}.Testing|Any CPU.Build.0 = Testing|Any CPU
		{3C236E05-5C4D-4336-8A66-A0C940B2FAD8}.Debug|Any CPU.ActiveCfg = Debug|Any CPU
		{3C236E05-5C4D-4336-8A66-A0C940B2FAD8}.Debug|Any CPU.Build.0 = Debug|Any CPU
		{3C236E05-5C4D-4336-8A66-A0C940B2FAD8}.Release|Any CPU.ActiveCfg = Release|Any CPU
		{3C236E05-5C4D-4336-8A66-A0C940B2FAD8}.Release|Any CPU.Build.0 = Release|Any CPU
		{3C236E05-5C4D-4336-8A66-A0C940B2FAD8}.Staging|Any CPU.ActiveCfg = Staging|Any CPU
		{3C236E05-5C4D-4336-8A66-A0C940B2FAD8}.Staging|Any CPU.Build.0 = Staging|Any CPU
		{3C236E05-5C4D-4336-8A66-A0C940B2FAD8}.Testing|Any CPU.ActiveCfg = Testing|Any CPU
		{3C236E05-5C4D-4336-8A66-A0C940B2FAD8}.Testing|Any CPU.Build.0 = Testing|Any CPU
		{87D5CE6E-ACA9-4D18-B4E0-742F72A61F0F}.Debug|Any CPU.ActiveCfg = Debug|Any CPU
		{87D5CE6E-ACA9-4D18-B4E0-742F72A61F0F}.Debug|Any CPU.Build.0 = Debug|Any CPU
		{87D5CE6E-ACA9-4D18-B4E0-742F72A61F0F}.Release|Any CPU.ActiveCfg = Release|Any CPU
		{87D5CE6E-ACA9-4D18-B4E0-742F72A61F0F}.Release|Any CPU.Build.0 = Release|Any CPU
		{87D5CE6E-ACA9-4D18-B4E0-742F72A61F0F}.Staging|Any CPU.ActiveCfg = Staging|Any CPU
		{87D5CE6E-ACA9-4D18-B4E0-742F72A61F0F}.Staging|Any CPU.Build.0 = Staging|Any CPU
		{87D5CE6E-ACA9-4D18-B4E0-742F72A61F0F}.Testing|Any CPU.ActiveCfg = Testing|Any CPU
		{87D5CE6E-ACA9-4D18-B4E0-742F72A61F0F}.Testing|Any CPU.Build.0 = Testing|Any CPU
		{14033B37-1089-453A-9A4D-98101F0FDC90}.Debug|Any CPU.ActiveCfg = Debug|Any CPU
		{14033B37-1089-453A-9A4D-98101F0FDC90}.Debug|Any CPU.Build.0 = Debug|Any CPU
		{14033B37-1089-453A-9A4D-98101F0FDC90}.Release|Any CPU.ActiveCfg = Release|Any CPU
		{14033B37-1089-453A-9A4D-98101F0FDC90}.Release|Any CPU.Build.0 = Release|Any CPU
		{14033B37-1089-453A-9A4D-98101F0FDC90}.Staging|Any CPU.ActiveCfg = Staging|Any CPU
		{14033B37-1089-453A-9A4D-98101F0FDC90}.Staging|Any CPU.Build.0 = Staging|Any CPU
		{14033B37-1089-453A-9A4D-98101F0FDC90}.Testing|Any CPU.ActiveCfg = Testing|Any CPU
		{14033B37-1089-453A-9A4D-98101F0FDC90}.Testing|Any CPU.Build.0 = Testing|Any CPU
	EndGlobalSection
	GlobalSection(SolutionProperties) = preSolution
		HideSolutionNode = FALSE
	EndGlobalSection
EndGlobal
