
Microsoft Visual Studio Solution File, Format Version 12.00
# Visual Studio 2012
Project("{FAE04EC0-301F-11D3-BF4B-00C04F79EFBC}") = "AzureBlobStorage", "Source\AzureBlobStorage.csproj", "{6809E1A6-BDFF-4FC7-870B-CAD07947A700}"
EndProject
Project("{FAE04EC0-301F-11D3-BF4B-00C04F79EFBC}") = "AzureBlobStorage.Tests", "Source\Tests\AzureBlobStorage.Tests.csproj", "{0E1E6A83-B8AB-41BC-A372-1E25D58DAC63}"
EndProject
Global
	GlobalSection(SolutionConfigurationPlatforms) = preSolution
		Debug|Any CPU = Debug|Any CPU
		Release|Any CPU = Release|Any CPU
	EndGlobalSection
	GlobalSection(ProjectConfigurationPlatforms) = postSolution
		{6809E1A6-BDFF-4FC7-870B-CAD07947A700}.Debug|Any CPU.ActiveCfg = Debug|Any CPU
		{6809E1A6-BDFF-4FC7-870B-CAD07947A700}.Debug|Any CPU.Build.0 = Debug|Any CPU
		{6809E1A6-BDFF-4FC7-870B-CAD07947A700}.Release|Any CPU.ActiveCfg = Release|Any CPU
		{6809E1A6-BDFF-4FC7-870B-CAD07947A700}.Release|Any CPU.Build.0 = Release|Any CPU
		{0E1E6A83-B8AB-41BC-A372-1E25D58DAC63}.Debug|Any CPU.ActiveCfg = Debug|Any CPU
		{0E1E6A83-B8AB-41BC-A372-1E25D58DAC63}.Debug|Any CPU.Build.0 = Debug|Any CPU
		{0E1E6A83-B8AB-41BC-A372-1E25D58DAC63}.Release|Any CPU.ActiveCfg = Release|Any CPU
		{0E1E6A83-B8AB-41BC-A372-1E25D58DAC63}.Release|Any CPU.Build.0 = Release|Any CPU
	EndGlobalSection
	GlobalSection(SolutionProperties) = preSolution
		HideSolutionNode = FALSE
	EndGlobalSection
EndGlobal
