
Microsoft Visual Studio Solution File, Format Version 11.00
# Visual Studio 2010
Project("{FAE04EC0-301F-11D3-BF4B-00C04F79EFBC}") = "NetSteps.Modules.Order.Common", "NetSteps.Modules.Order.Common\NetSteps.Modules.Order.Common.csproj", "{7CE3DD51-5C1A-4702-9C08-C6B70C86B754}"
EndProject
Project("{FAE04EC0-301F-11D3-BF4B-00C04F79EFBC}") = "NetSteps.Modules.Order.Tests", "NetSteps.Modules.Order.Tests\NetSteps.Modules.Order.Tests.csproj", "{541686AA-B4FD-4530-A22B-FEA267220641}"
EndProject
Global
	GlobalSection(TestCaseManagementSettings) = postSolution
		CategoryFile = Order.vsmdi
	EndGlobalSection
	GlobalSection(SolutionConfigurationPlatforms) = preSolution
		Debug|Any CPU = Debug|Any CPU
		Release|Any CPU = Release|Any CPU
	EndGlobalSection
	GlobalSection(ProjectConfigurationPlatforms) = postSolution
		{7CE3DD51-5C1A-4702-9C08-C6B70C86B754}.Debug|Any CPU.ActiveCfg = Debug|Any CPU
		{7CE3DD51-5C1A-4702-9C08-C6B70C86B754}.Debug|Any CPU.Build.0 = Debug|Any CPU
		{7CE3DD51-5C1A-4702-9C08-C6B70C86B754}.Release|Any CPU.ActiveCfg = Release|Any CPU
		{7CE3DD51-5C1A-4702-9C08-C6B70C86B754}.Release|Any CPU.Build.0 = Release|Any CPU
		{541686AA-B4FD-4530-A22B-FEA267220641}.Debug|Any CPU.ActiveCfg = Debug|Any CPU
		{541686AA-B4FD-4530-A22B-FEA267220641}.Debug|Any CPU.Build.0 = Debug|Any CPU
		{541686AA-B4FD-4530-A22B-FEA267220641}.Release|Any CPU.ActiveCfg = Release|Any CPU
		{541686AA-B4FD-4530-A22B-FEA267220641}.Release|Any CPU.Build.0 = Release|Any CPU
	EndGlobalSection
	GlobalSection(SolutionProperties) = preSolution
		HideSolutionNode = FALSE
	EndGlobalSection
EndGlobal
