
Microsoft Visual Studio Solution File, Format Version 11.00
# Visual Studio 2010
Project("{FAE04EC0-301F-11D3-BF4B-00C04F79EFBC}") = "NetSteps.Content.Common", "NetSteps.Content.Common\NetSteps.Content.Common.csproj", "{E58EB8F0-A74B-438A-B26E-9754E37F677E}"
EndProject
Global
	GlobalSection(SolutionConfigurationPlatforms) = preSolution
		Debug|Any CPU = Debug|Any CPU
		Release|Any CPU = Release|Any CPU
	EndGlobalSection
	GlobalSection(ProjectConfigurationPlatforms) = postSolution
		{E58EB8F0-A74B-438A-B26E-9754E37F677E}.Debug|Any CPU.ActiveCfg = Debug|Any CPU
		{E58EB8F0-A74B-438A-B26E-9754E37F677E}.Debug|Any CPU.Build.0 = Debug|Any CPU
		{E58EB8F0-A74B-438A-B26E-9754E37F677E}.Release|Any CPU.ActiveCfg = Release|Any CPU
		{E58EB8F0-A74B-438A-B26E-9754E37F677E}.Release|Any CPU.Build.0 = Release|Any CPU
	EndGlobalSection
	GlobalSection(SolutionProperties) = preSolution
		HideSolutionNode = FALSE
	EndGlobalSection
EndGlobal
