
Microsoft Visual Studio Solution File, Format Version 11.00
# Visual Studio 2010
Project("{FAE04EC0-301F-11D3-BF4B-00C04F79EFBC}") = "NetSteps.Common", "Source\NetSteps.Common.csproj", "{E0A00780-3915-4993-A4AF-949A231B428A}"
EndProject
Project("{FAE04EC0-301F-11D3-BF4B-00C04F79EFBC}") = "NetSteps.Common.Tests", "Source\Tests\NetSteps.Common.Tests.csproj", "{51A74187-B0FD-4246-8A4B-03E542F1A0B1}"
EndProject
Project("{2150E333-8FDC-42A3-9474-1A3956D46DE8}") = "Solution Items", "Solution Items", "{1DB8AD15-D955-488D-B79A-90042247107D}"
EndProject
Global
	GlobalSection(SolutionConfigurationPlatforms) = preSolution
		Debug|Any CPU = Debug|Any CPU
		Release|Any CPU = Release|Any CPU
		Staging|Any CPU = Staging|Any CPU
		Testing|Any CPU = Testing|Any CPU
	EndGlobalSection
	GlobalSection(ProjectConfigurationPlatforms) = postSolution
		{E0A00780-3915-4993-A4AF-949A231B428A}.Debug|Any CPU.ActiveCfg = Debug|Any CPU
		{E0A00780-3915-4993-A4AF-949A231B428A}.Debug|Any CPU.Build.0 = Debug|Any CPU
		{E0A00780-3915-4993-A4AF-949A231B428A}.Release|Any CPU.ActiveCfg = Release|Any CPU
		{E0A00780-3915-4993-A4AF-949A231B428A}.Release|Any CPU.Build.0 = Release|Any CPU
		{E0A00780-3915-4993-A4AF-949A231B428A}.Staging|Any CPU.ActiveCfg = Staging|Any CPU
		{E0A00780-3915-4993-A4AF-949A231B428A}.Staging|Any CPU.Build.0 = Staging|Any CPU
		{E0A00780-3915-4993-A4AF-949A231B428A}.Testing|Any CPU.ActiveCfg = Testing|Any CPU
		{E0A00780-3915-4993-A4AF-949A231B428A}.Testing|Any CPU.Build.0 = Testing|Any CPU
		{51A74187-B0FD-4246-8A4B-03E542F1A0B1}.Debug|Any CPU.ActiveCfg = Debug|Any CPU
		{51A74187-B0FD-4246-8A4B-03E542F1A0B1}.Debug|Any CPU.Build.0 = Debug|Any CPU
		{51A74187-B0FD-4246-8A4B-03E542F1A0B1}.Release|Any CPU.ActiveCfg = Release|Any CPU
		{51A74187-B0FD-4246-8A4B-03E542F1A0B1}.Release|Any CPU.Build.0 = Release|Any CPU
		{51A74187-B0FD-4246-8A4B-03E542F1A0B1}.Staging|Any CPU.ActiveCfg = Staging|Any CPU
		{51A74187-B0FD-4246-8A4B-03E542F1A0B1}.Staging|Any CPU.Build.0 = Staging|Any CPU
		{51A74187-B0FD-4246-8A4B-03E542F1A0B1}.Testing|Any CPU.ActiveCfg = Testing|Any CPU
		{51A74187-B0FD-4246-8A4B-03E542F1A0B1}.Testing|Any CPU.Build.0 = Testing|Any CPU
	EndGlobalSection
	GlobalSection(SolutionProperties) = preSolution
		HideSolutionNode = FALSE
	EndGlobalSection
EndGlobal
