
Microsoft Visual Studio Solution File, Format Version 11.00
# Visual Studio 2010
Project("{FAE04EC0-301F-11D3-BF4B-00C04F79EFBC}") = "Belcorp.Policies.Data", "Belcorp.Policies.Data\Belcorp.Policies.Data.csproj", "{2D639C1D-4E16-4B62-B2F3-B0535817743D}"
EndProject
Project("{FAE04EC0-301F-11D3-BF4B-00C04F79EFBC}") = "Belcorp.Policies.Core", "Belcorp.Policies.Core\Belcorp.Policies.Core.csproj", "{43CB1584-1E9E-43E5-8DAB-7A51765E9482}"
EndProject
Project("{FAE04EC0-301F-11D3-BF4B-00C04F79EFBC}") = "Belcorp.Policies.Service", "Belcorp.Policies.Service\Belcorp.Policies.Service.csproj", "{505D827C-DD93-451B-8167-8B32F4EA695E}"
EndProject
Project("{FAE04EC0-301F-11D3-BF4B-00C04F79EFBC}") = "Belcorp.Policies.Entities", "Belcorp.Policies.Entities\Belcorp.Policies.Entities.csproj", "{C53601F6-EE57-43B5-ACFD-5DE574D1165A}"
EndProject
Global
	GlobalSection(SolutionConfigurationPlatforms) = preSolution
		Debug|Any CPU = Debug|Any CPU
		Debug|Mixed Platforms = Debug|Mixed Platforms
		Debug|x86 = Debug|x86
		Release|Any CPU = Release|Any CPU
		Release|Mixed Platforms = Release|Mixed Platforms
		Release|x86 = Release|x86
	EndGlobalSection
	GlobalSection(ProjectConfigurationPlatforms) = postSolution
		{2D639C1D-4E16-4B62-B2F3-B0535817743D}.Debug|Any CPU.ActiveCfg = Debug|Any CPU
		{2D639C1D-4E16-4B62-B2F3-B0535817743D}.Debug|Any CPU.Build.0 = Debug|Any CPU
		{2D639C1D-4E16-4B62-B2F3-B0535817743D}.Debug|Mixed Platforms.ActiveCfg = Debug|Any CPU
		{2D639C1D-4E16-4B62-B2F3-B0535817743D}.Debug|Mixed Platforms.Build.0 = Debug|Any CPU
		{2D639C1D-4E16-4B62-B2F3-B0535817743D}.Debug|x86.ActiveCfg = Debug|Any CPU
		{2D639C1D-4E16-4B62-B2F3-B0535817743D}.Release|Any CPU.ActiveCfg = Release|Any CPU
		{2D639C1D-4E16-4B62-B2F3-B0535817743D}.Release|Any CPU.Build.0 = Release|Any CPU
		{2D639C1D-4E16-4B62-B2F3-B0535817743D}.Release|Mixed Platforms.ActiveCfg = Release|Any CPU
		{2D639C1D-4E16-4B62-B2F3-B0535817743D}.Release|Mixed Platforms.Build.0 = Release|Any CPU
		{2D639C1D-4E16-4B62-B2F3-B0535817743D}.Release|x86.ActiveCfg = Release|Any CPU
		{43CB1584-1E9E-43E5-8DAB-7A51765E9482}.Debug|Any CPU.ActiveCfg = Debug|Any CPU
		{43CB1584-1E9E-43E5-8DAB-7A51765E9482}.Debug|Any CPU.Build.0 = Debug|Any CPU
		{43CB1584-1E9E-43E5-8DAB-7A51765E9482}.Debug|Mixed Platforms.ActiveCfg = Debug|Any CPU
		{43CB1584-1E9E-43E5-8DAB-7A51765E9482}.Debug|Mixed Platforms.Build.0 = Debug|Any CPU
		{43CB1584-1E9E-43E5-8DAB-7A51765E9482}.Debug|x86.ActiveCfg = Debug|Any CPU
		{43CB1584-1E9E-43E5-8DAB-7A51765E9482}.Release|Any CPU.ActiveCfg = Release|Any CPU
		{43CB1584-1E9E-43E5-8DAB-7A51765E9482}.Release|Any CPU.Build.0 = Release|Any CPU
		{43CB1584-1E9E-43E5-8DAB-7A51765E9482}.Release|Mixed Platforms.ActiveCfg = Release|Any CPU
		{43CB1584-1E9E-43E5-8DAB-7A51765E9482}.Release|Mixed Platforms.Build.0 = Release|Any CPU
		{43CB1584-1E9E-43E5-8DAB-7A51765E9482}.Release|x86.ActiveCfg = Release|Any CPU
		{505D827C-DD93-451B-8167-8B32F4EA695E}.Debug|Any CPU.ActiveCfg = Debug|Any CPU
		{505D827C-DD93-451B-8167-8B32F4EA695E}.Debug|Any CPU.Build.0 = Debug|Any CPU
		{505D827C-DD93-451B-8167-8B32F4EA695E}.Debug|Mixed Platforms.ActiveCfg = Debug|Any CPU
		{505D827C-DD93-451B-8167-8B32F4EA695E}.Debug|Mixed Platforms.Build.0 = Debug|Any CPU
		{505D827C-DD93-451B-8167-8B32F4EA695E}.Debug|x86.ActiveCfg = Debug|Any CPU
		{505D827C-DD93-451B-8167-8B32F4EA695E}.Release|Any CPU.ActiveCfg = Release|Any CPU
		{505D827C-DD93-451B-8167-8B32F4EA695E}.Release|Any CPU.Build.0 = Release|Any CPU
		{505D827C-DD93-451B-8167-8B32F4EA695E}.Release|Mixed Platforms.ActiveCfg = Release|Any CPU
		{505D827C-DD93-451B-8167-8B32F4EA695E}.Release|Mixed Platforms.Build.0 = Release|Any CPU
		{505D827C-DD93-451B-8167-8B32F4EA695E}.Release|x86.ActiveCfg = Release|Any CPU
		{C53601F6-EE57-43B5-ACFD-5DE574D1165A}.Debug|Any CPU.ActiveCfg = Debug|Any CPU
		{C53601F6-EE57-43B5-ACFD-5DE574D1165A}.Debug|Any CPU.Build.0 = Debug|Any CPU
		{C53601F6-EE57-43B5-ACFD-5DE574D1165A}.Debug|Mixed Platforms.ActiveCfg = Debug|Any CPU
		{C53601F6-EE57-43B5-ACFD-5DE574D1165A}.Debug|Mixed Platforms.Build.0 = Debug|Any CPU
		{C53601F6-EE57-43B5-ACFD-5DE574D1165A}.Debug|x86.ActiveCfg = Debug|Any CPU
		{C53601F6-EE57-43B5-ACFD-5DE574D1165A}.Release|Any CPU.ActiveCfg = Release|Any CPU
		{C53601F6-EE57-43B5-ACFD-5DE574D1165A}.Release|Any CPU.Build.0 = Release|Any CPU
		{C53601F6-EE57-43B5-ACFD-5DE574D1165A}.Release|Mixed Platforms.ActiveCfg = Release|Any CPU
		{C53601F6-EE57-43B5-ACFD-5DE574D1165A}.Release|Mixed Platforms.Build.0 = Release|Any CPU
		{C53601F6-EE57-43B5-ACFD-5DE574D1165A}.Release|x86.ActiveCfg = Release|Any CPU
	EndGlobalSection
	GlobalSection(SolutionProperties) = preSolution
		HideSolutionNode = FALSE
	EndGlobalSection
EndGlobal
