
Microsoft Visual Studio Solution File, Format Version 11.00
# Visual Studio 2010
Project("{FAE04EC0-301F-11D3-BF4B-00C04F79EFBC}") = "NetSteps.Foundation.Common", "Common\NetSteps.Foundation.Common.csproj", "{3231DC15-6740-4ADF-981D-1FB44D7BC744}"
EndProject
Project("{2150E333-8FDC-42A3-9474-1A3956D46DE8}") = "Solution Items", "Solution Items", "{6B66DE8D-E186-4AE9-9219-E5DA4F861215}"
	ProjectSection(SolutionItems) = preProject
		Local.testsettings = Local.testsettings
		TraceAndTestImpact.testsettings = TraceAndTestImpact.testsettings
	EndProjectSection
EndProject
Project("{FAE04EC0-301F-11D3-BF4B-00C04F79EFBC}") = "NetSteps.Foundation.Common.Tests", "Common\Tests\NetSteps.Foundation.Common.Tests.csproj", "{DEDE746A-7973-447D-839F-ED571741D11C}"
EndProject
Project("{FAE04EC0-301F-11D3-BF4B-00C04F79EFBC}") = "NetSteps.Foundation.Entity", "Entity\NetSteps.Foundation.Entity.csproj", "{2724E3D1-BCA8-461F-9099-E16A277C3ABF}"
EndProject
Project("{FAE04EC0-301F-11D3-BF4B-00C04F79EFBC}") = "NetSteps.Foundation.Entity.Tests", "Entity\Tests\NetSteps.Foundation.Entity.Tests.csproj", "{24C9E247-C9EF-4465-8AB7-211EED0299B3}"
EndProject
Global
	GlobalSection(SolutionConfigurationPlatforms) = preSolution
		Debug|Any CPU = Debug|Any CPU
		Release|Any CPU = Release|Any CPU
	EndGlobalSection
	GlobalSection(ProjectConfigurationPlatforms) = postSolution
		{3231DC15-6740-4ADF-981D-1FB44D7BC744}.Debug|Any CPU.ActiveCfg = Debug|Any CPU
		{3231DC15-6740-4ADF-981D-1FB44D7BC744}.Debug|Any CPU.Build.0 = Debug|Any CPU
		{3231DC15-6740-4ADF-981D-1FB44D7BC744}.Release|Any CPU.ActiveCfg = Release|Any CPU
		{3231DC15-6740-4ADF-981D-1FB44D7BC744}.Release|Any CPU.Build.0 = Release|Any CPU
		{DEDE746A-7973-447D-839F-ED571741D11C}.Debug|Any CPU.ActiveCfg = Debug|Any CPU
		{DEDE746A-7973-447D-839F-ED571741D11C}.Debug|Any CPU.Build.0 = Debug|Any CPU
		{DEDE746A-7973-447D-839F-ED571741D11C}.Release|Any CPU.ActiveCfg = Release|Any CPU
		{DEDE746A-7973-447D-839F-ED571741D11C}.Release|Any CPU.Build.0 = Release|Any CPU
		{2724E3D1-BCA8-461F-9099-E16A277C3ABF}.Debug|Any CPU.ActiveCfg = Debug|Any CPU
		{2724E3D1-BCA8-461F-9099-E16A277C3ABF}.Debug|Any CPU.Build.0 = Debug|Any CPU
		{2724E3D1-BCA8-461F-9099-E16A277C3ABF}.Release|Any CPU.ActiveCfg = Release|Any CPU
		{2724E3D1-BCA8-461F-9099-E16A277C3ABF}.Release|Any CPU.Build.0 = Release|Any CPU
		{24C9E247-C9EF-4465-8AB7-211EED0299B3}.Debug|Any CPU.ActiveCfg = Debug|Any CPU
		{24C9E247-C9EF-4465-8AB7-211EED0299B3}.Debug|Any CPU.Build.0 = Debug|Any CPU
		{24C9E247-C9EF-4465-8AB7-211EED0299B3}.Release|Any CPU.ActiveCfg = Release|Any CPU
		{24C9E247-C9EF-4465-8AB7-211EED0299B3}.Release|Any CPU.Build.0 = Release|Any CPU
	EndGlobalSection
	GlobalSection(SolutionProperties) = preSolution
		HideSolutionNode = FALSE
	EndGlobalSection
EndGlobal
