
Microsoft Visual Studio Solution File, Format Version 11.00
# Visual Studio 2010
Project("{FAE04EC0-301F-11D3-BF4B-00C04F79EFBC}") = "OrderAdjustments.Common", "Common\OrderAdjustments.Common.csproj", "{638FB43D-4FE8-4238-BEB4-216B75028159}"
EndProject
Project("{FAE04EC0-301F-11D3-BF4B-00C04F79EFBC}") = "OrderAdjustments.Common.Tests", "Common\Tests\OrderAdjustments.Common.Tests.csproj", "{BB06B859-AC07-449B-A6FE-859AAB572073}"
EndProject
Project("{FAE04EC0-301F-11D3-BF4B-00C04F79EFBC}") = "OrderAdjustments.Service", "Service\OrderAdjustments.Service.csproj", "{CDCAF7F7-B685-4814-BC4B-FA4EA0A59166}"
EndProject
Project("{FAE04EC0-301F-11D3-BF4B-00C04F79EFBC}") = "OrderAdjustments.Service.Tests", "Service\Tests\OrderAdjustments.Service.Tests.csproj", "{E2A89AD9-F3AE-4124-9558-F4F13A79EC43}"
EndProject
Global
	GlobalSection(SolutionConfigurationPlatforms) = preSolution
		Debug|Any CPU = Debug|Any CPU
		Release|Any CPU = Release|Any CPU
	EndGlobalSection
	GlobalSection(ProjectConfigurationPlatforms) = postSolution
		{638FB43D-4FE8-4238-BEB4-216B75028159}.Debug|Any CPU.ActiveCfg = Debug|Any CPU
		{638FB43D-4FE8-4238-BEB4-216B75028159}.Debug|Any CPU.Build.0 = Debug|Any CPU
		{638FB43D-4FE8-4238-BEB4-216B75028159}.Release|Any CPU.ActiveCfg = Release|Any CPU
		{638FB43D-4FE8-4238-BEB4-216B75028159}.Release|Any CPU.Build.0 = Release|Any CPU
		{BB06B859-AC07-449B-A6FE-859AAB572073}.Debug|Any CPU.ActiveCfg = Debug|Any CPU
		{BB06B859-AC07-449B-A6FE-859AAB572073}.Debug|Any CPU.Build.0 = Debug|Any CPU
		{BB06B859-AC07-449B-A6FE-859AAB572073}.Release|Any CPU.ActiveCfg = Release|Any CPU
		{BB06B859-AC07-449B-A6FE-859AAB572073}.Release|Any CPU.Build.0 = Release|Any CPU
		{CDCAF7F7-B685-4814-BC4B-FA4EA0A59166}.Debug|Any CPU.ActiveCfg = Debug|Any CPU
		{CDCAF7F7-B685-4814-BC4B-FA4EA0A59166}.Debug|Any CPU.Build.0 = Debug|Any CPU
		{CDCAF7F7-B685-4814-BC4B-FA4EA0A59166}.Release|Any CPU.ActiveCfg = Release|Any CPU
		{CDCAF7F7-B685-4814-BC4B-FA4EA0A59166}.Release|Any CPU.Build.0 = Release|Any CPU
		{E2A89AD9-F3AE-4124-9558-F4F13A79EC43}.Debug|Any CPU.ActiveCfg = Debug|Any CPU
		{E2A89AD9-F3AE-4124-9558-F4F13A79EC43}.Debug|Any CPU.Build.0 = Debug|Any CPU
		{E2A89AD9-F3AE-4124-9558-F4F13A79EC43}.Release|Any CPU.ActiveCfg = Release|Any CPU
		{E2A89AD9-F3AE-4124-9558-F4F13A79EC43}.Release|Any CPU.Build.0 = Release|Any CPU
	EndGlobalSection
	GlobalSection(SolutionProperties) = preSolution
		HideSolutionNode = FALSE
	EndGlobalSection
EndGlobal
