
Microsoft Visual Studio Solution File, Format Version 11.00
# Visual Studio 2010
Project("{FAE04EC0-301F-11D3-BF4B-00C04F79EFBC}") = "NetSteps.Diagnostics.Logging.Common", "Source\NetSteps.Diagnostics.Logging.Common.csproj", "{BEAB64D8-59C6-4946-BA48-211C05656B7E}"
EndProject
Global
	GlobalSection(SolutionConfigurationPlatforms) = preSolution
		Debug|Any CPU = Debug|Any CPU
		Release|Any CPU = Release|Any CPU
	EndGlobalSection
	GlobalSection(ProjectConfigurationPlatforms) = postSolution
		{BEAB64D8-59C6-4946-BA48-211C05656B7E}.Debug|Any CPU.ActiveCfg = Debug|Any CPU
		{BEAB64D8-59C6-4946-BA48-211C05656B7E}.Debug|Any CPU.Build.0 = Debug|Any CPU
		{BEAB64D8-59C6-4946-BA48-211C05656B7E}.Release|Any CPU.ActiveCfg = Release|Any CPU
		{BEAB64D8-59C6-4946-BA48-211C05656B7E}.Release|Any CPU.Build.0 = Release|Any CPU
	EndGlobalSection
	GlobalSection(SolutionProperties) = preSolution
		HideSolutionNode = FALSE
	EndGlobalSection
EndGlobal
