
Microsoft Visual Studio Solution File, Format Version 11.00
# Visual Studio 2010
Project("{FAE04EC0-301F-11D3-BF4B-00C04F79EFBC}") = "NetSteps.Modules.AccountRenewal.Common", "NetSteps.Modules.AccountRenewal.Common\NetSteps.Modules.AccountRenewal.Common.csproj", "{067BF05A-4A20-4F02-A684-130DF1F6F96E}"
EndProject
Project("{FAE04EC0-301F-11D3-BF4B-00C04F79EFBC}") = "NetSteps.Modules.AccountRenewal.Tests", "NetSteps.Modules.AccountRenewal.Tests\NetSteps.Modules.AccountRenewal.Tests.csproj", "{A511793E-C30D-492D-87E9-174546AC7A22}"
EndProject
Project("{2150E333-8FDC-42A3-9474-1A3956D46DE8}") = "Solution Items", "Solution Items", "{C1869576-815D-44AF-8DCE-4FF7FF0AEB08}"
	ProjectSection(SolutionItems) = preProject
		AccountRenewal.vsmdi = AccountRenewal.vsmdi
		Local.testsettings = Local.testsettings
		TraceAndTestImpact.testsettings = TraceAndTestImpact.testsettings
	EndProjectSection
EndProject
Global
	GlobalSection(TestCaseManagementSettings) = postSolution
		CategoryFile = AccountRenewal.vsmdi
	EndGlobalSection
	GlobalSection(SolutionConfigurationPlatforms) = preSolution
		Debug|Any CPU = Debug|Any CPU
		Release|Any CPU = Release|Any CPU
	EndGlobalSection
	GlobalSection(ProjectConfigurationPlatforms) = postSolution
		{067BF05A-4A20-4F02-A684-130DF1F6F96E}.Debug|Any CPU.ActiveCfg = Debug|Any CPU
		{067BF05A-4A20-4F02-A684-130DF1F6F96E}.Debug|Any CPU.Build.0 = Debug|Any CPU
		{067BF05A-4A20-4F02-A684-130DF1F6F96E}.Release|Any CPU.ActiveCfg = Release|Any CPU
		{067BF05A-4A20-4F02-A684-130DF1F6F96E}.Release|Any CPU.Build.0 = Release|Any CPU
		{A511793E-C30D-492D-87E9-174546AC7A22}.Debug|Any CPU.ActiveCfg = Debug|Any CPU
		{A511793E-C30D-492D-87E9-174546AC7A22}.Debug|Any CPU.Build.0 = Debug|Any CPU
		{A511793E-C30D-492D-87E9-174546AC7A22}.Release|Any CPU.ActiveCfg = Release|Any CPU
		{A511793E-C30D-492D-87E9-174546AC7A22}.Release|Any CPU.Build.0 = Release|Any CPU
	EndGlobalSection
	GlobalSection(SolutionProperties) = preSolution
		HideSolutionNode = FALSE
	EndGlobalSection
EndGlobal
