
Microsoft Visual Studio Solution File, Format Version 11.00
# Visual Studio 2010
Project("{FAE04EC0-301F-11D3-BF4B-00C04F79EFBC}") = "SqlTransmogrifier", "SqlTransmogrifier\SqlTransmogrifier.csproj", "{3E191F0D-72F2-4577-A16C-D9A00B19FE54}"
EndProject
Project("{FAE04EC0-301F-11D3-BF4B-00C04F79EFBC}") = "SQLTransmogrifierFileGenerator", "SQLTransmogrifierFileGenerator\SQLTransmogrifierFileGenerator\SQLTransmogrifierFileGenerator.csproj", "{1E28025E-0030-420B-B70E-84128145C015}"
EndProject
Project("{FAE04EC0-301F-11D3-BF4B-00C04F79EFBC}") = "SQLTransmogrifier.Common", "SQLTransmogrifier.Common\SQLTransmogrifier.Common.csproj", "{7F2DAE4B-9B5E-4BFF-89C7-65C5CC2A7944}"
EndProject
Project("{FAE04EC0-301F-11D3-BF4B-00C04F79EFBC}") = "SQLTransmogrifier.Common.Tests", "SQLTransmogrifier.Common\SQLTransmogrifier.Common.Tests\SQLTransmogrifier.Common.Tests.csproj", "{4DA97145-B381-4F56-816D-AC4F05A11D89}"
EndProject
Project("{2150E333-8FDC-42A3-9474-1A3956D46DE8}") = "Solution Items", "Solution Items", "{A1F4A7CD-DFDE-41EF-A7DF-865F0B87CD05}"
	ProjectSection(SolutionItems) = preProject
		Local.testsettings = Local.testsettings
		SQLTransmogrifier.vsmdi = SQLTransmogrifier.vsmdi
		TraceAndTestImpact.testsettings = TraceAndTestImpact.testsettings
	EndProjectSection
EndProject
Global
	GlobalSection(TestCaseManagementSettings) = postSolution
		CategoryFile = SQLTransmogrifier.vsmdi
	EndGlobalSection
	GlobalSection(SolutionConfigurationPlatforms) = preSolution
		Debug|Any CPU = Debug|Any CPU
		Debug|Mixed Platforms = Debug|Mixed Platforms
		Debug|x86 = Debug|x86
		Release|Any CPU = Release|Any CPU
		Release|Mixed Platforms = Release|Mixed Platforms
		Release|x86 = Release|x86
	EndGlobalSection
	GlobalSection(ProjectConfigurationPlatforms) = postSolution
		{3E191F0D-72F2-4577-A16C-D9A00B19FE54}.Debug|Any CPU.ActiveCfg = Debug|x86
		{3E191F0D-72F2-4577-A16C-D9A00B19FE54}.Debug|Mixed Platforms.ActiveCfg = Debug|x86
		{3E191F0D-72F2-4577-A16C-D9A00B19FE54}.Debug|Mixed Platforms.Build.0 = Debug|x86
		{3E191F0D-72F2-4577-A16C-D9A00B19FE54}.Debug|x86.ActiveCfg = Debug|x86
		{3E191F0D-72F2-4577-A16C-D9A00B19FE54}.Debug|x86.Build.0 = Debug|x86
		{3E191F0D-72F2-4577-A16C-D9A00B19FE54}.Release|Any CPU.ActiveCfg = Release|x86
		{3E191F0D-72F2-4577-A16C-D9A00B19FE54}.Release|Mixed Platforms.ActiveCfg = Release|x86
		{3E191F0D-72F2-4577-A16C-D9A00B19FE54}.Release|Mixed Platforms.Build.0 = Release|x86
		{3E191F0D-72F2-4577-A16C-D9A00B19FE54}.Release|x86.ActiveCfg = Release|x86
		{3E191F0D-72F2-4577-A16C-D9A00B19FE54}.Release|x86.Build.0 = Release|x86
		{1E28025E-0030-420B-B70E-84128145C015}.Debug|Any CPU.ActiveCfg = Debug|x86
		{1E28025E-0030-420B-B70E-84128145C015}.Debug|Mixed Platforms.ActiveCfg = Debug|x86
		{1E28025E-0030-420B-B70E-84128145C015}.Debug|Mixed Platforms.Build.0 = Debug|x86
		{1E28025E-0030-420B-B70E-84128145C015}.Debug|x86.ActiveCfg = Debug|x86
		{1E28025E-0030-420B-B70E-84128145C015}.Debug|x86.Build.0 = Debug|x86
		{1E28025E-0030-420B-B70E-84128145C015}.Release|Any CPU.ActiveCfg = Release|x86
		{1E28025E-0030-420B-B70E-84128145C015}.Release|Mixed Platforms.ActiveCfg = Release|x86
		{1E28025E-0030-420B-B70E-84128145C015}.Release|Mixed Platforms.Build.0 = Release|x86
		{1E28025E-0030-420B-B70E-84128145C015}.Release|x86.ActiveCfg = Release|x86
		{1E28025E-0030-420B-B70E-84128145C015}.Release|x86.Build.0 = Release|x86
		{7F2DAE4B-9B5E-4BFF-89C7-65C5CC2A7944}.Debug|Any CPU.ActiveCfg = Debug|Any CPU
		{7F2DAE4B-9B5E-4BFF-89C7-65C5CC2A7944}.Debug|Any CPU.Build.0 = Debug|Any CPU
		{7F2DAE4B-9B5E-4BFF-89C7-65C5CC2A7944}.Debug|Mixed Platforms.ActiveCfg = Debug|Any CPU
		{7F2DAE4B-9B5E-4BFF-89C7-65C5CC2A7944}.Debug|Mixed Platforms.Build.0 = Debug|Any CPU
		{7F2DAE4B-9B5E-4BFF-89C7-65C5CC2A7944}.Debug|x86.ActiveCfg = Debug|Any CPU
		{7F2DAE4B-9B5E-4BFF-89C7-65C5CC2A7944}.Release|Any CPU.ActiveCfg = Release|Any CPU
		{7F2DAE4B-9B5E-4BFF-89C7-65C5CC2A7944}.Release|Any CPU.Build.0 = Release|Any CPU
		{7F2DAE4B-9B5E-4BFF-89C7-65C5CC2A7944}.Release|Mixed Platforms.ActiveCfg = Release|Any CPU
		{7F2DAE4B-9B5E-4BFF-89C7-65C5CC2A7944}.Release|Mixed Platforms.Build.0 = Release|Any CPU
		{7F2DAE4B-9B5E-4BFF-89C7-65C5CC2A7944}.Release|x86.ActiveCfg = Release|Any CPU
		{4DA97145-B381-4F56-816D-AC4F05A11D89}.Debug|Any CPU.ActiveCfg = Debug|Any CPU
		{4DA97145-B381-4F56-816D-AC4F05A11D89}.Debug|Any CPU.Build.0 = Debug|Any CPU
		{4DA97145-B381-4F56-816D-AC4F05A11D89}.Debug|Mixed Platforms.ActiveCfg = Debug|Any CPU
		{4DA97145-B381-4F56-816D-AC4F05A11D89}.Debug|Mixed Platforms.Build.0 = Debug|Any CPU
		{4DA97145-B381-4F56-816D-AC4F05A11D89}.Debug|x86.ActiveCfg = Debug|Any CPU
		{4DA97145-B381-4F56-816D-AC4F05A11D89}.Release|Any CPU.ActiveCfg = Release|Any CPU
		{4DA97145-B381-4F56-816D-AC4F05A11D89}.Release|Any CPU.Build.0 = Release|Any CPU
		{4DA97145-B381-4F56-816D-AC4F05A11D89}.Release|Mixed Platforms.ActiveCfg = Release|Any CPU
		{4DA97145-B381-4F56-816D-AC4F05A11D89}.Release|Mixed Platforms.Build.0 = Release|Any CPU
		{4DA97145-B381-4F56-816D-AC4F05A11D89}.Release|x86.ActiveCfg = Release|Any CPU
	EndGlobalSection
	GlobalSection(SolutionProperties) = preSolution
		HideSolutionNode = FALSE
	EndGlobalSection
EndGlobal
