
Microsoft Visual Studio Solution File, Format Version 11.00
# Visual Studio 2010
Project("{FAE04EC0-301F-11D3-BF4B-00C04F79EFBC}") = "NetSteps.Web.API.AvailabilityLookup.Common", "NetSteps.Web.API.AvailabilityLookup.Common\NetSteps.Web.API.AvailabilityLookup.Common.csproj", "{2C6F7D52-2D91-4BD7-9A14-EE986DBCD7A5}"
EndProject
Project("{FAE04EC0-301F-11D3-BF4B-00C04F79EFBC}") = "NetSteps.Web.API.AvailabilityLookup.Tests", "NetSteps.Web.API.AvailabilityLookup.Tests\NetSteps.Web.API.AvailabilityLookup.Tests.csproj", "{C3794F49-329B-4490-85C5-C17F7BFACFCD}"
EndProject
Global
	GlobalSection(TestCaseManagementSettings) = postSolution
		CategoryFile = AvailabilityLookup.vsmdi
	EndGlobalSection
	GlobalSection(SolutionConfigurationPlatforms) = preSolution
		Debug|Any CPU = Debug|Any CPU
		Release|Any CPU = Release|Any CPU
	EndGlobalSection
	GlobalSection(ProjectConfigurationPlatforms) = postSolution
		{2C6F7D52-2D91-4BD7-9A14-EE986DBCD7A5}.Debug|Any CPU.ActiveCfg = Debug|Any CPU
		{2C6F7D52-2D91-4BD7-9A14-EE986DBCD7A5}.Debug|Any CPU.Build.0 = Debug|Any CPU
		{2C6F7D52-2D91-4BD7-9A14-EE986DBCD7A5}.Release|Any CPU.ActiveCfg = Release|Any CPU
		{2C6F7D52-2D91-4BD7-9A14-EE986DBCD7A5}.Release|Any CPU.Build.0 = Release|Any CPU
		{C3794F49-329B-4490-85C5-C17F7BFACFCD}.Debug|Any CPU.ActiveCfg = Debug|Any CPU
		{C3794F49-329B-4490-85C5-C17F7BFACFCD}.Debug|Any CPU.Build.0 = Debug|Any CPU
		{C3794F49-329B-4490-85C5-C17F7BFACFCD}.Release|Any CPU.ActiveCfg = Release|Any CPU
		{C3794F49-329B-4490-85C5-C17F7BFACFCD}.Release|Any CPU.Build.0 = Release|Any CPU
	EndGlobalSection
	GlobalSection(SolutionProperties) = preSolution
		HideSolutionNode = FALSE
	EndGlobalSection
EndGlobal
