
Microsoft Visual Studio Solution File, Format Version 11.00
# Visual Studio 2010
Project("{FAE04EC0-301F-11D3-BF4B-00C04F79EFBC}") = "NetSteps.Modules.Enrollments.Common", "NetSteps.Modules.Enrollments.Common\NetSteps.Modules.Enrollments.Common.csproj", "{03D7B21E-FA9A-4B96-B4B2-4C8C9FA81BDC}"
EndProject
Project("{FAE04EC0-301F-11D3-BF4B-00C04F79EFBC}") = "NetSteps.Modules.Enrollments.Tests", "NetSteps.Modules.Enrollments.Tests\NetSteps.Modules.Enrollments.Tests.csproj", "{76224818-9048-453F-B13F-22CCCF926F8E}"
EndProject
Global
	GlobalSection(SolutionConfigurationPlatforms) = preSolution
		Debug|Any CPU = Debug|Any CPU
		Release|Any CPU = Release|Any CPU
	EndGlobalSection
	GlobalSection(ProjectConfigurationPlatforms) = postSolution
		{03D7B21E-FA9A-4B96-B4B2-4C8C9FA81BDC}.Debug|Any CPU.ActiveCfg = Debug|Any CPU
		{03D7B21E-FA9A-4B96-B4B2-4C8C9FA81BDC}.Debug|Any CPU.Build.0 = Debug|Any CPU
		{03D7B21E-FA9A-4B96-B4B2-4C8C9FA81BDC}.Release|Any CPU.ActiveCfg = Release|Any CPU
		{03D7B21E-FA9A-4B96-B4B2-4C8C9FA81BDC}.Release|Any CPU.Build.0 = Release|Any CPU
		{76224818-9048-453F-B13F-22CCCF926F8E}.Debug|Any CPU.ActiveCfg = Debug|Any CPU
		{76224818-9048-453F-B13F-22CCCF926F8E}.Debug|Any CPU.Build.0 = Debug|Any CPU
		{76224818-9048-453F-B13F-22CCCF926F8E}.Release|Any CPU.ActiveCfg = Release|Any CPU
		{76224818-9048-453F-B13F-22CCCF926F8E}.Release|Any CPU.Build.0 = Release|Any CPU
	EndGlobalSection
	GlobalSection(SolutionProperties) = preSolution
		HideSolutionNode = FALSE
	EndGlobalSection
EndGlobal
