
Microsoft Visual Studio Solution File, Format Version 12.00
# Visual Studio 2012
Project("{FAE04EC0-301F-11D3-BF4B-00C04F79EFBC}") = "NetSteps.Diagnostics.Utilities", "NetSteps.Diagnostics.Tracing\NetSteps.Diagnostics.Utilities.csproj", "{E4C13C45-79FF-4D66-A91F-88929094426B}"
EndProject
Project("{2150E333-8FDC-42A3-9474-1A3956D46DE8}") = "Solution Items", "Solution Items", "{D3A05D58-1B40-4A91-A5AC-433A6233D571}"
	ProjectSection(SolutionItems) = preProject
		Local.testsettings = Local.testsettings
		NetSteps.Diagnostics.Tracing.vsmdi = NetSteps.Diagnostics.Tracing.vsmdi
		TraceAndTestImpact.testsettings = TraceAndTestImpact.testsettings
	EndProjectSection
EndProject
Project("{FAE04EC0-301F-11D3-BF4B-00C04F79EFBC}") = "NetSteps.Diagnostics.Utilities.Tests", "NetSteps.Diagnostics.Tracing\NetSteps.Diagnostics.Tracing.Tests\NetSteps.Diagnostics.Utilities.Tests.csproj", "{6E25F626-076C-4F0A-85F8-744D1900D53B}"
EndProject
Global
	GlobalSection(TestCaseManagementSettings) = postSolution
		CategoryFile = NetSteps.Diagnostics.Tracing.vsmdi
	EndGlobalSection
	GlobalSection(SolutionConfigurationPlatforms) = preSolution
		Debug|Any CPU = Debug|Any CPU
		Release|Any CPU = Release|Any CPU
	EndGlobalSection
	GlobalSection(ProjectConfigurationPlatforms) = postSolution
		{E4C13C45-79FF-4D66-A91F-88929094426B}.Debug|Any CPU.ActiveCfg = Debug|Any CPU
		{E4C13C45-79FF-4D66-A91F-88929094426B}.Debug|Any CPU.Build.0 = Debug|Any CPU
		{E4C13C45-79FF-4D66-A91F-88929094426B}.Release|Any CPU.ActiveCfg = Release|Any CPU
		{E4C13C45-79FF-4D66-A91F-88929094426B}.Release|Any CPU.Build.0 = Release|Any CPU
		{6E25F626-076C-4F0A-85F8-744D1900D53B}.Debug|Any CPU.ActiveCfg = Debug|Any CPU
		{6E25F626-076C-4F0A-85F8-744D1900D53B}.Debug|Any CPU.Build.0 = Debug|Any CPU
		{6E25F626-076C-4F0A-85F8-744D1900D53B}.Release|Any CPU.ActiveCfg = Release|Any CPU
		{6E25F626-076C-4F0A-85F8-744D1900D53B}.Release|Any CPU.Build.0 = Release|Any CPU
	EndGlobalSection
	GlobalSection(SolutionProperties) = preSolution
		HideSolutionNode = FALSE
	EndGlobalSection
EndGlobal
