
Microsoft Visual Studio Solution File, Format Version 11.00
# Visual Studio 2010
Project("{FAE04EC0-301F-11D3-BF4B-00C04F79EFBC}") = "HttpRedirectModule", "HttpRedirectModule\HttpRedirectModule.csproj", "{CE8A5599-A30F-41B0-9D12-B763EC925E72}"
EndProject
Project("{FAE04EC0-301F-11D3-BF4B-00C04F79EFBC}") = "HttpRedirectModule.Tests", "HttpRedirectModule.Tests\HttpRedirectModule.Tests.csproj", "{1333A9B5-8D32-45C3-B312-0AD2FC554AAE}"
EndProject
Project("{2150E333-8FDC-42A3-9474-1A3956D46DE8}") = "Solution Items", "Solution Items", "{447F3D5F-C8BC-4730-BFB7-769AF7161A46}"
	ProjectSection(SolutionItems) = preProject
		HttpRedirectModule.vsmdi = HttpRedirectModule.vsmdi
		Local.testsettings = Local.testsettings
		TraceAndTestImpact.testsettings = TraceAndTestImpact.testsettings
	EndProjectSection
EndProject
Global
	GlobalSection(TeamFoundationVersionControl) = preSolution
		SccNumberOfProjects = 3
		SccEnterpriseProvider = {4CA58AB2-18FA-4F8D-95D4-32DDF27D184C}
		SccTeamFoundationServer = http://192.168.2.29:8080/tfs/framework
		SccLocalPath0 = .
		SccProjectUniqueName1 = HttpRedirectModule\\HttpRedirectModule.csproj
		SccProjectName1 = HttpRedirectModule
		SccLocalPath1 = HttpRedirectModule
		SccProjectUniqueName2 = HttpRedirectModule.Tests\\HttpRedirectModule.Tests.csproj
		SccProjectName2 = HttpRedirectModule.Tests
		SccLocalPath2 = HttpRedirectModule.Tests
	EndGlobalSection
	GlobalSection(TestCaseManagementSettings) = postSolution
		CategoryFile = HttpRedirectModule.vsmdi
	EndGlobalSection
	GlobalSection(SolutionConfigurationPlatforms) = preSolution
		Debug|Any CPU = Debug|Any CPU
		Release|Any CPU = Release|Any CPU
		Staging|Any CPU = Staging|Any CPU
		Testing|Any CPU = Testing|Any CPU
	EndGlobalSection
	GlobalSection(ProjectConfigurationPlatforms) = postSolution
		{CE8A5599-A30F-41B0-9D12-B763EC925E72}.Debug|Any CPU.ActiveCfg = Debug|Any CPU
		{CE8A5599-A30F-41B0-9D12-B763EC925E72}.Debug|Any CPU.Build.0 = Debug|Any CPU
		{CE8A5599-A30F-41B0-9D12-B763EC925E72}.Release|Any CPU.ActiveCfg = Release|Any CPU
		{CE8A5599-A30F-41B0-9D12-B763EC925E72}.Release|Any CPU.Build.0 = Release|Any CPU
		{CE8A5599-A30F-41B0-9D12-B763EC925E72}.Staging|Any CPU.ActiveCfg = Staging|Any CPU
		{CE8A5599-A30F-41B0-9D12-B763EC925E72}.Staging|Any CPU.Build.0 = Staging|Any CPU
		{CE8A5599-A30F-41B0-9D12-B763EC925E72}.Testing|Any CPU.ActiveCfg = Testing|Any CPU
		{CE8A5599-A30F-41B0-9D12-B763EC925E72}.Testing|Any CPU.Build.0 = Testing|Any CPU
		{1333A9B5-8D32-45C3-B312-0AD2FC554AAE}.Debug|Any CPU.ActiveCfg = Debug|Any CPU
		{1333A9B5-8D32-45C3-B312-0AD2FC554AAE}.Debug|Any CPU.Build.0 = Debug|Any CPU
		{1333A9B5-8D32-45C3-B312-0AD2FC554AAE}.Release|Any CPU.ActiveCfg = Release|Any CPU
		{1333A9B5-8D32-45C3-B312-0AD2FC554AAE}.Release|Any CPU.Build.0 = Release|Any CPU
		{1333A9B5-8D32-45C3-B312-0AD2FC554AAE}.Staging|Any CPU.ActiveCfg = Staging|Any CPU
		{1333A9B5-8D32-45C3-B312-0AD2FC554AAE}.Staging|Any CPU.Build.0 = Staging|Any CPU
		{1333A9B5-8D32-45C3-B312-0AD2FC554AAE}.Testing|Any CPU.ActiveCfg = Testing|Any CPU
		{1333A9B5-8D32-45C3-B312-0AD2FC554AAE}.Testing|Any CPU.Build.0 = Testing|Any CPU
	EndGlobalSection
	GlobalSection(SolutionProperties) = preSolution
		HideSolutionNode = FALSE
	EndGlobalSection
EndGlobal
