Microsoft Visual Studio Solution File, Format Version 11.00
# Visual Studio 2010
Project("{2150E333-8FDC-42A3-9474-1A3956D46DE8}") = "Libraries", "Libraries", "{8EB68673-8380-4A9D-B430-9AA0C0ED3530}"
EndProject
Project("{2150E333-8FDC-42A3-9474-1A3956D46DE8}") = "Services", "Services", "{907E913F-29A7-43D8-9101-1C099774CCC2}"
EndProject
Project("{FAE04EC0-301F-11D3-BF4B-00C04F79EFBC}") = "NetSteps.Integrations.Service", "Services\OrderFulfillment\Service\Library\NetSteps.Integrations.Service.csproj", "{3E1A23CE-AE9F-4609-A3E9-9960E82A1432}"
EndProject
Project("{FAE04EC0-301F-11D3-BF4B-00C04F79EFBC}") = "IntegrationsService", "Services\OrderFulfillment\Service\WebService\IntegrationsService.csproj", "{63805798-DF6C-43F6-A90B-1A5E756E36B3}"
EndProject
Project("{FAE04EC0-301F-11D3-BF4B-00C04F79EFBC}") = "Netsteps.Integrations.Internals", "DataAccess\NetstepsDataAccess\Netsteps.Integrations.Internals.csproj", "{E6FC92AB-3FB4-42E1-A1FB-267ADFC73B62}"
EndProject
Global
	GlobalSection(TeamFoundationVersionControl) = preSolution
		SccNumberOfProjects = 10
		SccEnterpriseProvider = {4CA58AB2-18FA-4F8D-95D4-32DDF27D184C}
		SccTeamFoundationServer = http://192.168.2.29:8080/tfs/framework
		SccLocalPath0 = .
		SccProjectUniqueName1 = Services\\OrderFulfillment\\Service\\Library\\NetSteps.Integrations.Service.csproj
		SccProjectTopLevelParentUniqueName1 = Integrations.sln
		SccProjectName1 = Services/OrderFulfillment/Service/Library
		SccLocalPath1 = Services\\OrderFulfillment\\Service\\Library
		SccProjectUniqueName2 = Services\\OrderFulfillment\\Service\\WebService\\IntegrationsService.csproj
		SccProjectTopLevelParentUniqueName2 = Integrations.sln
		SccProjectName2 = Services/OrderFulfillment/Service/WebService
		SccLocalPath2 = Services\\OrderFulfillment\\Service\\WebService
		SccProjectUniqueName3 = DataAccess\\NetstepsDataAccess\\Netsteps.Integrations.Internals.csproj
		SccProjectTopLevelParentUniqueName3 = Integrations.sln
		SccProjectName3 = DataAccess/NetstepsDataAccess
		SccLocalPath3 = DataAccess\\NetstepsDataAccess
		SccProjectUniqueName4 = TestDisbursements\\TestDisbursements.csproj
		SccProjectTopLevelParentUniqueName4 = Integrations.sln
		SccProjectName4 = DataAccess/NetstepsDataAccess
		SccLocalPath4 = DataAccess\\NetstepsDataAccess
		SccProjectUniqueName5 = TestFinancialsService\\TestFinancialsService.csproj
		SccProjectTopLevelParentUniqueName5 = Integrations.sln
		SccProjectName5 = TestFinancialsService
		SccLocalPath5 = TestFinancialsService
		SccProjectUniqueName6 = TestProxyIntegrations\\TestProxyIntegrations.csproj
		SccProjectTopLevelParentUniqueName6 = Integrations.sln
		SccProjectName6 = TestProxyIntegrations
		SccLocalPath6 = TestProxyIntegrations
		SccProjectUniqueName7 = TestAccountExport\\TestAccountExport.csproj
		SccProjectTopLevelParentUniqueName7 = Integrations.sln
		SccProjectName7 = TestAccountExport
		SccLocalPath7 = TestAccountExport
		SccProjectUniqueName8 = TestOrderExport\\TestOrderExport.csproj
		SccProjectTopLevelParentUniqueName8 = Integrations.sln
		SccProjectName8 = TestOrderExport
		SccLocalPath8 = TestOrderExport
		SccProjectUniqueName9 = TestGetOrders\\TestGetOrders.csproj
		SccProjectTopLevelParentUniqueName9 = Integrations.sln
		SccProjectName9 = TestGetOrders
		SccLocalPath9 = TestGetOrders
		SccProjectUniqueName10 = TestDisbursements\\TestDisbursements.csproj
		SccProjectTopLevelParentUniqueName10 = Integrations.sln
		SccProjectName10 = TestDisbursements
		SccLocalPath10 = TestDisbursements
	EndGlobalSection
	GlobalSection(SolutionConfigurationPlatforms) = preSolution
		Debug|Any CPU = Debug|Any CPU
		Debug|Mixed Platforms = Debug|Mixed Platforms
		Debug|x86 = Debug|x86
		Release|Any CPU = Release|Any CPU
		Release|Mixed Platforms = Release|Mixed Platforms
		Release|x86 = Release|x86
		Staging|Any CPU = Staging|Any CPU
		Staging|Mixed Platforms = Staging|Mixed Platforms
		Staging|x86 = Staging|x86
		Testing|Any CPU = Testing|Any CPU
		Testing|Mixed Platforms = Testing|Mixed Platforms
		Testing|x86 = Testing|x86
	EndGlobalSection
	GlobalSection(ProjectConfigurationPlatforms) = postSolution
		{3E1A23CE-AE9F-4609-A3E9-9960E82A1432}.Debug|Any CPU.ActiveCfg = Debug|Any CPU
		{3E1A23CE-AE9F-4609-A3E9-9960E82A1432}.Debug|Any CPU.Build.0 = Debug|Any CPU
		{3E1A23CE-AE9F-4609-A3E9-9960E82A1432}.Debug|Mixed Platforms.ActiveCfg = Debug|Any CPU
		{3E1A23CE-AE9F-4609-A3E9-9960E82A1432}.Debug|Mixed Platforms.Build.0 = Debug|Any CPU
		{3E1A23CE-AE9F-4609-A3E9-9960E82A1432}.Debug|x86.ActiveCfg = Debug|Any CPU
		{3E1A23CE-AE9F-4609-A3E9-9960E82A1432}.Release|Any CPU.ActiveCfg = Release|Any CPU
		{3E1A23CE-AE9F-4609-A3E9-9960E82A1432}.Release|Any CPU.Build.0 = Release|Any CPU
		{3E1A23CE-AE9F-4609-A3E9-9960E82A1432}.Release|Mixed Platforms.ActiveCfg = Release|Any CPU
		{3E1A23CE-AE9F-4609-A3E9-9960E82A1432}.Release|Mixed Platforms.Build.0 = Release|Any CPU
		{3E1A23CE-AE9F-4609-A3E9-9960E82A1432}.Release|x86.ActiveCfg = Release|Any CPU
		{3E1A23CE-AE9F-4609-A3E9-9960E82A1432}.Staging|Any CPU.ActiveCfg = Staging|Any CPU
		{3E1A23CE-AE9F-4609-A3E9-9960E82A1432}.Staging|Any CPU.Build.0 = Staging|Any CPU
		{3E1A23CE-AE9F-4609-A3E9-9960E82A1432}.Staging|Mixed Platforms.ActiveCfg = Staging|Any CPU
		{3E1A23CE-AE9F-4609-A3E9-9960E82A1432}.Staging|Mixed Platforms.Build.0 = Staging|Any CPU
		{3E1A23CE-AE9F-4609-A3E9-9960E82A1432}.Staging|x86.ActiveCfg = Staging|Any CPU
		{3E1A23CE-AE9F-4609-A3E9-9960E82A1432}.Testing|Any CPU.ActiveCfg = Testing|Any CPU
		{3E1A23CE-AE9F-4609-A3E9-9960E82A1432}.Testing|Any CPU.Build.0 = Testing|Any CPU
		{3E1A23CE-AE9F-4609-A3E9-9960E82A1432}.Testing|Mixed Platforms.ActiveCfg = Testing|Any CPU
		{3E1A23CE-AE9F-4609-A3E9-9960E82A1432}.Testing|Mixed Platforms.Build.0 = Testing|Any CPU
		{3E1A23CE-AE9F-4609-A3E9-9960E82A1432}.Testing|x86.ActiveCfg = Testing|Any CPU
		{63805798-DF6C-43F6-A90B-1A5E756E36B3}.Debug|Any CPU.ActiveCfg = Debug|Any CPU
		{63805798-DF6C-43F6-A90B-1A5E756E36B3}.Debug|Any CPU.Build.0 = Debug|Any CPU
		{63805798-DF6C-43F6-A90B-1A5E756E36B3}.Debug|Mixed Platforms.ActiveCfg = Debug|Any CPU
		{63805798-DF6C-43F6-A90B-1A5E756E36B3}.Debug|Mixed Platforms.Build.0 = Debug|Any CPU
		{63805798-DF6C-43F6-A90B-1A5E756E36B3}.Debug|x86.ActiveCfg = Debug|Any CPU
		{63805798-DF6C-43F6-A90B-1A5E756E36B3}.Release|Any CPU.ActiveCfg = Release|Any CPU
		{63805798-DF6C-43F6-A90B-1A5E756E36B3}.Release|Any CPU.Build.0 = Release|Any CPU
		{63805798-DF6C-43F6-A90B-1A5E756E36B3}.Release|Mixed Platforms.ActiveCfg = Release|Any CPU
		{63805798-DF6C-43F6-A90B-1A5E756E36B3}.Release|Mixed Platforms.Build.0 = Release|Any CPU
		{63805798-DF6C-43F6-A90B-1A5E756E36B3}.Release|x86.ActiveCfg = Release|Any CPU
		{63805798-DF6C-43F6-A90B-1A5E756E36B3}.Staging|Any CPU.ActiveCfg = Staging|Any CPU
		{63805798-DF6C-43F6-A90B-1A5E756E36B3}.Staging|Any CPU.Build.0 = Staging|Any CPU
		{63805798-DF6C-43F6-A90B-1A5E756E36B3}.Staging|Mixed Platforms.ActiveCfg = Staging|Any CPU
		{63805798-DF6C-43F6-A90B-1A5E756E36B3}.Staging|Mixed Platforms.Build.0 = Staging|Any CPU
		{63805798-DF6C-43F6-A90B-1A5E756E36B3}.Staging|x86.ActiveCfg = Staging|Any CPU
		{63805798-DF6C-43F6-A90B-1A5E756E36B3}.Testing|Any CPU.ActiveCfg = Testing|Any CPU
		{63805798-DF6C-43F6-A90B-1A5E756E36B3}.Testing|Any CPU.Build.0 = Testing|Any CPU
		{63805798-DF6C-43F6-A90B-1A5E756E36B3}.Testing|Mixed Platforms.ActiveCfg = Testing|Any CPU
		{63805798-DF6C-43F6-A90B-1A5E756E36B3}.Testing|Mixed Platforms.Build.0 = Testing|Any CPU
		{63805798-DF6C-43F6-A90B-1A5E756E36B3}.Testing|x86.ActiveCfg = Testing|Any CPU
		{E73AC5D9-A10C-4862-B5EB-760DA4278559}.Debug|Any CPU.ActiveCfg = Debug|Any CPU
		{E73AC5D9-A10C-4862-B5EB-760DA4278559}.Debug|Any CPU.Build.0 = Debug|Any CPU
		{E73AC5D9-A10C-4862-B5EB-760DA4278559}.Debug|Mixed Platforms.ActiveCfg = Debug|Any CPU
		{E73AC5D9-A10C-4862-B5EB-760DA4278559}.Debug|Mixed Platforms.Build.0 = Debug|Any CPU
		{E73AC5D9-A10C-4862-B5EB-760DA4278559}.Debug|x86.ActiveCfg = Debug|Any CPU
		{E73AC5D9-A10C-4862-B5EB-760DA4278559}.Release|Any CPU.ActiveCfg = Release|Any CPU
		{E73AC5D9-A10C-4862-B5EB-760DA4278559}.Release|Any CPU.Build.0 = Release|Any CPU
		{E73AC5D9-A10C-4862-B5EB-760DA4278559}.Release|Mixed Platforms.ActiveCfg = Release|Any CPU
		{E73AC5D9-A10C-4862-B5EB-760DA4278559}.Release|Mixed Platforms.Build.0 = Release|Any CPU
		{E73AC5D9-A10C-4862-B5EB-760DA4278559}.Release|x86.ActiveCfg = Release|Any CPU
		{E73AC5D9-A10C-4862-B5EB-760DA4278559}.Staging|Any CPU.ActiveCfg = Release|Any CPU
		{E73AC5D9-A10C-4862-B5EB-760DA4278559}.Staging|Any CPU.Build.0 = Release|Any CPU
		{E73AC5D9-A10C-4862-B5EB-760DA4278559}.Staging|Mixed Platforms.ActiveCfg = Debug|Any CPU
		{E73AC5D9-A10C-4862-B5EB-760DA4278559}.Staging|Mixed Platforms.Build.0 = Debug|Any CPU
		{E73AC5D9-A10C-4862-B5EB-760DA4278559}.Staging|x86.ActiveCfg = Release|Any CPU
		{E73AC5D9-A10C-4862-B5EB-760DA4278559}.Testing|Any CPU.ActiveCfg = Release|Any CPU
		{E73AC5D9-A10C-4862-B5EB-760DA4278559}.Testing|Any CPU.Build.0 = Release|Any CPU
		{E73AC5D9-A10C-4862-B5EB-760DA4278559}.Testing|Mixed Platforms.ActiveCfg = Release|Any CPU
		{E73AC5D9-A10C-4862-B5EB-760DA4278559}.Testing|Mixed Platforms.Build.0 = Release|Any CPU
		{E73AC5D9-A10C-4862-B5EB-760DA4278559}.Testing|x86.ActiveCfg = Release|Any CPU
		{E6FC92AB-3FB4-42E1-A1FB-267ADFC73B62}.Debug|Any CPU.ActiveCfg = Debug|Any CPU
		{E6FC92AB-3FB4-42E1-A1FB-267ADFC73B62}.Debug|Any CPU.Build.0 = Debug|Any CPU
		{E6FC92AB-3FB4-42E1-A1FB-267ADFC73B62}.Debug|Mixed Platforms.ActiveCfg = Debug|Any CPU
		{E6FC92AB-3FB4-42E1-A1FB-267ADFC73B62}.Debug|Mixed Platforms.Build.0 = Debug|Any CPU
		{E6FC92AB-3FB4-42E1-A1FB-267ADFC73B62}.Debug|x86.ActiveCfg = Debug|Any CPU
		{E6FC92AB-3FB4-42E1-A1FB-267ADFC73B62}.Release|Any CPU.ActiveCfg = Release|Any CPU
		{E6FC92AB-3FB4-42E1-A1FB-267ADFC73B62}.Release|Any CPU.Build.0 = Release|Any CPU
		{E6FC92AB-3FB4-42E1-A1FB-267ADFC73B62}.Release|Mixed Platforms.ActiveCfg = Release|Any CPU
		{E6FC92AB-3FB4-42E1-A1FB-267ADFC73B62}.Release|Mixed Platforms.Build.0 = Release|Any CPU
		{E6FC92AB-3FB4-42E1-A1FB-267ADFC73B62}.Release|x86.ActiveCfg = Release|Any CPU
		{E6FC92AB-3FB4-42E1-A1FB-267ADFC73B62}.Staging|Any CPU.ActiveCfg = Staging|Any CPU
		{E6FC92AB-3FB4-42E1-A1FB-267ADFC73B62}.Staging|Any CPU.Build.0 = Staging|Any CPU
		{E6FC92AB-3FB4-42E1-A1FB-267ADFC73B62}.Staging|Mixed Platforms.ActiveCfg = Release|Any CPU
		{E6FC92AB-3FB4-42E1-A1FB-267ADFC73B62}.Staging|Mixed Platforms.Build.0 = Release|Any CPU
		{E6FC92AB-3FB4-42E1-A1FB-267ADFC73B62}.Staging|x86.ActiveCfg = Release|Any CPU
		{E6FC92AB-3FB4-42E1-A1FB-267ADFC73B62}.Testing|Any CPU.ActiveCfg = Testing|Any CPU
		{E6FC92AB-3FB4-42E1-A1FB-267ADFC73B62}.Testing|Any CPU.Build.0 = Testing|Any CPU
		{E6FC92AB-3FB4-42E1-A1FB-267ADFC73B62}.Testing|Mixed Platforms.ActiveCfg = Release|Any CPU
		{E6FC92AB-3FB4-42E1-A1FB-267ADFC73B62}.Testing|Mixed Platforms.Build.0 = Release|Any CPU
		{E6FC92AB-3FB4-42E1-A1FB-267ADFC73B62}.Testing|x86.ActiveCfg = Release|Any CPU
	EndGlobalSection
	GlobalSection(SolutionProperties) = preSolution
		HideSolutionNode = FALSE
	EndGlobalSection
	GlobalSection(NestedProjects) = preSolution
		{3E1A23CE-AE9F-4609-A3E9-9960E82A1432} = {8EB68673-8380-4A9D-B430-9AA0C0ED3530}
		{E6FC92AB-3FB4-42E1-A1FB-267ADFC73B62} = {8EB68673-8380-4A9D-B430-9AA0C0ED3530}
		{63805798-DF6C-43F6-A90B-1A5E756E36B3} = {907E913F-29A7-43D8-9101-1C099774CCC2}
	EndGlobalSection
EndGlobal
