
Microsoft Visual Studio Solution File, Format Version 11.00
# Visual Studio 2010
Project("{2150E333-8FDC-42A3-9474-1A3956D46DE8}") = "Solution Items", "Solution Items", "{3E942BB2-BAE5-4CF2-8A1B-52285744A92D}"
	ProjectSection(SolutionItems) = preProject
		Local.testsettings = Local.testsettings
		NetSteps.Enrollment.XmlConfiguration.vsmdi = NetSteps.Enrollment.XmlConfiguration.vsmdi
		TraceAndTestImpact.testsettings = TraceAndTestImpact.testsettings
	EndProjectSection
EndProject
Project("{FAE04EC0-301F-11D3-BF4B-00C04F79EFBC}") = "NetSteps.Enrollment.XmlConfiguration", "Source\NetSteps.Enrollment.XmlConfiguration.csproj", "{FD429F39-0D02-4F99-8CAE-572531386433}"
EndProject
Project("{FAE04EC0-301F-11D3-BF4B-00C04F79EFBC}") = "XmlConfigurationTests", "Source\XmlConfigurationTests\XmlConfigurationTests.csproj", "{D1CE1D80-14F7-492C-8A28-F515882CCBC0}"
EndProject
Global
	GlobalSection(TestCaseManagementSettings) = postSolution
		CategoryFile = NetSteps.Enrollment.XmlConfiguration.vsmdi
	EndGlobalSection
	GlobalSection(SolutionConfigurationPlatforms) = preSolution
		Debug|Any CPU = Debug|Any CPU
		Release|Any CPU = Release|Any CPU
	EndGlobalSection
	GlobalSection(ProjectConfigurationPlatforms) = postSolution
		{FD429F39-0D02-4F99-8CAE-572531386433}.Debug|Any CPU.ActiveCfg = Debug|Any CPU
		{FD429F39-0D02-4F99-8CAE-572531386433}.Debug|Any CPU.Build.0 = Debug|Any CPU
		{FD429F39-0D02-4F99-8CAE-572531386433}.Release|Any CPU.ActiveCfg = Release|Any CPU
		{FD429F39-0D02-4F99-8CAE-572531386433}.Release|Any CPU.Build.0 = Release|Any CPU
		{D1CE1D80-14F7-492C-8A28-F515882CCBC0}.Debug|Any CPU.ActiveCfg = Debug|Any CPU
		{D1CE1D80-14F7-492C-8A28-F515882CCBC0}.Debug|Any CPU.Build.0 = Debug|Any CPU
		{D1CE1D80-14F7-492C-8A28-F515882CCBC0}.Release|Any CPU.ActiveCfg = Release|Any CPU
		{D1CE1D80-14F7-492C-8A28-F515882CCBC0}.Release|Any CPU.Build.0 = Release|Any CPU
	EndGlobalSection
	GlobalSection(SolutionProperties) = preSolution
		HideSolutionNode = FALSE
	EndGlobalSection
EndGlobal
