
Microsoft Visual Studio Solution File, Format Version 11.00
# Visual Studio 2010
Project("{FAE04EC0-301F-11D3-BF4B-00C04F79EFBC}") = "NetSteps.Modules.Autoship.Common", "NetSteps.Modules.Autoship.Common\NetSteps.Modules.Autoship.Common.csproj", "{A61E9595-DD93-4DAF-B411-C9AE87ED338D}"
EndProject
Project("{FAE04EC0-301F-11D3-BF4B-00C04F79EFBC}") = "NetSteps.Modules.Autoship.Tests", "NetSteps.Modules.Autoship.Tests\NetSteps.Modules.Autoship.Tests.csproj", "{D6623652-FD5C-45A4-8FA2-5E24847BCCC5}"
EndProject
Global
	GlobalSection(TestCaseManagementSettings) = postSolution
		CategoryFile = Autoship.vsmdi
	EndGlobalSection
	GlobalSection(SolutionConfigurationPlatforms) = preSolution
		Debug|Any CPU = Debug|Any CPU
		Release|Any CPU = Release|Any CPU
	EndGlobalSection
	GlobalSection(ProjectConfigurationPlatforms) = postSolution
		{A61E9595-DD93-4DAF-B411-C9AE87ED338D}.Debug|Any CPU.ActiveCfg = Debug|Any CPU
		{A61E9595-DD93-4DAF-B411-C9AE87ED338D}.Debug|Any CPU.Build.0 = Debug|Any CPU
		{A61E9595-DD93-4DAF-B411-C9AE87ED338D}.Release|Any CPU.ActiveCfg = Release|Any CPU
		{A61E9595-DD93-4DAF-B411-C9AE87ED338D}.Release|Any CPU.Build.0 = Release|Any CPU
		{D6623652-FD5C-45A4-8FA2-5E24847BCCC5}.Debug|Any CPU.ActiveCfg = Debug|Any CPU
		{D6623652-FD5C-45A4-8FA2-5E24847BCCC5}.Debug|Any CPU.Build.0 = Debug|Any CPU
		{D6623652-FD5C-45A4-8FA2-5E24847BCCC5}.Release|Any CPU.ActiveCfg = Release|Any CPU
		{D6623652-FD5C-45A4-8FA2-5E24847BCCC5}.Release|Any CPU.Build.0 = Release|Any CPU
	EndGlobalSection
	GlobalSection(SolutionProperties) = preSolution
		HideSolutionNode = FALSE
	EndGlobalSection
EndGlobal
