
Microsoft Visual Studio Solution File, Format Version 11.00
# Visual Studio 2010
Project("{FAE04EC0-301F-11D3-BF4B-00C04F79EFBC}") = "NetSteps.AccountSubscription.Service", "NetSteps.AccountSubscription.Service\NetSteps.AccountSubscription.Service.csproj", "{29DA15A9-8E93-4BF7-A691-DFCDF226971B}"
EndProject
Project("{FAE04EC0-301F-11D3-BF4B-00C04F79EFBC}") = "NetSteps.AccountSubscription.Tests", "NetSteps.AccountSubscription.Tests\NetSteps.AccountSubscription.Tests.csproj", "{6788BD8B-E3AA-45AD-B739-191D47CCEF06}"
EndProject
Project("{2150E333-8FDC-42A3-9474-1A3956D46DE8}") = "Solution Items", "Solution Items", "{A4E6B6F0-6A76-4CF7-A891-37917AA0180F}"
	ProjectSection(SolutionItems) = preProject
		AccountSubscription.vsmdi = AccountSubscription.vsmdi
		Local.testsettings = Local.testsettings
		TraceAndTestImpact.testsettings = TraceAndTestImpact.testsettings
	EndProjectSection
EndProject
Global
	GlobalSection(TestCaseManagementSettings) = postSolution
		CategoryFile = AccountSubscription.vsmdi
	EndGlobalSection
	GlobalSection(SolutionConfigurationPlatforms) = preSolution
		Debug|Any CPU = Debug|Any CPU
		Release|Any CPU = Release|Any CPU
	EndGlobalSection
	GlobalSection(ProjectConfigurationPlatforms) = postSolution
		{29DA15A9-8E93-4BF7-A691-DFCDF226971B}.Debug|Any CPU.ActiveCfg = Debug|Any CPU
		{29DA15A9-8E93-4BF7-A691-DFCDF226971B}.Debug|Any CPU.Build.0 = Debug|Any CPU
		{29DA15A9-8E93-4BF7-A691-DFCDF226971B}.Release|Any CPU.ActiveCfg = Release|Any CPU
		{29DA15A9-8E93-4BF7-A691-DFCDF226971B}.Release|Any CPU.Build.0 = Release|Any CPU
		{6788BD8B-E3AA-45AD-B739-191D47CCEF06}.Debug|Any CPU.ActiveCfg = Debug|Any CPU
		{6788BD8B-E3AA-45AD-B739-191D47CCEF06}.Debug|Any CPU.Build.0 = Debug|Any CPU
		{6788BD8B-E3AA-45AD-B739-191D47CCEF06}.Release|Any CPU.ActiveCfg = Release|Any CPU
		{6788BD8B-E3AA-45AD-B739-191D47CCEF06}.Release|Any CPU.Build.0 = Release|Any CPU
	EndGlobalSection
	GlobalSection(SolutionProperties) = preSolution
		HideSolutionNode = FALSE
	EndGlobalSection
EndGlobal
