
Microsoft Visual Studio Solution File, Format Version 11.00
# Visual Studio 2010
Project("{FAE04EC0-301F-11D3-BF4B-00C04F79EFBC}") = "NetSteps.Web.API.Autoship.Common", "NetSteps.Web.API.Autoship.Common\NetSteps.Web.API.Autoship.Common.csproj", "{F58A8ABF-EFEB-447B-8A36-B9DB7860A0DC}"
EndProject
Project("{FAE04EC0-301F-11D3-BF4B-00C04F79EFBC}") = "NetSteps.Web.API.Autoship.Tests", "NetSteps.Web.API.Autoship.Tests\NetSteps.Web.API.Autoship.Tests.csproj", "{84303660-34B8-4064-A2A2-5D09784BDA38}"
EndProject
Global
	GlobalSection(TestCaseManagementSettings) = postSolution
		CategoryFile = Autoship.vsmdi
	EndGlobalSection
	GlobalSection(SolutionConfigurationPlatforms) = preSolution
		Debug|Any CPU = Debug|Any CPU
		Release|Any CPU = Release|Any CPU
	EndGlobalSection
	GlobalSection(ProjectConfigurationPlatforms) = postSolution
		{F58A8ABF-EFEB-447B-8A36-B9DB7860A0DC}.Debug|Any CPU.ActiveCfg = Debug|Any CPU
		{F58A8ABF-EFEB-447B-8A36-B9DB7860A0DC}.Debug|Any CPU.Build.0 = Debug|Any CPU
		{F58A8ABF-EFEB-447B-8A36-B9DB7860A0DC}.Release|Any CPU.ActiveCfg = Release|Any CPU
		{F58A8ABF-EFEB-447B-8A36-B9DB7860A0DC}.Release|Any CPU.Build.0 = Release|Any CPU
		{84303660-34B8-4064-A2A2-5D09784BDA38}.Debug|Any CPU.ActiveCfg = Debug|Any CPU
		{84303660-34B8-4064-A2A2-5D09784BDA38}.Debug|Any CPU.Build.0 = Debug|Any CPU
		{84303660-34B8-4064-A2A2-5D09784BDA38}.Release|Any CPU.ActiveCfg = Release|Any CPU
		{84303660-34B8-4064-A2A2-5D09784BDA38}.Release|Any CPU.Build.0 = Release|Any CPU
	EndGlobalSection
	GlobalSection(SolutionProperties) = preSolution
		HideSolutionNode = FALSE
	EndGlobalSection
EndGlobal
