
Microsoft Visual Studio Solution File, Format Version 11.00
# Visual Studio 2010
Project("{FAE04EC0-301F-11D3-BF4B-00C04F79EFBC}") = "Extensibility.Core", "Core\Extensibility.Core.csproj", "{29455E1A-A62A-4ABA-89D7-4666CCFD4CF9}"
EndProject
Project("{FAE04EC0-301F-11D3-BF4B-00C04F79EFBC}") = "Extensibility.Core.Tests", "Core\Tests\Extensibility.Core.Tests.csproj", "{0983EEB5-2EAA-4157-A6EF-D3B3E3F5270D}"
EndProject
Global
	GlobalSection(SolutionConfigurationPlatforms) = preSolution
		Debug|Any CPU = Debug|Any CPU
		Release|Any CPU = Release|Any CPU
	EndGlobalSection
	GlobalSection(ProjectConfigurationPlatforms) = postSolution
		{29455E1A-A62A-4ABA-89D7-4666CCFD4CF9}.Debug|Any CPU.ActiveCfg = Debug|Any CPU
		{29455E1A-A62A-4ABA-89D7-4666CCFD4CF9}.Debug|Any CPU.Build.0 = Debug|Any CPU
		{29455E1A-A62A-4ABA-89D7-4666CCFD4CF9}.Release|Any CPU.ActiveCfg = Release|Any CPU
		{29455E1A-A62A-4ABA-89D7-4666CCFD4CF9}.Release|Any CPU.Build.0 = Release|Any CPU
		{0983EEB5-2EAA-4157-A6EF-D3B3E3F5270D}.Debug|Any CPU.ActiveCfg = Debug|Any CPU
		{0983EEB5-2EAA-4157-A6EF-D3B3E3F5270D}.Debug|Any CPU.Build.0 = Debug|Any CPU
		{0983EEB5-2EAA-4157-A6EF-D3B3E3F5270D}.Release|Any CPU.ActiveCfg = Release|Any CPU
		{0983EEB5-2EAA-4157-A6EF-D3B3E3F5270D}.Release|Any CPU.Build.0 = Release|Any CPU
	EndGlobalSection
	GlobalSection(SolutionProperties) = preSolution
		HideSolutionNode = FALSE
	EndGlobalSection
EndGlobal
