
Microsoft Visual Studio Solution File, Format Version 12.00
# Visual Studio 2013
VisualStudioVersion = 12.0.30723.0
MinimumVisualStudioVersion = 10.0.40219.1
Project("{FAE04EC0-301F-11D3-BF4B-00C04F79EFBC}") = "NetSteps.Promotions.UI.Common", "Common\NetSteps.Promotions.UI.Common.csproj", "{7EF9E80B-2BBD-42AD-A5C0-3503FC578776}"
EndProject
Project("{FAE04EC0-301F-11D3-BF4B-00C04F79EFBC}") = "NetSteps.Promotions.UI.Service", "Service\NetSteps.Promotions.UI.Service.csproj", "{FBE36DD6-DE55-4370-8C4A-7A6F7D6D3AF6}"
EndProject
Global
	GlobalSection(SolutionConfigurationPlatforms) = preSolution
		Debug|Any CPU = Debug|Any CPU
		Release|Any CPU = Release|Any CPU
	EndGlobalSection
	GlobalSection(ProjectConfigurationPlatforms) = postSolution
		{7EF9E80B-2BBD-42AD-A5C0-3503FC578776}.Debug|Any CPU.ActiveCfg = Debug|Any CPU
		{7EF9E80B-2BBD-42AD-A5C0-3503FC578776}.Debug|Any CPU.Build.0 = Debug|Any CPU
		{7EF9E80B-2BBD-42AD-A5C0-3503FC578776}.Release|Any CPU.ActiveCfg = Release|Any CPU
		{7EF9E80B-2BBD-42AD-A5C0-3503FC578776}.Release|Any CPU.Build.0 = Release|Any CPU
		{FBE36DD6-DE55-4370-8C4A-7A6F7D6D3AF6}.Debug|Any CPU.ActiveCfg = Debug|Any CPU
		{FBE36DD6-DE55-4370-8C4A-7A6F7D6D3AF6}.Debug|Any CPU.Build.0 = Debug|Any CPU
		{FBE36DD6-DE55-4370-8C4A-7A6F7D6D3AF6}.Release|Any CPU.ActiveCfg = Release|Any CPU
		{FBE36DD6-DE55-4370-8C4A-7A6F7D6D3AF6}.Release|Any CPU.Build.0 = Release|Any CPU
	EndGlobalSection
	GlobalSection(SolutionProperties) = preSolution
		HideSolutionNode = FALSE
	EndGlobalSection
EndGlobal
