
Microsoft Visual Studio Solution File, Format Version 11.00
# Visual Studio 2010
Project("{FAE04EC0-301F-11D3-BF4B-00C04F79EFBC}") = "NetSteps.Cache.Core", "NetSteps.Cache.Core\NetSteps.Cache.Core.csproj", "{BD93A7E7-3479-41F7-BBEA-3F97D6986276}"
EndProject
Project("{FAE04EC0-301F-11D3-BF4B-00C04F79EFBC}") = "NetSteps.Cache.Core.Tests", "NetSteps.Cache.Core\NetSteps.Cache.Core.Tests\NetSteps.Cache.Core.Tests.csproj", "{A2B4E214-0D9E-4B58-9BB7-EB388EDD769C}"
EndProject
Project("{2150E333-8FDC-42A3-9474-1A3956D46DE8}") = "Solution Items", "Solution Items", "{21A2F85F-09FE-45D9-906C-E4F71A57FEFB}"
	ProjectSection(SolutionItems) = preProject
		MTA.testsettings = MTA.testsettings
		NetSteps.Cache.vsmdi = NetSteps.Cache.vsmdi
	EndProjectSection
EndProject
Global
	GlobalSection(TestCaseManagementSettings) = postSolution
		CategoryFile = NetSteps.Cache.vsmdi
	EndGlobalSection
	GlobalSection(SolutionConfigurationPlatforms) = preSolution
		Debug|Any CPU = Debug|Any CPU
		Debug|Mixed Platforms = Debug|Mixed Platforms
		Debug|x86 = Debug|x86
		Release|Any CPU = Release|Any CPU
		Release|Mixed Platforms = Release|Mixed Platforms
		Release|x86 = Release|x86
	EndGlobalSection
	GlobalSection(ProjectConfigurationPlatforms) = postSolution
		{BD93A7E7-3479-41F7-BBEA-3F97D6986276}.Debug|Any CPU.ActiveCfg = Debug|Any CPU
		{BD93A7E7-3479-41F7-BBEA-3F97D6986276}.Debug|Any CPU.Build.0 = Debug|Any CPU
		{BD93A7E7-3479-41F7-BBEA-3F97D6986276}.Debug|Mixed Platforms.ActiveCfg = Debug|Any CPU
		{BD93A7E7-3479-41F7-BBEA-3F97D6986276}.Debug|Mixed Platforms.Build.0 = Debug|Any CPU
		{BD93A7E7-3479-41F7-BBEA-3F97D6986276}.Debug|x86.ActiveCfg = Debug|Any CPU
		{BD93A7E7-3479-41F7-BBEA-3F97D6986276}.Release|Any CPU.ActiveCfg = Release|Any CPU
		{BD93A7E7-3479-41F7-BBEA-3F97D6986276}.Release|Any CPU.Build.0 = Release|Any CPU
		{BD93A7E7-3479-41F7-BBEA-3F97D6986276}.Release|Mixed Platforms.ActiveCfg = Release|Any CPU
		{BD93A7E7-3479-41F7-BBEA-3F97D6986276}.Release|Mixed Platforms.Build.0 = Release|Any CPU
		{BD93A7E7-3479-41F7-BBEA-3F97D6986276}.Release|x86.ActiveCfg = Release|Any CPU
		{A2B4E214-0D9E-4B58-9BB7-EB388EDD769C}.Debug|Any CPU.ActiveCfg = Debug|Any CPU
		{A2B4E214-0D9E-4B58-9BB7-EB388EDD769C}.Debug|Any CPU.Build.0 = Debug|Any CPU
		{A2B4E214-0D9E-4B58-9BB7-EB388EDD769C}.Debug|Mixed Platforms.ActiveCfg = Debug|Any CPU
		{A2B4E214-0D9E-4B58-9BB7-EB388EDD769C}.Debug|Mixed Platforms.Build.0 = Debug|Any CPU
		{A2B4E214-0D9E-4B58-9BB7-EB388EDD769C}.Debug|x86.ActiveCfg = Debug|Any CPU
		{A2B4E214-0D9E-4B58-9BB7-EB388EDD769C}.Release|Any CPU.ActiveCfg = Release|Any CPU
		{A2B4E214-0D9E-4B58-9BB7-EB388EDD769C}.Release|Any CPU.Build.0 = Release|Any CPU
		{A2B4E214-0D9E-4B58-9BB7-EB388EDD769C}.Release|Mixed Platforms.ActiveCfg = Release|Any CPU
		{A2B4E214-0D9E-4B58-9BB7-EB388EDD769C}.Release|Mixed Platforms.Build.0 = Release|Any CPU
		{A2B4E214-0D9E-4B58-9BB7-EB388EDD769C}.Release|x86.ActiveCfg = Release|Any CPU
	EndGlobalSection
	GlobalSection(SolutionProperties) = preSolution
		HideSolutionNode = FALSE
	EndGlobalSection
EndGlobal
