
Microsoft Visual Studio Solution File, Format Version 11.00
# Visual Studio 2010
Project("{FAE04EC0-301F-11D3-BF4B-00C04F79EFBC}") = "NetSteps.Cache.AppFabric", "NetSteps.Cache.AppFabric\NetSteps.Cache.AppFabric.csproj", "{A7D9A725-F712-4306-BC04-9AC6D31FF47B}"
EndProject
Project("{FAE04EC0-301F-11D3-BF4B-00C04F79EFBC}") = "NetSteps.Cache.AppFabric.Tests", "NetSteps.Cache.AppFabric\NetSteps.Cache.AppFabric.Tests\NetSteps.Cache.AppFabric.Tests.csproj", "{7DDED24F-E466-4580-AC0D-633B6735084E}"
EndProject
Global
	GlobalSection(SolutionConfigurationPlatforms) = preSolution
		Debug|Any CPU = Debug|Any CPU
		Release|Any CPU = Release|Any CPU
	EndGlobalSection
	GlobalSection(ProjectConfigurationPlatforms) = postSolution
		{A7D9A725-F712-4306-BC04-9AC6D31FF47B}.Debug|Any CPU.ActiveCfg = Debug|Any CPU
		{A7D9A725-F712-4306-BC04-9AC6D31FF47B}.Debug|Any CPU.Build.0 = Debug|Any CPU
		{A7D9A725-F712-4306-BC04-9AC6D31FF47B}.Release|Any CPU.ActiveCfg = Release|Any CPU
		{A7D9A725-F712-4306-BC04-9AC6D31FF47B}.Release|Any CPU.Build.0 = Release|Any CPU
		{7DDED24F-E466-4580-AC0D-633B6735084E}.Debug|Any CPU.ActiveCfg = Debug|Any CPU
		{7DDED24F-E466-4580-AC0D-633B6735084E}.Debug|Any CPU.Build.0 = Debug|Any CPU
		{7DDED24F-E466-4580-AC0D-633B6735084E}.Release|Any CPU.ActiveCfg = Release|Any CPU
		{7DDED24F-E466-4580-AC0D-633B6735084E}.Release|Any CPU.Build.0 = Release|Any CPU
	EndGlobalSection
	GlobalSection(SolutionProperties) = preSolution
		HideSolutionNode = FALSE
	EndGlobalSection
EndGlobal
