
Microsoft Visual Studio Solution File, Format Version 11.00
# Visual Studio 2010
Project("{FAE04EC0-301F-11D3-BF4B-00C04F79EFBC}") = "NetSteps.Web.API.Downline.Common", "NetSteps.Web.API.Downline.Common\NetSteps.Web.API.Downline.Common.csproj", "{E9E178BA-13B7-4919-93D1-0FEE0903931B}"
EndProject
Project("{FAE04EC0-301F-11D3-BF4B-00C04F79EFBC}") = "NetSteps.Web.API.Downline.Common.Tests", "NetSteps.Web.API.Downline.Common.Tests\NetSteps.Web.API.Downline.Common.Tests.csproj", "{163F4803-4B36-4041-9011-C7187C71E24A}"
EndProject
Global
	GlobalSection(TestCaseManagementSettings) = postSolution
		CategoryFile = Downline.vsmdi
	EndGlobalSection
	GlobalSection(SolutionConfigurationPlatforms) = preSolution
		Debug|Any CPU = Debug|Any CPU
		Release|Any CPU = Release|Any CPU
	EndGlobalSection
	GlobalSection(ProjectConfigurationPlatforms) = postSolution
		{E9E178BA-13B7-4919-93D1-0FEE0903931B}.Debug|Any CPU.ActiveCfg = Debug|Any CPU
		{E9E178BA-13B7-4919-93D1-0FEE0903931B}.Debug|Any CPU.Build.0 = Debug|Any CPU
		{E9E178BA-13B7-4919-93D1-0FEE0903931B}.Release|Any CPU.ActiveCfg = Release|Any CPU
		{E9E178BA-13B7-4919-93D1-0FEE0903931B}.Release|Any CPU.Build.0 = Release|Any CPU
		{163F4803-4B36-4041-9011-C7187C71E24A}.Debug|Any CPU.ActiveCfg = Debug|Any CPU
		{163F4803-4B36-4041-9011-C7187C71E24A}.Debug|Any CPU.Build.0 = Debug|Any CPU
		{163F4803-4B36-4041-9011-C7187C71E24A}.Release|Any CPU.ActiveCfg = Release|Any CPU
		{163F4803-4B36-4041-9011-C7187C71E24A}.Release|Any CPU.Build.0 = Release|Any CPU
	EndGlobalSection
	GlobalSection(SolutionProperties) = preSolution
		HideSolutionNode = FALSE
	EndGlobalSection
EndGlobal
