
Microsoft Visual Studio Solution File, Format Version 11.00
# Visual Studio 2010
Project("{FAE04EC0-301F-11D3-BF4B-00C04F79EFBC}") = "NetSteps.Web.API.Base.Common", "NetSteps.Web.API.Base.Common\NetSteps.Web.API.Base.Common.csproj", "{78958317-71DD-4030-A8EE-81FE6060DB04}"
EndProject
Project("{FAE04EC0-301F-11D3-BF4B-00C04F79EFBC}") = "NetSteps.Web.API.Base.Tests", "NetSteps.Web.API.Base.Tests\NetSteps.Web.API.Base.Tests.csproj", "{170E3972-634E-4C60-B311-997F48D183EB}"
EndProject
Project("{2150E333-8FDC-42A3-9474-1A3956D46DE8}") = "Solution Items", "Solution Items", "{D6E4A459-06B6-46ED-AF7C-D382FA3F06AA}"
	ProjectSection(SolutionItems) = preProject
		BaseController.vsmdi = BaseController.vsmdi
		Local.testsettings = Local.testsettings
		TraceAndTestImpact.testsettings = TraceAndTestImpact.testsettings
	EndProjectSection
EndProject
Global
	GlobalSection(TestCaseManagementSettings) = postSolution
		CategoryFile = BaseController.vsmdi
	EndGlobalSection
	GlobalSection(SolutionConfigurationPlatforms) = preSolution
		Debug|Any CPU = Debug|Any CPU
		Release|Any CPU = Release|Any CPU
	EndGlobalSection
	GlobalSection(ProjectConfigurationPlatforms) = postSolution
		{78958317-71DD-4030-A8EE-81FE6060DB04}.Debug|Any CPU.ActiveCfg = Debug|Any CPU
		{78958317-71DD-4030-A8EE-81FE6060DB04}.Debug|Any CPU.Build.0 = Debug|Any CPU
		{78958317-71DD-4030-A8EE-81FE6060DB04}.Release|Any CPU.ActiveCfg = Release|Any CPU
		{78958317-71DD-4030-A8EE-81FE6060DB04}.Release|Any CPU.Build.0 = Release|Any CPU
		{170E3972-634E-4C60-B311-997F48D183EB}.Debug|Any CPU.ActiveCfg = Debug|Any CPU
		{170E3972-634E-4C60-B311-997F48D183EB}.Debug|Any CPU.Build.0 = Debug|Any CPU
		{170E3972-634E-4C60-B311-997F48D183EB}.Release|Any CPU.ActiveCfg = Release|Any CPU
		{170E3972-634E-4C60-B311-997F48D183EB}.Release|Any CPU.Build.0 = Release|Any CPU
	EndGlobalSection
	GlobalSection(SolutionProperties) = preSolution
		HideSolutionNode = FALSE
	EndGlobalSection
EndGlobal
