
Microsoft Visual Studio Solution File, Format Version 11.00
# Visual Studio 2010
Project("{FAE04EC0-301F-11D3-BF4B-00C04F79EFBC}") = "NetSteps.ShippingDataImporter.Service", "NetSteps.ShippingDataImporter.Service\NetSteps.ShippingDataImporter.Service.csproj", "{274183CF-DA31-4012-BFDB-A78D669BA3FB}"
EndProject
Project("{FAE04EC0-301F-11D3-BF4B-00C04F79EFBC}") = "SQLTransmogrifier.Common", "..\Transmogrifier\SQLTransmogrifier.Common\SQLTransmogrifier.Common.csproj", "{7F2DAE4B-9B5E-4BFF-89C7-65C5CC2A7944}"
EndProject
Project("{FAE04EC0-301F-11D3-BF4B-00C04F79EFBC}") = "SqlTransmogrifier", "..\Transmogrifier\SqlTransmogrifier\SqlTransmogrifier.csproj", "{3E191F0D-72F2-4577-A16C-D9A00B19FE54}"
EndProject
Project("{FAE04EC0-301F-11D3-BF4B-00C04F79EFBC}") = "NetSteps.ShippingDataImporter.UI", "NetSteps.ShippingDataImporter.UI\NetSteps.ShippingDataImporter.UI.csproj", "{F13DA1C8-9847-4A46-AC3A-00D66939D3B2}"
EndProject
Project("{FAE04EC0-301F-11D3-BF4B-00C04F79EFBC}") = "NetSteps.ShippingDataImporter.Console", "NetSteps.ShippingDataImporter.Console\NetSteps.ShippingDataImporter.Console.csproj", "{12035D46-08A2-4C40-AA56-31E6933ECF8A}"
EndProject
Global
	GlobalSection(SolutionConfigurationPlatforms) = preSolution
		Debug|Any CPU = Debug|Any CPU
		Debug|Mixed Platforms = Debug|Mixed Platforms
		Debug|x86 = Debug|x86
		Release|Any CPU = Release|Any CPU
		Release|Mixed Platforms = Release|Mixed Platforms
		Release|x86 = Release|x86
		Staging|Any CPU = Staging|Any CPU
		Staging|Mixed Platforms = Staging|Mixed Platforms
		Staging|x86 = Staging|x86
		Testing|Any CPU = Testing|Any CPU
		Testing|Mixed Platforms = Testing|Mixed Platforms
		Testing|x86 = Testing|x86
	EndGlobalSection
	GlobalSection(ProjectConfigurationPlatforms) = postSolution
		{274183CF-DA31-4012-BFDB-A78D669BA3FB}.Debug|Any CPU.ActiveCfg = Debug|x86
		{274183CF-DA31-4012-BFDB-A78D669BA3FB}.Debug|Mixed Platforms.ActiveCfg = Debug|x86
		{274183CF-DA31-4012-BFDB-A78D669BA3FB}.Debug|Mixed Platforms.Build.0 = Debug|x86
		{274183CF-DA31-4012-BFDB-A78D669BA3FB}.Debug|x86.ActiveCfg = Debug|x86
		{274183CF-DA31-4012-BFDB-A78D669BA3FB}.Debug|x86.Build.0 = Debug|x86
		{274183CF-DA31-4012-BFDB-A78D669BA3FB}.Release|Any CPU.ActiveCfg = Release|x86
		{274183CF-DA31-4012-BFDB-A78D669BA3FB}.Release|Mixed Platforms.ActiveCfg = Release|x86
		{274183CF-DA31-4012-BFDB-A78D669BA3FB}.Release|Mixed Platforms.Build.0 = Release|x86
		{274183CF-DA31-4012-BFDB-A78D669BA3FB}.Release|x86.ActiveCfg = Release|x86
		{274183CF-DA31-4012-BFDB-A78D669BA3FB}.Release|x86.Build.0 = Release|x86
		{274183CF-DA31-4012-BFDB-A78D669BA3FB}.Staging|Any CPU.ActiveCfg = Release|x86
		{274183CF-DA31-4012-BFDB-A78D669BA3FB}.Staging|Mixed Platforms.ActiveCfg = Release|x86
		{274183CF-DA31-4012-BFDB-A78D669BA3FB}.Staging|Mixed Platforms.Build.0 = Release|x86
		{274183CF-DA31-4012-BFDB-A78D669BA3FB}.Staging|x86.ActiveCfg = Release|x86
		{274183CF-DA31-4012-BFDB-A78D669BA3FB}.Staging|x86.Build.0 = Release|x86
		{274183CF-DA31-4012-BFDB-A78D669BA3FB}.Testing|Any CPU.ActiveCfg = Release|x86
		{274183CF-DA31-4012-BFDB-A78D669BA3FB}.Testing|Mixed Platforms.ActiveCfg = Release|x86
		{274183CF-DA31-4012-BFDB-A78D669BA3FB}.Testing|Mixed Platforms.Build.0 = Release|x86
		{274183CF-DA31-4012-BFDB-A78D669BA3FB}.Testing|x86.ActiveCfg = Release|x86
		{274183CF-DA31-4012-BFDB-A78D669BA3FB}.Testing|x86.Build.0 = Release|x86
		{7F2DAE4B-9B5E-4BFF-89C7-65C5CC2A7944}.Debug|Any CPU.ActiveCfg = Debug|Any CPU
		{7F2DAE4B-9B5E-4BFF-89C7-65C5CC2A7944}.Debug|Any CPU.Build.0 = Debug|Any CPU
		{7F2DAE4B-9B5E-4BFF-89C7-65C5CC2A7944}.Debug|Mixed Platforms.ActiveCfg = Debug|Any CPU
		{7F2DAE4B-9B5E-4BFF-89C7-65C5CC2A7944}.Debug|Mixed Platforms.Build.0 = Debug|Any CPU
		{7F2DAE4B-9B5E-4BFF-89C7-65C5CC2A7944}.Debug|x86.ActiveCfg = Debug|Any CPU
		{7F2DAE4B-9B5E-4BFF-89C7-65C5CC2A7944}.Release|Any CPU.ActiveCfg = Release|Any CPU
		{7F2DAE4B-9B5E-4BFF-89C7-65C5CC2A7944}.Release|Any CPU.Build.0 = Release|Any CPU
		{7F2DAE4B-9B5E-4BFF-89C7-65C5CC2A7944}.Release|Mixed Platforms.ActiveCfg = Release|Any CPU
		{7F2DAE4B-9B5E-4BFF-89C7-65C5CC2A7944}.Release|Mixed Platforms.Build.0 = Release|Any CPU
		{7F2DAE4B-9B5E-4BFF-89C7-65C5CC2A7944}.Release|x86.ActiveCfg = Release|Any CPU
		{7F2DAE4B-9B5E-4BFF-89C7-65C5CC2A7944}.Staging|Any CPU.ActiveCfg = Release|Any CPU
		{7F2DAE4B-9B5E-4BFF-89C7-65C5CC2A7944}.Staging|Any CPU.Build.0 = Release|Any CPU
		{7F2DAE4B-9B5E-4BFF-89C7-65C5CC2A7944}.Staging|Mixed Platforms.ActiveCfg = Release|Any CPU
		{7F2DAE4B-9B5E-4BFF-89C7-65C5CC2A7944}.Staging|Mixed Platforms.Build.0 = Release|Any CPU
		{7F2DAE4B-9B5E-4BFF-89C7-65C5CC2A7944}.Staging|x86.ActiveCfg = Release|Any CPU
		{7F2DAE4B-9B5E-4BFF-89C7-65C5CC2A7944}.Testing|Any CPU.ActiveCfg = Release|Any CPU
		{7F2DAE4B-9B5E-4BFF-89C7-65C5CC2A7944}.Testing|Any CPU.Build.0 = Release|Any CPU
		{7F2DAE4B-9B5E-4BFF-89C7-65C5CC2A7944}.Testing|Mixed Platforms.ActiveCfg = Release|Any CPU
		{7F2DAE4B-9B5E-4BFF-89C7-65C5CC2A7944}.Testing|Mixed Platforms.Build.0 = Release|Any CPU
		{7F2DAE4B-9B5E-4BFF-89C7-65C5CC2A7944}.Testing|x86.ActiveCfg = Release|Any CPU
		{3E191F0D-72F2-4577-A16C-D9A00B19FE54}.Debug|Any CPU.ActiveCfg = Debug|x86
		{3E191F0D-72F2-4577-A16C-D9A00B19FE54}.Debug|Mixed Platforms.ActiveCfg = Debug|x86
		{3E191F0D-72F2-4577-A16C-D9A00B19FE54}.Debug|Mixed Platforms.Build.0 = Debug|x86
		{3E191F0D-72F2-4577-A16C-D9A00B19FE54}.Debug|x86.ActiveCfg = Debug|x86
		{3E191F0D-72F2-4577-A16C-D9A00B19FE54}.Debug|x86.Build.0 = Debug|x86
		{3E191F0D-72F2-4577-A16C-D9A00B19FE54}.Release|Any CPU.ActiveCfg = Release|x86
		{3E191F0D-72F2-4577-A16C-D9A00B19FE54}.Release|Mixed Platforms.ActiveCfg = Release|x86
		{3E191F0D-72F2-4577-A16C-D9A00B19FE54}.Release|Mixed Platforms.Build.0 = Release|x86
		{3E191F0D-72F2-4577-A16C-D9A00B19FE54}.Release|x86.ActiveCfg = Release|x86
		{3E191F0D-72F2-4577-A16C-D9A00B19FE54}.Release|x86.Build.0 = Release|x86
		{3E191F0D-72F2-4577-A16C-D9A00B19FE54}.Staging|Any CPU.ActiveCfg = Release|x86
		{3E191F0D-72F2-4577-A16C-D9A00B19FE54}.Staging|Mixed Platforms.ActiveCfg = Release|x86
		{3E191F0D-72F2-4577-A16C-D9A00B19FE54}.Staging|Mixed Platforms.Build.0 = Release|x86
		{3E191F0D-72F2-4577-A16C-D9A00B19FE54}.Staging|x86.ActiveCfg = Release|x86
		{3E191F0D-72F2-4577-A16C-D9A00B19FE54}.Staging|x86.Build.0 = Release|x86
		{3E191F0D-72F2-4577-A16C-D9A00B19FE54}.Testing|Any CPU.ActiveCfg = Release|x86
		{3E191F0D-72F2-4577-A16C-D9A00B19FE54}.Testing|Mixed Platforms.ActiveCfg = Release|x86
		{3E191F0D-72F2-4577-A16C-D9A00B19FE54}.Testing|Mixed Platforms.Build.0 = Release|x86
		{3E191F0D-72F2-4577-A16C-D9A00B19FE54}.Testing|x86.ActiveCfg = Release|x86
		{3E191F0D-72F2-4577-A16C-D9A00B19FE54}.Testing|x86.Build.0 = Release|x86
		{F13DA1C8-9847-4A46-AC3A-00D66939D3B2}.Debug|Any CPU.ActiveCfg = Debug|x86
		{F13DA1C8-9847-4A46-AC3A-00D66939D3B2}.Debug|Mixed Platforms.ActiveCfg = Debug|x86
		{F13DA1C8-9847-4A46-AC3A-00D66939D3B2}.Debug|Mixed Platforms.Build.0 = Debug|x86
		{F13DA1C8-9847-4A46-AC3A-00D66939D3B2}.Debug|x86.ActiveCfg = Debug|x86
		{F13DA1C8-9847-4A46-AC3A-00D66939D3B2}.Debug|x86.Build.0 = Debug|x86
		{F13DA1C8-9847-4A46-AC3A-00D66939D3B2}.Release|Any CPU.ActiveCfg = Release|x86
		{F13DA1C8-9847-4A46-AC3A-00D66939D3B2}.Release|Mixed Platforms.ActiveCfg = Release|x86
		{F13DA1C8-9847-4A46-AC3A-00D66939D3B2}.Release|Mixed Platforms.Build.0 = Release|x86
		{F13DA1C8-9847-4A46-AC3A-00D66939D3B2}.Release|x86.ActiveCfg = Release|x86
		{F13DA1C8-9847-4A46-AC3A-00D66939D3B2}.Release|x86.Build.0 = Release|x86
		{F13DA1C8-9847-4A46-AC3A-00D66939D3B2}.Staging|Any CPU.ActiveCfg = Release|x86
		{F13DA1C8-9847-4A46-AC3A-00D66939D3B2}.Staging|Mixed Platforms.ActiveCfg = Release|x86
		{F13DA1C8-9847-4A46-AC3A-00D66939D3B2}.Staging|Mixed Platforms.Build.0 = Release|x86
		{F13DA1C8-9847-4A46-AC3A-00D66939D3B2}.Staging|x86.ActiveCfg = Release|x86
		{F13DA1C8-9847-4A46-AC3A-00D66939D3B2}.Staging|x86.Build.0 = Release|x86
		{F13DA1C8-9847-4A46-AC3A-00D66939D3B2}.Testing|Any CPU.ActiveCfg = Release|x86
		{F13DA1C8-9847-4A46-AC3A-00D66939D3B2}.Testing|Mixed Platforms.ActiveCfg = Release|x86
		{F13DA1C8-9847-4A46-AC3A-00D66939D3B2}.Testing|Mixed Platforms.Build.0 = Release|x86
		{F13DA1C8-9847-4A46-AC3A-00D66939D3B2}.Testing|x86.ActiveCfg = Release|x86
		{F13DA1C8-9847-4A46-AC3A-00D66939D3B2}.Testing|x86.Build.0 = Release|x86
		{12035D46-08A2-4C40-AA56-31E6933ECF8A}.Debug|Any CPU.ActiveCfg = Debug|x86
		{12035D46-08A2-4C40-AA56-31E6933ECF8A}.Debug|Mixed Platforms.ActiveCfg = Debug|x86
		{12035D46-08A2-4C40-AA56-31E6933ECF8A}.Debug|Mixed Platforms.Build.0 = Debug|x86
		{12035D46-08A2-4C40-AA56-31E6933ECF8A}.Debug|x86.ActiveCfg = Debug|x86
		{12035D46-08A2-4C40-AA56-31E6933ECF8A}.Debug|x86.Build.0 = Debug|x86
		{12035D46-08A2-4C40-AA56-31E6933ECF8A}.Release|Any CPU.ActiveCfg = Release|x86
		{12035D46-08A2-4C40-AA56-31E6933ECF8A}.Release|Mixed Platforms.ActiveCfg = Release|x86
		{12035D46-08A2-4C40-AA56-31E6933ECF8A}.Release|Mixed Platforms.Build.0 = Release|x86
		{12035D46-08A2-4C40-AA56-31E6933ECF8A}.Release|x86.ActiveCfg = Release|x86
		{12035D46-08A2-4C40-AA56-31E6933ECF8A}.Release|x86.Build.0 = Release|x86
		{12035D46-08A2-4C40-AA56-31E6933ECF8A}.Staging|Any CPU.ActiveCfg = Release|x86
		{12035D46-08A2-4C40-AA56-31E6933ECF8A}.Staging|Mixed Platforms.ActiveCfg = Release|x86
		{12035D46-08A2-4C40-AA56-31E6933ECF8A}.Staging|Mixed Platforms.Build.0 = Release|x86
		{12035D46-08A2-4C40-AA56-31E6933ECF8A}.Staging|x86.ActiveCfg = Release|x86
		{12035D46-08A2-4C40-AA56-31E6933ECF8A}.Staging|x86.Build.0 = Release|x86
		{12035D46-08A2-4C40-AA56-31E6933ECF8A}.Testing|Any CPU.ActiveCfg = Release|x86
		{12035D46-08A2-4C40-AA56-31E6933ECF8A}.Testing|Mixed Platforms.ActiveCfg = Release|x86
		{12035D46-08A2-4C40-AA56-31E6933ECF8A}.Testing|Mixed Platforms.Build.0 = Release|x86
		{12035D46-08A2-4C40-AA56-31E6933ECF8A}.Testing|x86.ActiveCfg = Release|x86
		{12035D46-08A2-4C40-AA56-31E6933ECF8A}.Testing|x86.Build.0 = Release|x86
	EndGlobalSection
	GlobalSection(SolutionProperties) = preSolution
		HideSolutionNode = FALSE
	EndGlobalSection
EndGlobal
